{
  "version": 4,
  "terraform_version": "1.2.4",
  "serial": 0,
  "lineage": "",
  "outputs": {
    "eks-default-role": {
      "value": "arn:aws:iam::370365354210:role/project_eks_cluster_ginu-dev-eks-default-role",
      "type": "string"
    },
    "private_key": {
      "value": "-----BEGIN RSA PRIVATE KEY-----\nMIIEpAIBAAKCAQEAujU5Jl0wp6Va0AYB9kHmF8FJbRMWen27aqg9Kzx/Ib+sBEZR\n3jexhGGVds5upXCOWtNo45zSnOAMnGzq5ZLg2TLOw1JhKnRZbZ524+I/pD4L2MGo\nOppEJAivJgI+T0ZZ5fc4ThyBHfxZ2C8qOEvCB5vEnxOOXfD0ZPXfR0hTeGrDlpNI\nWz3G5YEcVw20fFDCKmpFmMcm8J08WkIEjlgO9REhLnqP2+VkFNgsfRAmHqSvhiIJ\nRMwGBEU4zMthWbcJn119w6wfboZbcidlJLYiVVTPoQexplDy627CgCf83+TaqrvI\nB2Y8iRxlsC91oxuC1i1kXEgGKkHDYsnn/frxNQIDAQABAoIBAGQsp98suTUnbvCE\nmt+ZWiijclX8s9YX+BCMC8RL2nUUgX0XO4nZ2mVGfjsZGUtlfx/7pez1fBSrL/2j\nVsdEujP+8l7/3YgSad3gJ0O3ftdkDcmBfXhxb4EXLuq6wDyzsz9VPXRAP3IbRVZZ\nIVSB5RNkyGVwBuIg88mwwHq/vTAFDNEgf1I0j+PoeKM2XHVOHCF5BGz1kTDp2YP+\nHHyMpHbO/VcOAFBscKaG7OYF4PfS364PuKSaSSWZc777ZeeL4ATC6NqnOkkony0q\nPSZid44GRJKpozyVw0x+HsgOTXRmWs2QB6Cs2gvhCe3guBDpjxxukWpKz1MPUkZE\nmdv/0cECgYEA371OSNuyV5mDuvxzv6VJ78zns7o/n0j/GyCiGFwLq7BZOd/kNcOe\n7DfqrW0z0YiQl0d9scA+9YxlsXIUS0XWmD4jcu7rdb1yCId54sQYpMW44sMqcnYl\nFNMBXcELZYuL6kgxPIptfdTeeIh3+0GItQInz4hzrt0zXra5D8mTU4UCgYEA1Q6M\nWSxg3O1CsmGhSP1f/ZQNqWNAsrOZFmonCAIqG89ZSOa+5tpXSpV2CSihI5lAsBu8\nTiJeZIPKlAz2s06cwIUNiQ06UiLaKT2D4T6k1smW1pcrf8BHomTU2mUNoxgrfbpB\nQi7+HOF8AHZxVIomhWDZwzRMDFM+wZJrw/bKXfECgYB4ivibfmpWkeoMGymNjlMI\ndKA9D9JpUh3HksxiTW0oQinAaaT9ZnjAEdxJNbWeZXJpXuYUl1wUVWEQukK+z1Cv\n04Kr0JdhZwECIWOEzlvsom5bFgVPh+Gwl4J77Z7jRczLG7wTPw2Apuh5jiT+ZK9v\nvkqOoJibFKgxlkacf+D1NQKBgQC6ou3rR+bqYaUlokSpLdwixMla8yk/4fhfHEpo\nx4yfo/nw1MGydN425crqpv7RsnRqUUGZqJ3Lq2+QVfLejCTguS1sO3w1a3Z03gBj\nFn9L8HgEL5TZalTWO0ICtrdFgezHTJvSIFxWbGg194u7pPGtsXPRfkSIH3xAEcX5\nen034QKBgQCY1qZM7Sl8VrmQxpq675FSLTBoWULJ4BKKeaSg/VFmyr/fZha7vjDO\ng+XcssYZ0eNpbP9uerLqaaraI3AjhGretWiCQhJ0osJ9kgYMLh3inUg+U6EoWl2g\nH+wpoD5LiQpRdpXdh1ATrF74M3PPeEG4OQfDadDNbAM12dMKY9NpYA==\n-----END RSA PRIVATE KEY-----\n",
      "type": "string",
      "sensitive": true
    },
    "project_eks_cluster_id": {
      "value": "project_eks_cluster_ginu-dev",
      "type": "string"
    },
    "vpc_data": {
      "value": {
        "id": "vpc-0efe14b6216100258",
        "priv_subnet_ids": [
          "subnet-0c2cbcee5fcc0b71c",
          "subnet-01c09bcdee823354f"
        ],
        "public_subnet_ids": [
          "subnet-0890f37568320092a",
          "subnet-01e71a859947c3ea2"
        ]
      },
      "type": [
        "object",
        {
          "id": "string",
          "priv_subnet_ids": [
            "list",
            "string"
          ],
          "public_subnet_ids": [
            "list",
            "string"
          ]
        }
      ],
      "sensitive": true
    }
  },
  "resources": [
    {
      "mode": "data",
      "type": "aws_ami",
      "name": "amazon-linux-2-ami",
      "provider": "provider[\"registry.terraform.io/hashicorp/aws\"]",
      "instances": [
        {
          "schema_version": 0,
          "attributes": {
            "architecture": "x86_64",
            "arn": "arn:aws:ec2:us-east-1::image/ami-02b972fec07f1e659",
            "block_device_mappings": [
              {
                "device_name": "/dev/xvda",
                "ebs": {
                  "delete_on_termination": "true",
                  "encrypted": "false",
                  "iops": "0",
                  "snapshot_id": "snap-04308ced7527dd1bd",
                  "throughput": "0",
                  "volume_size": "8",
                  "volume_type": "gp2"
                },
                "no_device": "",
                "virtual_name": ""
              }
            ],
            "boot_mode": "",
            "creation_date": "2022-11-14T23:00:15.000Z",
            "deprecation_time": "2024-11-14T23:00:15.000Z",
            "description": "Amazon Linux 2 AMI 2.0.20221103.3 x86_64 HVM gp2",
            "ena_support": true,
            "executable_users": null,
            "filter": [
              {
                "name": "architecture",
                "values": [
                  "x86_64"
                ]
              },
              {
                "name": "name",
                "values": [
                  "amzn2-ami-hvm*"
                ]
              },
              {
                "name": "owner-alias",
                "values": [
                  "amazon"
                ]
              }
            ],
            "hypervisor": "xen",
            "id": "ami-02b972fec07f1e659",
            "image_id": "ami-02b972fec07f1e659",
            "image_location": "amazon/amzn2-ami-hvm-2.0.20221103.3-x86_64-gp2",
            "image_owner_alias": "amazon",
            "image_type": "machine",
            "imds_support": "",
            "include_deprecated": false,
            "kernel_id": "",
            "most_recent": true,
            "name": "amzn2-ami-hvm-2.0.20221103.3-x86_64-gp2",
            "name_regex": null,
            "owner_id": "137112412989",
            "owners": [
              "amazon"
            ],
            "platform": "",
            "platform_details": "Linux/UNIX",
            "product_codes": [],
            "public": true,
            "ramdisk_id": "",
            "root_device_name": "/dev/xvda",
            "root_device_type": "ebs",
            "root_snapshot_id": "snap-04308ced7527dd1bd",
            "sriov_net_support": "simple",
            "state": "available",
            "state_reason": {
              "code": "UNSET",
              "message": "UNSET"
            },
            "tags": {},
            "timeouts": null,
            "tpm_support": "",
            "usage_operation": "RunInstances",
            "virtualization_type": "hvm"
          },
          "sensitive_attributes": []
        }
      ]
    },
    {
      "mode": "data",
      "type": "aws_availability_zones",
      "name": "available",
      "provider": "provider[\"registry.terraform.io/hashicorp/aws\"]",
      "instances": [
        {
          "schema_version": 0,
          "attributes": {
            "all_availability_zones": null,
            "exclude_names": null,
            "exclude_zone_ids": null,
            "filter": null,
            "group_names": [
              "us-east-1"
            ],
            "id": "us-east-1",
            "names": [
              "us-east-1a",
              "us-east-1b",
              "us-east-1c",
              "us-east-1d",
              "us-east-1e",
              "us-east-1f"
            ],
            "state": "available",
            "timeouts": null,
            "zone_ids": [
              "use1-az4",
              "use1-az6",
              "use1-az1",
              "use1-az2",
              "use1-az3",
              "use1-az5"
            ]
          },
          "sensitive_attributes": []
        }
      ]
    },
    {
      "mode": "data",
      "type": "aws_caller_identity",
      "name": "current",
      "provider": "provider[\"registry.terraform.io/hashicorp/aws\"]",
      "instances": [
        {
          "schema_version": 0,
          "attributes": {
            "account_id": "370365354210",
            "arn": "arn:aws:sts::370365354210:assumed-role/AWSReservedSSO_AWSAdministratorAccess_4722cc25116b9fe5/ginu.purushothaman@xerris.com",
            "id": "370365354210",
            "user_id": "AROAVMO362DREH3EH73G2:ginu.purushothaman@xerris.com"
          },
          "sensitive_attributes": []
        }
      ]
    },
    {
      "mode": "data",
      "type": "aws_eks_addon_version",
      "name": "default",
      "provider": "provider[\"registry.terraform.io/hashicorp/aws\"]",
      "instances": [
        {
          "index_key": "kube-proxy",
          "schema_version": 0,
          "attributes": {
            "addon_name": "kube-proxy",
            "id": "kube-proxy",
            "kubernetes_version": "1.23",
            "most_recent": false,
            "version": "v1.23.7-eksbuild.1"
          },
          "sensitive_attributes": []
        }
      ]
    },
    {
      "mode": "data",
      "type": "aws_eks_addon_version",
      "name": "latest",
      "provider": "provider[\"registry.terraform.io/hashicorp/aws\"]",
      "instances": [
        {
          "index_key": "coredns",
          "schema_version": 0,
          "attributes": {
            "addon_name": "coredns",
            "id": "coredns",
            "kubernetes_version": "1.23",
            "most_recent": true,
            "version": "v1.8.7-eksbuild.3"
          },
          "sensitive_attributes": []
        },
        {
          "index_key": "vpc-cni",
          "schema_version": 0,
          "attributes": {
            "addon_name": "vpc-cni",
            "id": "vpc-cni",
            "kubernetes_version": "1.23",
            "most_recent": true,
            "version": "v1.12.0-eksbuild.1"
          },
          "sensitive_attributes": []
        }
      ]
    },
    {
      "mode": "data",
      "type": "aws_eks_cluster",
      "name": "cluster",
      "provider": "provider[\"registry.terraform.io/hashicorp/aws\"]",
      "instances": [
        {
          "schema_version": 0,
          "attributes": {
            "arn": "arn:aws:eks:us-east-1:370365354210:cluster/project_eks_cluster_ginu-dev",
            "certificate_authority": [
              {
                "data": "LS0tLS1CRUdJTiBDRVJUSUZJQ0FURS0tLS0tCk1JSUMvakNDQWVhZ0F3SUJBZ0lCQURBTkJna3Foa2lHOXcwQkFRc0ZBREFWTVJNd0VRWURWUVFERXdwcmRXSmwKY201bGRHVnpNQjRYRFRJeU1URXlPREV6TkRJd01sb1hEVE15TVRFeU5URXpOREl3TWxvd0ZURVRNQkVHQTFVRQpBeE1LYTNWaVpYSnVaWFJsY3pDQ0FTSXdEUVlKS29aSWh2Y05BUUVCQlFBRGdnRVBBRENDQVFvQ2dnRUJBTEd0CkdnelpmbjJwdmlaSm9Obmk1N1lsSzhvdDE4SGUyRkNsREw5dm9GYTJIVy9PclZBS1BocjE2amNvSWhybHBCR00KUDdHYWFsY3N2MUZtVEd3aWRNdWVVUzhMTmpmYW5idWczWUpGQ0Y4KzlLU2w2YWN5NWwxTEV6VmtxNXljaS85TQpOQkE4Z2dBYzRqdUZ3NTNUOVEzbVhsT3M3cFkxNWNmNktvZnROQW13VFZkQjJwNDhTTlBoUTBaeEhFU1lmSEE4Cng3MXhPWVpXeklxbm9IbGd2OHRIcWlNMnhyeU1YamVWSjVNcWJxM1QvVk41TUFhZU1DREJhSVNIOVJZczFSSWMKdSs0aEMwQnRNL3BhNnBmcWVwQ08wRFg5SXBZbDlOWDRrWWcrODVvVGhROXFUc0ExUVRzYndUZW91UllRKzJRNApOTnczdlJndjAwalJXdE9EL0lzQ0F3RUFBYU5aTUZjd0RnWURWUjBQQVFIL0JBUURBZ0trTUE4R0ExVWRFd0VCCi93UUZNQU1CQWY4d0hRWURWUjBPQkJZRUZEalRpTzdkQklEUHlPOUZ3MEs0T2k0SEFoYy9NQlVHQTFVZEVRUU8KTUF5Q0NtdDFZbVZ5Ym1WMFpYTXdEUVlKS29aSWh2Y05BUUVMQlFBRGdnRUJBS2tPZ01GRTlubTRWYzVJV053TwovU1JHSm1PT2VCN2R0NTU5dUtibDhsdEVkN2Jmc2xEbjFhQm52VGxBSG5uUTQ3b2k1a3FGSzZlZlhJQThIK3N4ClFDMjM1RXUwL254WEVMQUhBUnByYVl2cHArY1BhTEp6SmlseFJxN2FDT3dJMFQxdld5V3JoelRZWUJTdzcyeHIKdmlESUtwUThQVS9FME1Cc2pyY0RUSjlBSFFqMFhiMnNxeENaRWc4NXdmNmpCcGxoUURXMVo0T0NRa0RnQnRNNQo5MHdTWnYzL1pDdFpBekxuRkExaHJWcEJtTkVKNzh3dzc3bE16Z3pNcjhkUlh6cSs3dWtBRENSUkw0WndvbGU5CjdHT0tHN2JZV2FmZFRJVnVLTGxweXYzclVuQjN5VXRpQlF0QTFGNkpvREVoMjhRemdUWnBlNm1UN1lnSkY2aEEKUkhzPQotLS0tLUVORCBDRVJUSUZJQ0FURS0tLS0tCg=="
              }
            ],
            "created_at": "2022-11-28 13:36:08.995 +0000 UTC",
            "enabled_cluster_log_types": [
              "api",
              "audit",
              "authenticator",
              "controllerManager",
              "scheduler"
            ],
            "endpoint": "https://197C7D9443960B86BB046C989D6EC88B.gr7.us-east-1.eks.amazonaws.com",
            "id": "project_eks_cluster_ginu-dev",
            "identity": [
              {
                "oidc": [
                  {
                    "issuer": "https://oidc.eks.us-east-1.amazonaws.com/id/197C7D9443960B86BB046C989D6EC88B"
                  }
                ]
              }
            ],
            "kubernetes_network_config": [
              {
                "ip_family": "ipv4",
                "service_ipv4_cidr": "172.20.0.0/16",
                "service_ipv6_cidr": ""
              }
            ],
            "name": "project_eks_cluster_ginu-dev",
            "outpost_config": [],
            "platform_version": "eks.5",
            "role_arn": "arn:aws:iam::370365354210:role/project_eks_cluster_ginu-dev20221128133603484100000011",
            "status": "ACTIVE",
            "tags": {
              "Environment": "dev",
              "Owner": "Ginu",
              "Project": "xerris",
              "Terraform": "true"
            },
            "version": "1.23",
            "vpc_config": [
              {
                "cluster_security_group_id": "sg-0ed7f0276a80a8da4",
                "endpoint_private_access": false,
                "endpoint_public_access": true,
                "public_access_cidrs": [
                  "0.0.0.0/0"
                ],
                "security_group_ids": [
                  "sg-07b8a890f8aaa4c52"
                ],
                "subnet_ids": [
                  "subnet-01c09bcdee823354f",
                  "subnet-0c2cbcee5fcc0b71c"
                ],
                "vpc_id": "vpc-0efe14b6216100258"
              }
            ]
          },
          "sensitive_attributes": []
        }
      ]
    },
    {
      "mode": "data",
      "type": "aws_eks_cluster_auth",
      "name": "cluster",
      "provider": "provider[\"registry.terraform.io/hashicorp/aws\"]",
      "instances": [
        {
          "schema_version": 0,
          "attributes": {
            "id": "project_eks_cluster_ginu-dev",
            "name": "project_eks_cluster_ginu-dev",
            "token": "k8s-aws-v1.aHR0cHM6Ly9zdHMuYW1hem9uYXdzLmNvbS8_QWN0aW9uPUdldENhbGxlcklkZW50aXR5JlZlcnNpb249MjAxMS0wNi0xNSZYLUFtei1BbGdvcml0aG09QVdTNC1ITUFDLVNIQTI1NiZYLUFtei1DcmVkZW50aWFsPUFTSUFWTU8zNjJEUk9YNk9VTUNTJTJGMjAyMjExMjglMkZ1cy1lYXN0LTElMkZzdHMlMkZhd3M0X3JlcXVlc3QmWC1BbXotRGF0ZT0yMDIyMTEyOFQxMzQ3MjFaJlgtQW16LUV4cGlyZXM9MCZYLUFtei1TZWN1cml0eS1Ub2tlbj1JUW9KYjNKcFoybHVYMlZqRUM0YUNYVnpMV1ZoYzNRdE1TSkdNRVFDSUhESEMxeGlLSjBRZHh1ZlR6aHdlSmlYdXRCSkplOGFMODZCTFNPTEVvdDdBaUFkMVh1N2FNdVF4YmVtSmZCY0tFQU1wWm9CcUUwUU1VSUVTbU93azZnNVV5cVlBd2hHRUFNYURETTNNRE0yTlRNMU5ESXhNQ0lNOUlJRUJOY2VSU2slMkJ4SHdwS3ZVQ1JDYk9VNERDRVdMcyUyQld2NVRpNEJHNyUyRmM1SldsU09QeFl1RDJxYzYzUSUyRnpkSW9TbEpMdzlhRnh5ZlNmQzdXMCUyQlRUZyUyQmRwU3MlMkJQdHl4WXJxUG5rbDFLeEZtVGF5Y1hDalRUT1dOemlpJTJCUFVXYmFXaVVVYjQ0UTk0S2NVRExXTmNEWHhvcThwMWglMkJGOVlIU3dBZkI5RzN5Q0ZVYnUwVEpsZnhiUndReTRpWFpRS0JkazR0dXpzQ1U0czJ3QlZ0alBrcUNSZyUyRjdQSFc0VXdiTTlkUzJ4MkFWazZnTVoycXNBSlJobGlrMDR0MHR3dCUyQkIlMkZEOUgzYXFHQ1dvZjNBdVl5aWFYJTJGRXN0SzdTYVNrbjNzbjlCQmpIYW1kY1lUV0MwSSUyQk9IZ1BtSk9LNkZXUUJJd3cwSjRvRHhaSGJiJTJCOGtHVUZkNmR4WWxQM1pBUTVpQ3UzMkc3a1AlMkI3TzQlMkJtcGhJJTJCMlFFJTJGdzNaTHlYJTJCT0tIcVNzTDBibEtxcTFqaWJSOFh6R0pqSThiQyUyQnNYSDF2Q2lydHVhJTJGSmNDY0YwTmJHWHdpR2JUUDNpYngwMDFicVRFakRtMEY4Skd3NDRpckJDUURvZ3czdzUxVmxKQVEwbXlpcDBIYU9mVkVSa1RlazBYSkxIMlJQSzFTMXJPbEZIVnI4akNKNVpLY0JqcW5BWDdGekdxZ0tBMnNzS0NTZXRZTnczMXBieUVzakZ5NFhTVTVaRTVRQ0hqdmZ0Y0VNTE5DWWoxJTJCZXdMJTJGRlpUVHR2bGwzUmFLYlBKUm91T2pXMWphMDVod2slMkZFTHI5VkVMTWxXTkdjSGplQ3M2RlhhY1JIMExuOUR4YlVaZnQ0OWlET1ZRNWYxWmtxJTJCeE90dUNpSWlTcGx0M3l3NVptT3clMkY4RVRndFIwQjRZa1NMb0pwdEh0eExOMVJGOUtmc2RoYzJKRmRrUmdWRzklMkJJeHZENXdkTURXSlZxTmpUajlUVSZYLUFtei1TaWduZWRIZWFkZXJzPWhvc3QlM0J4LWs4cy1hd3MtaWQmWC1BbXotU2lnbmF0dXJlPTRhYjEyMDM5ZTRkMzVmZjYxNGY5N2RiMGUyZWRjNGQ4ZTRmZDRhNDZhZTEyNzY1YmVmMTVmY2QzNzdjYmUyNDE"
          },
          "sensitive_attributes": []
        }
      ]
    },
    {
      "mode": "managed",
      "type": "aws_cloudwatch_metric_alarm",
      "name": "billing",
      "provider": "provider[\"registry.terraform.io/hashicorp/aws\"].use1",
      "instances": [
        {
          "schema_version": 1,
          "attributes": {
            "actions_enabled": true,
            "alarm_actions": [
              "arn:aws:sns:us-east-1:370365354210:billing-alarm-notification-USD-dev"
            ],
            "alarm_description": "",
            "alarm_name": "billing-alarm-USD-dev",
            "arn": "arn:aws:cloudwatch:us-east-1:370365354210:alarm:billing-alarm-USD-dev",
            "comparison_operator": "GreaterThanOrEqualToThreshold",
            "datapoints_to_alarm": 0,
            "dimensions": {
              "Currency": "USD"
            },
            "evaluate_low_sample_count_percentiles": "",
            "evaluation_periods": 1,
            "extended_statistic": "",
            "id": "billing-alarm-USD-dev",
            "insufficient_data_actions": null,
            "metric_name": "EstimatedCharges",
            "metric_query": [],
            "namespace": "AWS/Billing",
            "ok_actions": null,
            "period": 28800,
            "statistic": "Maximum",
            "tags": null,
            "tags_all": {},
            "threshold": 100,
            "threshold_metric_id": "",
            "treat_missing_data": "missing",
            "unit": ""
          },
          "sensitive_attributes": [],
          "private": "eyJzY2hlbWFfdmVyc2lvbiI6IjEifQ==",
          "dependencies": [
            "aws_sns_topic.sns_alert_topic"
          ]
        }
      ]
    },
    {
      "mode": "managed",
      "type": "aws_eip",
      "name": "nat",
      "provider": "provider[\"registry.terraform.io/hashicorp/aws\"]",
      "instances": [
        {
          "index_key": 0,
          "schema_version": 0,
          "attributes": {
            "address": null,
            "allocation_id": "eipalloc-022600ff9e8a09a4d",
            "associate_with_private_ip": null,
            "association_id": "",
            "carrier_ip": "",
            "customer_owned_ip": "",
            "customer_owned_ipv4_pool": "",
            "domain": "vpc",
            "id": "eipalloc-022600ff9e8a09a4d",
            "instance": "",
            "network_border_group": "us-east-1",
            "network_interface": "",
            "private_dns": null,
            "private_ip": "",
            "public_dns": "ec2-3-227-36-23.compute-1.amazonaws.com",
            "public_ip": "3.227.36.23",
            "public_ipv4_pool": "amazon",
            "tags": null,
            "tags_all": {},
            "timeouts": null,
            "vpc": true
          },
          "sensitive_attributes": [],
          "private": "eyJlMmJmYjczMC1lY2FhLTExZTYtOGY4OC0zNDM2M2JjN2M0YzAiOnsiZGVsZXRlIjoxODAwMDAwMDAwMDAsInJlYWQiOjkwMDAwMDAwMDAwMCwidXBkYXRlIjozMDAwMDAwMDAwMDB9fQ==",
          "create_before_destroy": true
        }
      ]
    },
    {
      "mode": "managed",
      "type": "aws_eks_node_group",
      "name": "project-eks-cluster-nodegroup",
      "provider": "provider[\"registry.terraform.io/hashicorp/aws\"]",
      "instances": [
        {
          "index_key": 0,
          "status": "tainted",
          "schema_version": 0,
          "attributes": {
            "ami_type": null,
            "arn": null,
            "capacity_type": "SPOT",
            "cluster_name": "project_eks_cluster_ginu-dev",
            "disk_size": 200,
            "force_update_version": true,
            "id": "project_eks_cluster_ginu-dev:node-group-project_eks_cluster_ginu-dev-airedale",
            "instance_types": [
              "t3a.medium",
              "t3a.xlarge"
            ],
            "labels": null,
            "launch_template": [],
            "node_group_name": "node-group-project_eks_cluster_ginu-dev-airedale",
            "node_group_name_prefix": null,
            "node_role_arn": "arn:aws:iam::370365354210:role/project_eks_cluster_ginu-dev-eks-default-role",
            "release_version": null,
            "remote_access": [
              {
                "ec2_ssh_key": "project_eks_cluster_ginu-dev-key-pair",
                "source_security_group_ids": null
              }
            ],
            "resources": null,
            "scaling_config": [
              {
                "desired_size": 2,
                "max_size": 3,
                "min_size": 1
              }
            ],
            "status": null,
            "subnet_ids": [
              "subnet-0c2cbcee5fcc0b71c"
            ],
            "tags": {
              "Environment": "dev",
              "Owner": "Ginu",
              "Project": "xerris",
              "Terraform": "true",
              "k8s.io/cluster-autoscaler/enabled": "true",
              "kubernetes.io/cluster/project_eks_cluster_ginu-dev": "owned"
            },
            "tags_all": {
              "Environment": "dev",
              "Owner": "Ginu",
              "Project": "xerris",
              "Terraform": "true",
              "k8s.io/cluster-autoscaler/enabled": "true",
              "kubernetes.io/cluster/project_eks_cluster_ginu-dev": "owned"
            },
            "taint": [],
            "timeouts": null,
            "update_config": [
              {
                "max_unavailable": 2,
                "max_unavailable_percentage": 0
              }
            ],
            "version": null
          },
          "sensitive_attributes": [],
          "private": "eyJlMmJmYjczMC1lY2FhLTExZTYtOGY4OC0zNDM2M2JjN2M0YzAiOnsiY3JlYXRlIjozNjAwMDAwMDAwMDAwLCJkZWxldGUiOjM2MDAwMDAwMDAwMDAsInVwZGF0ZSI6MzYwMDAwMDAwMDAwMH19",
          "dependencies": [
            "aws_eip.nat",
            "aws_iam_group.K8sClusterAdmin-group",
            "aws_iam_group.K8sDeveloper-group",
            "aws_iam_group.K8sFullAdmin-group",
            "aws_iam_group_policy_attachment.K8sClusterAdmin-group-policy-attach",
            "aws_iam_group_policy_attachment.K8sDeveloper-group-policy-attach",
            "aws_iam_group_policy_attachment.K8sFullAdmin-group-policy-attach",
            "aws_iam_policy.K8sClusterAdmin-group-policy",
            "aws_iam_policy.K8sDeveloper-group-policy",
            "aws_iam_policy.K8sFullAdmin-group-policy",
            "aws_iam_role.eks-default-role",
            "aws_iam_role_policy_attachment.default-AmazonEC2ContainerRegistryReadOnly",
            "aws_iam_role_policy_attachment.default-AmazonEKSWorkerNodePolicy",
            "aws_iam_role_policy_attachment.default-AmazonEKS_CNI_Policy",
            "aws_key_pair.bastion_key_pair",
            "data.aws_availability_zones.available",
            "data.aws_caller_identity.current",
            "data.aws_eks_cluster.cluster",
            "data.aws_eks_cluster_auth.cluster",
            "module.project_eks_cluster.aws_autoscaling_group.workers",
            "module.project_eks_cluster.aws_autoscaling_group.workers_launch_template",
            "module.project_eks_cluster.aws_cloudwatch_log_group.this",
            "module.project_eks_cluster.aws_eks_cluster.this",
            "module.project_eks_cluster.aws_iam_instance_profile.workers",
            "module.project_eks_cluster.aws_iam_instance_profile.workers_launch_template",
            "module.project_eks_cluster.aws_iam_openid_connect_provider.oidc_provider",
            "module.project_eks_cluster.aws_iam_policy.cluster_deny_log_group",
            "module.project_eks_cluster.aws_iam_policy.cluster_elb_sl_role_creation",
            "module.project_eks_cluster.aws_iam_role.cluster",
            "module.project_eks_cluster.aws_iam_role.workers",
            "module.project_eks_cluster.aws_iam_role_policy_attachment.cluster_AmazonEKSClusterPolicy",
            "module.project_eks_cluster.aws_iam_role_policy_attachment.cluster_AmazonEKSServicePolicy",
            "module.project_eks_cluster.aws_iam_role_policy_attachment.cluster_AmazonEKSVPCResourceControllerPolicy",
            "module.project_eks_cluster.aws_iam_role_policy_attachment.cluster_deny_log_group",
            "module.project_eks_cluster.aws_iam_role_policy_attachment.cluster_elb_sl_role_creation",
            "module.project_eks_cluster.aws_iam_role_policy_attachment.workers_AmazonEC2ContainerRegistryReadOnly",
            "module.project_eks_cluster.aws_iam_role_policy_attachment.workers_AmazonEKSWorkerNodePolicy",
            "module.project_eks_cluster.aws_iam_role_policy_attachment.workers_AmazonEKS_CNI_Policy",
            "module.project_eks_cluster.aws_iam_role_policy_attachment.workers_additional_policies",
            "module.project_eks_cluster.aws_launch_configuration.workers",
            "module.project_eks_cluster.aws_launch_template.workers_launch_template",
            "module.project_eks_cluster.aws_security_group.cluster",
            "module.project_eks_cluster.aws_security_group.workers",
            "module.project_eks_cluster.aws_security_group_rule.cluster_egress_internet",
            "module.project_eks_cluster.aws_security_group_rule.cluster_https_worker_ingress",
            "module.project_eks_cluster.aws_security_group_rule.cluster_primary_ingress_workers",
            "module.project_eks_cluster.aws_security_group_rule.cluster_private_access_cidrs_source",
            "module.project_eks_cluster.aws_security_group_rule.cluster_private_access_sg_source",
            "module.project_eks_cluster.aws_security_group_rule.workers_egress_internet",
            "module.project_eks_cluster.aws_security_group_rule.workers_ingress_cluster",
            "module.project_eks_cluster.aws_security_group_rule.workers_ingress_cluster_https",
            "module.project_eks_cluster.aws_security_group_rule.workers_ingress_cluster_kubelet",
            "module.project_eks_cluster.aws_security_group_rule.workers_ingress_cluster_primary",
            "module.project_eks_cluster.aws_security_group_rule.workers_ingress_self",
            "module.project_eks_cluster.data.aws_ami.eks_worker",
            "module.project_eks_cluster.data.aws_ami.eks_worker_windows",
            "module.project_eks_cluster.data.aws_caller_identity.current",
            "module.project_eks_cluster.data.aws_iam_instance_profile.custom_worker_group_iam_instance_profile",
            "module.project_eks_cluster.data.aws_iam_instance_profile.custom_worker_group_launch_template_iam_instance_profile",
            "module.project_eks_cluster.data.aws_iam_policy_document.cluster_assume_role_policy",
            "module.project_eks_cluster.data.aws_iam_policy_document.cluster_deny_log_group",
            "module.project_eks_cluster.data.aws_iam_policy_document.cluster_elb_sl_role_creation",
            "module.project_eks_cluster.data.aws_iam_policy_document.workers_assume_role_policy",
            "module.project_eks_cluster.data.aws_iam_role.custom_cluster_iam_role",
            "module.project_eks_cluster.data.aws_partition.current",
            "module.project_eks_cluster.data.http.wait_for_cluster",
            "module.project_eks_cluster.kubernetes_config_map.aws_auth",
            "module.project_eks_cluster.local_file.kubeconfig",
            "module.project_eks_cluster.module.fargate.aws_eks_fargate_profile.this",
            "module.project_eks_cluster.module.fargate.aws_iam_role.eks_fargate_pod",
            "module.project_eks_cluster.module.fargate.aws_iam_role_policy_attachment.eks_fargate_pod",
            "module.project_eks_cluster.module.fargate.data.aws_iam_policy_document.eks_fargate_pod_assume_role",
            "module.project_eks_cluster.module.fargate.data.aws_iam_role.custom_fargate_iam_role",
            "module.project_eks_cluster.module.fargate.data.aws_partition.current",
            "module.project_eks_cluster.module.node_groups.aws_eks_node_group.workers",
            "module.project_eks_cluster.module.node_groups.aws_launch_template.workers",
            "module.project_eks_cluster.module.node_groups.data.cloudinit_config.workers_userdata",
            "module.vpc.aws_cloudwatch_log_group.flow_log",
            "module.vpc.aws_customer_gateway.this",
            "module.vpc.aws_db_subnet_group.database",
            "module.vpc.aws_default_network_acl.this",
            "module.vpc.aws_default_route_table.default",
            "module.vpc.aws_default_security_group.this",
            "module.vpc.aws_default_vpc.this",
            "module.vpc.aws_egress_only_internet_gateway.this",
            "module.vpc.aws_eip.nat",
            "module.vpc.aws_elasticache_subnet_group.elasticache",
            "module.vpc.aws_flow_log.this",
            "module.vpc.aws_iam_policy.vpc_flow_log_cloudwatch",
            "module.vpc.aws_iam_role.vpc_flow_log_cloudwatch",
            "module.vpc.aws_iam_role_policy_attachment.vpc_flow_log_cloudwatch",
            "module.vpc.aws_internet_gateway.this",
            "module.vpc.aws_nat_gateway.this",
            "module.vpc.aws_network_acl.database",
            "module.vpc.aws_network_acl.elasticache",
            "module.vpc.aws_network_acl.intra",
            "module.vpc.aws_network_acl.outpost",
            "module.vpc.aws_network_acl.private",
            "module.vpc.aws_network_acl.public",
            "module.vpc.aws_network_acl.redshift",
            "module.vpc.aws_network_acl_rule.database_inbound",
            "module.vpc.aws_network_acl_rule.database_outbound",
            "module.vpc.aws_network_acl_rule.elasticache_inbound",
            "module.vpc.aws_network_acl_rule.elasticache_outbound",
            "module.vpc.aws_network_acl_rule.intra_inbound",
            "module.vpc.aws_network_acl_rule.intra_outbound",
            "module.vpc.aws_network_acl_rule.outpost_inbound",
            "module.vpc.aws_network_acl_rule.outpost_outbound",
            "module.vpc.aws_network_acl_rule.private_inbound",
            "module.vpc.aws_network_acl_rule.private_outbound",
            "module.vpc.aws_network_acl_rule.public_inbound",
            "module.vpc.aws_network_acl_rule.public_outbound",
            "module.vpc.aws_network_acl_rule.redshift_inbound",
            "module.vpc.aws_network_acl_rule.redshift_outbound",
            "module.vpc.aws_redshift_subnet_group.redshift",
            "module.vpc.aws_route.database_internet_gateway",
            "module.vpc.aws_route.database_ipv6_egress",
            "module.vpc.aws_route.database_nat_gateway",
            "module.vpc.aws_route.private_ipv6_egress",
            "module.vpc.aws_route.private_nat_gateway",
            "module.vpc.aws_route.public_internet_gateway",
            "module.vpc.aws_route.public_internet_gateway_ipv6",
            "module.vpc.aws_route_table.database",
            "module.vpc.aws_route_table.elasticache",
            "module.vpc.aws_route_table.intra",
            "module.vpc.aws_route_table.private",
            "module.vpc.aws_route_table.public",
            "module.vpc.aws_route_table.redshift",
            "module.vpc.aws_route_table_association.database",
            "module.vpc.aws_route_table_association.elasticache",
            "module.vpc.aws_route_table_association.intra",
            "module.vpc.aws_route_table_association.outpost",
            "module.vpc.aws_route_table_association.private",
            "module.vpc.aws_route_table_association.public",
            "module.vpc.aws_route_table_association.redshift",
            "module.vpc.aws_route_table_association.redshift_public",
            "module.vpc.aws_subnet.database",
            "module.vpc.aws_subnet.elasticache",
            "module.vpc.aws_subnet.intra",
            "module.vpc.aws_subnet.outpost",
            "module.vpc.aws_subnet.private",
            "module.vpc.aws_subnet.public",
            "module.vpc.aws_subnet.redshift",
            "module.vpc.aws_vpc.this",
            "module.vpc.aws_vpc_dhcp_options.this",
            "module.vpc.aws_vpc_dhcp_options_association.this",
            "module.vpc.aws_vpc_ipv4_cidr_block_association.this",
            "module.vpc.aws_vpn_gateway.this",
            "module.vpc.aws_vpn_gateway_attachment.this",
            "module.vpc.aws_vpn_gateway_route_propagation.intra",
            "module.vpc.aws_vpn_gateway_route_propagation.private",
            "module.vpc.aws_vpn_gateway_route_propagation.public",
            "module.vpc.data.aws_iam_policy_document.flow_log_cloudwatch_assume_role",
            "module.vpc.data.aws_iam_policy_document.vpc_flow_log_cloudwatch",
            "random_pet.random",
            "tls_private_key.this"
          ],
          "create_before_destroy": true
        },
        {
          "index_key": 1,
          "status": "tainted",
          "schema_version": 0,
          "attributes": {
            "ami_type": null,
            "arn": null,
            "capacity_type": "SPOT",
            "cluster_name": "project_eks_cluster_ginu-dev",
            "disk_size": 200,
            "force_update_version": true,
            "id": "project_eks_cluster_ginu-dev:node-group-project_eks_cluster_ginu-dev-yeti",
            "instance_types": [
              "t3a.medium",
              "t3a.xlarge"
            ],
            "labels": null,
            "launch_template": [],
            "node_group_name": "node-group-project_eks_cluster_ginu-dev-yeti",
            "node_group_name_prefix": null,
            "node_role_arn": "arn:aws:iam::370365354210:role/project_eks_cluster_ginu-dev-eks-default-role",
            "release_version": null,
            "remote_access": [
              {
                "ec2_ssh_key": "project_eks_cluster_ginu-dev-key-pair",
                "source_security_group_ids": null
              }
            ],
            "resources": null,
            "scaling_config": [
              {
                "desired_size": 2,
                "max_size": 3,
                "min_size": 1
              }
            ],
            "status": null,
            "subnet_ids": [
              "subnet-01c09bcdee823354f"
            ],
            "tags": {
              "Environment": "dev",
              "Owner": "Ginu",
              "Project": "xerris",
              "Terraform": "true",
              "k8s.io/cluster-autoscaler/enabled": "true",
              "kubernetes.io/cluster/project_eks_cluster_ginu-dev": "owned"
            },
            "tags_all": {
              "Environment": "dev",
              "Owner": "Ginu",
              "Project": "xerris",
              "Terraform": "true",
              "k8s.io/cluster-autoscaler/enabled": "true",
              "kubernetes.io/cluster/project_eks_cluster_ginu-dev": "owned"
            },
            "taint": [],
            "timeouts": null,
            "update_config": [
              {
                "max_unavailable": 2,
                "max_unavailable_percentage": 0
              }
            ],
            "version": null
          },
          "sensitive_attributes": [],
          "private": "eyJlMmJmYjczMC1lY2FhLTExZTYtOGY4OC0zNDM2M2JjN2M0YzAiOnsiY3JlYXRlIjozNjAwMDAwMDAwMDAwLCJkZWxldGUiOjM2MDAwMDAwMDAwMDAsInVwZGF0ZSI6MzYwMDAwMDAwMDAwMH19",
          "dependencies": [
            "aws_eip.nat",
            "aws_iam_group.K8sClusterAdmin-group",
            "aws_iam_group.K8sDeveloper-group",
            "aws_iam_group.K8sFullAdmin-group",
            "aws_iam_group_policy_attachment.K8sClusterAdmin-group-policy-attach",
            "aws_iam_group_policy_attachment.K8sDeveloper-group-policy-attach",
            "aws_iam_group_policy_attachment.K8sFullAdmin-group-policy-attach",
            "aws_iam_policy.K8sClusterAdmin-group-policy",
            "aws_iam_policy.K8sDeveloper-group-policy",
            "aws_iam_policy.K8sFullAdmin-group-policy",
            "aws_iam_role.eks-default-role",
            "aws_iam_role_policy_attachment.default-AmazonEC2ContainerRegistryReadOnly",
            "aws_iam_role_policy_attachment.default-AmazonEKSWorkerNodePolicy",
            "aws_iam_role_policy_attachment.default-AmazonEKS_CNI_Policy",
            "aws_key_pair.bastion_key_pair",
            "data.aws_availability_zones.available",
            "data.aws_caller_identity.current",
            "data.aws_eks_cluster.cluster",
            "data.aws_eks_cluster_auth.cluster",
            "module.project_eks_cluster.aws_autoscaling_group.workers",
            "module.project_eks_cluster.aws_autoscaling_group.workers_launch_template",
            "module.project_eks_cluster.aws_cloudwatch_log_group.this",
            "module.project_eks_cluster.aws_eks_cluster.this",
            "module.project_eks_cluster.aws_iam_instance_profile.workers",
            "module.project_eks_cluster.aws_iam_instance_profile.workers_launch_template",
            "module.project_eks_cluster.aws_iam_openid_connect_provider.oidc_provider",
            "module.project_eks_cluster.aws_iam_policy.cluster_deny_log_group",
            "module.project_eks_cluster.aws_iam_policy.cluster_elb_sl_role_creation",
            "module.project_eks_cluster.aws_iam_role.cluster",
            "module.project_eks_cluster.aws_iam_role.workers",
            "module.project_eks_cluster.aws_iam_role_policy_attachment.cluster_AmazonEKSClusterPolicy",
            "module.project_eks_cluster.aws_iam_role_policy_attachment.cluster_AmazonEKSServicePolicy",
            "module.project_eks_cluster.aws_iam_role_policy_attachment.cluster_AmazonEKSVPCResourceControllerPolicy",
            "module.project_eks_cluster.aws_iam_role_policy_attachment.cluster_deny_log_group",
            "module.project_eks_cluster.aws_iam_role_policy_attachment.cluster_elb_sl_role_creation",
            "module.project_eks_cluster.aws_iam_role_policy_attachment.workers_AmazonEC2ContainerRegistryReadOnly",
            "module.project_eks_cluster.aws_iam_role_policy_attachment.workers_AmazonEKSWorkerNodePolicy",
            "module.project_eks_cluster.aws_iam_role_policy_attachment.workers_AmazonEKS_CNI_Policy",
            "module.project_eks_cluster.aws_iam_role_policy_attachment.workers_additional_policies",
            "module.project_eks_cluster.aws_launch_configuration.workers",
            "module.project_eks_cluster.aws_launch_template.workers_launch_template",
            "module.project_eks_cluster.aws_security_group.cluster",
            "module.project_eks_cluster.aws_security_group.workers",
            "module.project_eks_cluster.aws_security_group_rule.cluster_egress_internet",
            "module.project_eks_cluster.aws_security_group_rule.cluster_https_worker_ingress",
            "module.project_eks_cluster.aws_security_group_rule.cluster_primary_ingress_workers",
            "module.project_eks_cluster.aws_security_group_rule.cluster_private_access_cidrs_source",
            "module.project_eks_cluster.aws_security_group_rule.cluster_private_access_sg_source",
            "module.project_eks_cluster.aws_security_group_rule.workers_egress_internet",
            "module.project_eks_cluster.aws_security_group_rule.workers_ingress_cluster",
            "module.project_eks_cluster.aws_security_group_rule.workers_ingress_cluster_https",
            "module.project_eks_cluster.aws_security_group_rule.workers_ingress_cluster_kubelet",
            "module.project_eks_cluster.aws_security_group_rule.workers_ingress_cluster_primary",
            "module.project_eks_cluster.aws_security_group_rule.workers_ingress_self",
            "module.project_eks_cluster.data.aws_ami.eks_worker",
            "module.project_eks_cluster.data.aws_ami.eks_worker_windows",
            "module.project_eks_cluster.data.aws_caller_identity.current",
            "module.project_eks_cluster.data.aws_iam_instance_profile.custom_worker_group_iam_instance_profile",
            "module.project_eks_cluster.data.aws_iam_instance_profile.custom_worker_group_launch_template_iam_instance_profile",
            "module.project_eks_cluster.data.aws_iam_policy_document.cluster_assume_role_policy",
            "module.project_eks_cluster.data.aws_iam_policy_document.cluster_deny_log_group",
            "module.project_eks_cluster.data.aws_iam_policy_document.cluster_elb_sl_role_creation",
            "module.project_eks_cluster.data.aws_iam_policy_document.workers_assume_role_policy",
            "module.project_eks_cluster.data.aws_iam_role.custom_cluster_iam_role",
            "module.project_eks_cluster.data.aws_partition.current",
            "module.project_eks_cluster.data.http.wait_for_cluster",
            "module.project_eks_cluster.kubernetes_config_map.aws_auth",
            "module.project_eks_cluster.local_file.kubeconfig",
            "module.project_eks_cluster.module.fargate.aws_eks_fargate_profile.this",
            "module.project_eks_cluster.module.fargate.aws_iam_role.eks_fargate_pod",
            "module.project_eks_cluster.module.fargate.aws_iam_role_policy_attachment.eks_fargate_pod",
            "module.project_eks_cluster.module.fargate.data.aws_iam_policy_document.eks_fargate_pod_assume_role",
            "module.project_eks_cluster.module.fargate.data.aws_iam_role.custom_fargate_iam_role",
            "module.project_eks_cluster.module.fargate.data.aws_partition.current",
            "module.project_eks_cluster.module.node_groups.aws_eks_node_group.workers",
            "module.project_eks_cluster.module.node_groups.aws_launch_template.workers",
            "module.project_eks_cluster.module.node_groups.data.cloudinit_config.workers_userdata",
            "module.vpc.aws_cloudwatch_log_group.flow_log",
            "module.vpc.aws_customer_gateway.this",
            "module.vpc.aws_db_subnet_group.database",
            "module.vpc.aws_default_network_acl.this",
            "module.vpc.aws_default_route_table.default",
            "module.vpc.aws_default_security_group.this",
            "module.vpc.aws_default_vpc.this",
            "module.vpc.aws_egress_only_internet_gateway.this",
            "module.vpc.aws_eip.nat",
            "module.vpc.aws_elasticache_subnet_group.elasticache",
            "module.vpc.aws_flow_log.this",
            "module.vpc.aws_iam_policy.vpc_flow_log_cloudwatch",
            "module.vpc.aws_iam_role.vpc_flow_log_cloudwatch",
            "module.vpc.aws_iam_role_policy_attachment.vpc_flow_log_cloudwatch",
            "module.vpc.aws_internet_gateway.this",
            "module.vpc.aws_nat_gateway.this",
            "module.vpc.aws_network_acl.database",
            "module.vpc.aws_network_acl.elasticache",
            "module.vpc.aws_network_acl.intra",
            "module.vpc.aws_network_acl.outpost",
            "module.vpc.aws_network_acl.private",
            "module.vpc.aws_network_acl.public",
            "module.vpc.aws_network_acl.redshift",
            "module.vpc.aws_network_acl_rule.database_inbound",
            "module.vpc.aws_network_acl_rule.database_outbound",
            "module.vpc.aws_network_acl_rule.elasticache_inbound",
            "module.vpc.aws_network_acl_rule.elasticache_outbound",
            "module.vpc.aws_network_acl_rule.intra_inbound",
            "module.vpc.aws_network_acl_rule.intra_outbound",
            "module.vpc.aws_network_acl_rule.outpost_inbound",
            "module.vpc.aws_network_acl_rule.outpost_outbound",
            "module.vpc.aws_network_acl_rule.private_inbound",
            "module.vpc.aws_network_acl_rule.private_outbound",
            "module.vpc.aws_network_acl_rule.public_inbound",
            "module.vpc.aws_network_acl_rule.public_outbound",
            "module.vpc.aws_network_acl_rule.redshift_inbound",
            "module.vpc.aws_network_acl_rule.redshift_outbound",
            "module.vpc.aws_redshift_subnet_group.redshift",
            "module.vpc.aws_route.database_internet_gateway",
            "module.vpc.aws_route.database_ipv6_egress",
            "module.vpc.aws_route.database_nat_gateway",
            "module.vpc.aws_route.private_ipv6_egress",
            "module.vpc.aws_route.private_nat_gateway",
            "module.vpc.aws_route.public_internet_gateway",
            "module.vpc.aws_route.public_internet_gateway_ipv6",
            "module.vpc.aws_route_table.database",
            "module.vpc.aws_route_table.elasticache",
            "module.vpc.aws_route_table.intra",
            "module.vpc.aws_route_table.private",
            "module.vpc.aws_route_table.public",
            "module.vpc.aws_route_table.redshift",
            "module.vpc.aws_route_table_association.database",
            "module.vpc.aws_route_table_association.elasticache",
            "module.vpc.aws_route_table_association.intra",
            "module.vpc.aws_route_table_association.outpost",
            "module.vpc.aws_route_table_association.private",
            "module.vpc.aws_route_table_association.public",
            "module.vpc.aws_route_table_association.redshift",
            "module.vpc.aws_route_table_association.redshift_public",
            "module.vpc.aws_subnet.database",
            "module.vpc.aws_subnet.elasticache",
            "module.vpc.aws_subnet.intra",
            "module.vpc.aws_subnet.outpost",
            "module.vpc.aws_subnet.private",
            "module.vpc.aws_subnet.public",
            "module.vpc.aws_subnet.redshift",
            "module.vpc.aws_vpc.this",
            "module.vpc.aws_vpc_dhcp_options.this",
            "module.vpc.aws_vpc_dhcp_options_association.this",
            "module.vpc.aws_vpc_ipv4_cidr_block_association.this",
            "module.vpc.aws_vpn_gateway.this",
            "module.vpc.aws_vpn_gateway_attachment.this",
            "module.vpc.aws_vpn_gateway_route_propagation.intra",
            "module.vpc.aws_vpn_gateway_route_propagation.private",
            "module.vpc.aws_vpn_gateway_route_propagation.public",
            "module.vpc.data.aws_iam_policy_document.flow_log_cloudwatch_assume_role",
            "module.vpc.data.aws_iam_policy_document.vpc_flow_log_cloudwatch",
            "random_pet.random",
            "tls_private_key.this"
          ],
          "create_before_destroy": true
        }
      ]
    },
    {
      "mode": "managed",
      "type": "aws_iam_group",
      "name": "K8sClusterAdmin-group",
      "provider": "provider[\"registry.terraform.io/hashicorp/aws\"]",
      "instances": [
        {
          "schema_version": 0,
          "attributes": {
            "arn": "arn:aws:iam::370365354210:group/project_eks_cluster_ginu-dev-K8sClusterAdmin",
            "id": "project_eks_cluster_ginu-dev-K8sClusterAdmin",
            "name": "project_eks_cluster_ginu-dev-K8sClusterAdmin",
            "path": "/",
            "unique_id": "AGPAVMO362DRGB47H65RJ"
          },
          "sensitive_attributes": [],
          "private": "bnVsbA==",
          "create_before_destroy": true
        }
      ]
    },
    {
      "mode": "managed",
      "type": "aws_iam_group",
      "name": "K8sDeveloper-group",
      "provider": "provider[\"registry.terraform.io/hashicorp/aws\"]",
      "instances": [
        {
          "schema_version": 0,
          "attributes": {
            "arn": "arn:aws:iam::370365354210:group/project_eks_cluster_ginu-dev-K8sDeveloper",
            "id": "project_eks_cluster_ginu-dev-K8sDeveloper",
            "name": "project_eks_cluster_ginu-dev-K8sDeveloper",
            "path": "/",
            "unique_id": "AGPAVMO362DROG6F6U3YK"
          },
          "sensitive_attributes": [],
          "private": "bnVsbA==",
          "create_before_destroy": true
        }
      ]
    },
    {
      "mode": "managed",
      "type": "aws_iam_group",
      "name": "K8sFullAdmin-group",
      "provider": "provider[\"registry.terraform.io/hashicorp/aws\"]",
      "instances": [
        {
          "schema_version": 0,
          "attributes": {
            "arn": "arn:aws:iam::370365354210:group/project_eks_cluster_ginu-dev-K8sFullAdmin",
            "id": "project_eks_cluster_ginu-dev-K8sFullAdmin",
            "name": "project_eks_cluster_ginu-dev-K8sFullAdmin",
            "path": "/",
            "unique_id": "AGPAVMO362DRMMXRYEOMU"
          },
          "sensitive_attributes": [],
          "private": "bnVsbA==",
          "create_before_destroy": true
        }
      ]
    },
    {
      "mode": "managed",
      "type": "aws_iam_group_policy_attachment",
      "name": "K8sClusterAdmin-group-policy-attach",
      "provider": "provider[\"registry.terraform.io/hashicorp/aws\"]",
      "instances": [
        {
          "schema_version": 0,
          "attributes": {
            "group": "project_eks_cluster_ginu-dev-K8sClusterAdmin",
            "id": "project_eks_cluster_ginu-dev-K8sClusterAdmin-20221128133418851800000009",
            "policy_arn": "arn:aws:iam::370365354210:policy/project_eks_cluster_ginu-dev-K8sClusterAdmin-group-policy"
          },
          "sensitive_attributes": [],
          "private": "bnVsbA==",
          "dependencies": [
            "aws_iam_group.K8sClusterAdmin-group",
            "aws_iam_policy.K8sClusterAdmin-group-policy",
            "data.aws_caller_identity.current"
          ],
          "create_before_destroy": true
        }
      ]
    },
    {
      "mode": "managed",
      "type": "aws_iam_group_policy_attachment",
      "name": "K8sDeveloper-group-policy-attach",
      "provider": "provider[\"registry.terraform.io/hashicorp/aws\"]",
      "instances": [
        {
          "schema_version": 0,
          "attributes": {
            "group": "project_eks_cluster_ginu-dev-K8sDeveloper",
            "id": "project_eks_cluster_ginu-dev-K8sDeveloper-2022112813341917870000000a",
            "policy_arn": "arn:aws:iam::370365354210:policy/project_eks_cluster_ginu-dev-K8sDeveloper-group-policy"
          },
          "sensitive_attributes": [],
          "private": "bnVsbA==",
          "dependencies": [
            "aws_iam_group.K8sDeveloper-group",
            "aws_iam_policy.K8sDeveloper-group-policy",
            "data.aws_caller_identity.current"
          ],
          "create_before_destroy": true
        }
      ]
    },
    {
      "mode": "managed",
      "type": "aws_iam_group_policy_attachment",
      "name": "K8sFullAdmin-group-policy-attach",
      "provider": "provider[\"registry.terraform.io/hashicorp/aws\"]",
      "instances": [
        {
          "schema_version": 0,
          "attributes": {
            "group": "project_eks_cluster_ginu-dev-K8sFullAdmin",
            "id": "project_eks_cluster_ginu-dev-K8sFullAdmin-20221128133418466700000001",
            "policy_arn": "arn:aws:iam::370365354210:policy/project_eks_cluster_ginu-dev-K8sFullAdmin-group-policy"
          },
          "sensitive_attributes": [],
          "private": "bnVsbA==",
          "dependencies": [
            "aws_iam_group.K8sFullAdmin-group",
            "aws_iam_policy.K8sFullAdmin-group-policy",
            "data.aws_caller_identity.current"
          ],
          "create_before_destroy": true
        }
      ]
    },
    {
      "mode": "managed",
      "type": "aws_iam_policy",
      "name": "K8sClusterAdmin-group-policy",
      "provider": "provider[\"registry.terraform.io/hashicorp/aws\"]",
      "instances": [
        {
          "schema_version": 0,
          "attributes": {
            "arn": "arn:aws:iam::370365354210:policy/project_eks_cluster_ginu-dev-K8sClusterAdmin-group-policy",
            "description": "project_eks_cluster_ginu-dev-K8sClusterAdmin-group-policy",
            "id": "arn:aws:iam::370365354210:policy/project_eks_cluster_ginu-dev-K8sClusterAdmin-group-policy",
            "name": "project_eks_cluster_ginu-dev-K8sClusterAdmin-group-policy",
            "name_prefix": null,
            "path": "/",
            "policy": "{\"Statement\":[{\"Action\":\"sts:AssumeRole\",\"Effect\":\"Allow\",\"Resource\":[\"arn:aws:iam::370365354210:role/project_eks_cluster_ginu-dev-K8sClusterAdmin\"]}],\"Version\":\"2012-10-17\"}",
            "policy_id": "ANPAVMO362DRCXJSLRZKK",
            "tags": null,
            "tags_all": {}
          },
          "sensitive_attributes": [],
          "private": "bnVsbA==",
          "dependencies": [
            "data.aws_caller_identity.current"
          ],
          "create_before_destroy": true
        }
      ]
    },
    {
      "mode": "managed",
      "type": "aws_iam_policy",
      "name": "K8sDeveloper-group-policy",
      "provider": "provider[\"registry.terraform.io/hashicorp/aws\"]",
      "instances": [
        {
          "schema_version": 0,
          "attributes": {
            "arn": "arn:aws:iam::370365354210:policy/project_eks_cluster_ginu-dev-K8sDeveloper-group-policy",
            "description": "project_eks_cluster_ginu-dev-K8sDeveloper-group-policy",
            "id": "arn:aws:iam::370365354210:policy/project_eks_cluster_ginu-dev-K8sDeveloper-group-policy",
            "name": "project_eks_cluster_ginu-dev-K8sDeveloper-group-policy",
            "name_prefix": null,
            "path": "/",
            "policy": "{\"Statement\":[{\"Action\":\"sts:AssumeRole\",\"Effect\":\"Allow\",\"Resource\":[\"arn:aws:iam::370365354210:role/project_eks_cluster_ginu-dev-K8sDeveloper\"]}],\"Version\":\"2012-10-17\"}",
            "policy_id": "ANPAVMO362DRJOYLJDWA6",
            "tags": null,
            "tags_all": {}
          },
          "sensitive_attributes": [],
          "private": "bnVsbA==",
          "dependencies": [
            "data.aws_caller_identity.current"
          ],
          "create_before_destroy": true
        }
      ]
    },
    {
      "mode": "managed",
      "type": "aws_iam_policy",
      "name": "K8sFullAdmin-group-policy",
      "provider": "provider[\"registry.terraform.io/hashicorp/aws\"]",
      "instances": [
        {
          "schema_version": 0,
          "attributes": {
            "arn": "arn:aws:iam::370365354210:policy/project_eks_cluster_ginu-dev-K8sFullAdmin-group-policy",
            "description": "project_eks_cluster_ginu-dev-K8sFullAdmin-group-policy",
            "id": "arn:aws:iam::370365354210:policy/project_eks_cluster_ginu-dev-K8sFullAdmin-group-policy",
            "name": "project_eks_cluster_ginu-dev-K8sFullAdmin-group-policy",
            "name_prefix": null,
            "path": "/",
            "policy": "{\"Statement\":[{\"Action\":\"sts:AssumeRole\",\"Effect\":\"Allow\",\"Resource\":[\"arn:aws:iam::370365354210:role/project_eks_cluster_ginu-dev-K8sFullAdmin\"]}],\"Version\":\"2012-10-17\"}",
            "policy_id": "ANPAVMO362DRPJNAY4HDT",
            "tags": null,
            "tags_all": {}
          },
          "sensitive_attributes": [],
          "private": "bnVsbA==",
          "dependencies": [
            "data.aws_caller_identity.current"
          ],
          "create_before_destroy": true
        }
      ]
    },
    {
      "mode": "managed",
      "type": "aws_iam_policy",
      "name": "eks-autoscale-policy",
      "provider": "provider[\"registry.terraform.io/hashicorp/aws\"]",
      "instances": [
        {
          "schema_version": 0,
          "attributes": {
            "arn": "arn:aws:iam::370365354210:policy/project_eks_cluster_ginu-dev-eks-autoscale-policy",
            "description": "project_eks_cluster_ginu-dev-eks-autoscale-policy",
            "id": "arn:aws:iam::370365354210:policy/project_eks_cluster_ginu-dev-eks-autoscale-policy",
            "name": "project_eks_cluster_ginu-dev-eks-autoscale-policy",
            "name_prefix": null,
            "path": "/",
            "policy": "{\"Statement\":[{\"Action\":[\"autoscaling:DescribeAutoScalingGroups\",\"autoscaling:DescribeAutoScalingInstances\",\"autoscaling:DescribeTags\",\"autoscaling:DescribeLaunchConfigurations\",\"autoscaling:SetDesiredCapacity\",\"autoscaling:TerminateInstanceInAutoScalingGroup\",\"ec2:DescribeLaunchTemplateVersions\",\"ec2:DescribeVpcs\",\"elasticloadbalancing:AddTags\",\"elasticloadbalancing:CreateListener\",\"elasticloadbalancing:CreateTargetGroup\",\"elasticloadbalancing:DeleteListener\",\"elasticloadbalancing:DeleteTargetGroup\",\"elasticloadbalancing:DescribeListeners\",\"elasticloadbalancing:DescribeLoadBalancerPolicies\",\"elasticloadbalancing:DescribeTargetGroups\",\"elasticloadbalancing:DescribeTargetHealth\",\"elasticloadbalancing:ModifyListener\",\"elasticloadbalancing:ModifyTargetGroup\",\"elasticloadbalancing:RegisterTargets\",\"elasticloadbalancing:SetLoadBalancerPoliciesOfListener\"],\"Effect\":\"Allow\",\"Resource\":\"*\"}],\"Version\":\"2012-10-17\"}",
            "policy_id": "ANPAVMO362DRFYX5TY2C5",
            "tags": null,
            "tags_all": {}
          },
          "sensitive_attributes": [],
          "private": "bnVsbA=="
        }
      ]
    },
    {
      "mode": "managed",
      "type": "aws_iam_policy",
      "name": "eks-cert-route53-policy",
      "provider": "provider[\"registry.terraform.io/hashicorp/aws\"]",
      "instances": [
        {
          "schema_version": 0,
          "attributes": {
            "arn": "arn:aws:iam::370365354210:policy/project_eks_cluster_ginu-dev-eks-cert-route53-policy",
            "description": "project_eks_cluster_ginu-dev-eks-cert-route53-policy",
            "id": "arn:aws:iam::370365354210:policy/project_eks_cluster_ginu-dev-eks-cert-route53-policy",
            "name": "project_eks_cluster_ginu-dev-eks-cert-route53-policy",
            "name_prefix": null,
            "path": "/",
            "policy": "{\"Statement\":[{\"Action\":[\"route53:ListHostedZones\",\"route53:ChangeResourceRecordSets\",\"route53:ListResourceRecordSets\",\"route53:ListHostedZonesByName\"],\"Effect\":\"Allow\",\"Resource\":\"*\"},{\"Action\":\"route53:GetChange\",\"Effect\":\"Allow\",\"Resource\":\"arn:aws:route53:::change/*\"}],\"Version\":\"2012-10-17\"}",
            "policy_id": "ANPAVMO362DRFZ7YJEH2G",
            "tags": null,
            "tags_all": {}
          },
          "sensitive_attributes": [],
          "private": "bnVsbA=="
        }
      ]
    },
    {
      "mode": "managed",
      "type": "aws_iam_role",
      "name": "K8sClusterAdmin-role",
      "provider": "provider[\"registry.terraform.io/hashicorp/aws\"]",
      "instances": [
        {
          "schema_version": 0,
          "attributes": {
            "arn": "arn:aws:iam::370365354210:role/project_eks_cluster_ginu-dev-K8sClusterAdmin",
            "assume_role_policy": "{\"Statement\":[{\"Action\":\"sts:AssumeRole\",\"Effect\":\"Allow\",\"Principal\":{\"AWS\":\"arn:aws:iam::370365354210:root\",\"Service\":\"ec2.amazonaws.com\"},\"Sid\":\"\"}],\"Version\":\"2012-10-17\"}",
            "create_date": "2022-11-28T13:34:17Z",
            "description": "",
            "force_detach_policies": false,
            "id": "project_eks_cluster_ginu-dev-K8sClusterAdmin",
            "inline_policy": [],
            "managed_policy_arns": [],
            "max_session_duration": 3600,
            "name": "project_eks_cluster_ginu-dev-K8sClusterAdmin",
            "name_prefix": "",
            "path": "/",
            "permissions_boundary": null,
            "tags": null,
            "tags_all": {},
            "unique_id": "AROAVMO362DRKCM3XZCLI"
          },
          "sensitive_attributes": [],
          "private": "bnVsbA==",
          "dependencies": [
            "data.aws_caller_identity.current"
          ]
        }
      ]
    },
    {
      "mode": "managed",
      "type": "aws_iam_role",
      "name": "K8sDeveloper-role",
      "provider": "provider[\"registry.terraform.io/hashicorp/aws\"]",
      "instances": [
        {
          "schema_version": 0,
          "attributes": {
            "arn": "arn:aws:iam::370365354210:role/project_eks_cluster_ginu-dev-K8sDeveloper",
            "assume_role_policy": "{\"Statement\":[{\"Action\":\"sts:AssumeRole\",\"Effect\":\"Allow\",\"Principal\":{\"AWS\":\"arn:aws:iam::370365354210:root\",\"Service\":\"ec2.amazonaws.com\"},\"Sid\":\"\"}],\"Version\":\"2012-10-17\"}",
            "create_date": "2022-11-28T13:34:17Z",
            "description": "",
            "force_detach_policies": false,
            "id": "project_eks_cluster_ginu-dev-K8sDeveloper",
            "inline_policy": [],
            "managed_policy_arns": [],
            "max_session_duration": 3600,
            "name": "project_eks_cluster_ginu-dev-K8sDeveloper",
            "name_prefix": "",
            "path": "/",
            "permissions_boundary": null,
            "tags": null,
            "tags_all": {},
            "unique_id": "AROAVMO362DRGXNYINRNS"
          },
          "sensitive_attributes": [],
          "private": "bnVsbA==",
          "dependencies": [
            "data.aws_caller_identity.current"
          ]
        }
      ]
    },
    {
      "mode": "managed",
      "type": "aws_iam_role",
      "name": "K8sFullAdmin-role",
      "provider": "provider[\"registry.terraform.io/hashicorp/aws\"]",
      "instances": [
        {
          "schema_version": 0,
          "attributes": {
            "arn": "arn:aws:iam::370365354210:role/project_eks_cluster_ginu-dev-K8sFullAdmin",
            "assume_role_policy": "{\"Statement\":[{\"Action\":\"sts:AssumeRole\",\"Effect\":\"Allow\",\"Principal\":{\"AWS\":\"arn:aws:iam::370365354210:root\",\"Service\":\"ec2.amazonaws.com\"},\"Sid\":\"\"}],\"Version\":\"2012-10-17\"}",
            "create_date": "2022-11-28T13:34:17Z",
            "description": "",
            "force_detach_policies": false,
            "id": "project_eks_cluster_ginu-dev-K8sFullAdmin",
            "inline_policy": [],
            "managed_policy_arns": [],
            "max_session_duration": 3600,
            "name": "project_eks_cluster_ginu-dev-K8sFullAdmin",
            "name_prefix": "",
            "path": "/",
            "permissions_boundary": null,
            "tags": null,
            "tags_all": {},
            "unique_id": "AROAVMO362DRFSC6MMDN5"
          },
          "sensitive_attributes": [],
          "private": "bnVsbA==",
          "dependencies": [
            "data.aws_caller_identity.current"
          ]
        }
      ]
    },
    {
      "mode": "managed",
      "type": "aws_iam_role",
      "name": "eks-default-role",
      "provider": "provider[\"registry.terraform.io/hashicorp/aws\"]",
      "instances": [
        {
          "schema_version": 0,
          "attributes": {
            "arn": "arn:aws:iam::370365354210:role/project_eks_cluster_ginu-dev-eks-default-role",
            "assume_role_policy": "{\"Statement\":[{\"Action\":\"sts:AssumeRole\",\"Effect\":\"Allow\",\"Principal\":{\"Service\":[\"eks-nodegroup.amazonaws.com\",\"ec2.amazonaws.com\"]}}],\"Version\":\"2012-10-17\"}",
            "create_date": "2022-11-28T13:34:17Z",
            "description": "",
            "force_detach_policies": false,
            "id": "project_eks_cluster_ginu-dev-eks-default-role",
            "inline_policy": [],
            "managed_policy_arns": [],
            "max_session_duration": 3600,
            "name": "project_eks_cluster_ginu-dev-eks-default-role",
            "name_prefix": "",
            "path": "/",
            "permissions_boundary": null,
            "tags": null,
            "tags_all": {},
            "unique_id": "AROAVMO362DRORJY3NNKT"
          },
          "sensitive_attributes": [],
          "private": "bnVsbA==",
          "create_before_destroy": true
        }
      ]
    },
    {
      "mode": "managed",
      "type": "aws_iam_role",
      "name": "eks-external-dns-role",
      "provider": "provider[\"registry.terraform.io/hashicorp/aws\"]",
      "instances": [
        {
          "schema_version": 0,
          "attributes": {
            "arn": "arn:aws:iam::370365354210:role/project_eks_cluster_ginu-dev-eks-external-dns-role",
            "assume_role_policy": "{\"Statement\":[{\"Action\":\"sts:AssumeRoleWithWebIdentity\",\"Effect\":\"Allow\",\"Principal\":{\"Federated\":\"arn:aws:iam::370365354210:oidc-provider/oidc.eks.us-east-1.amazonaws.com/id/197C7D9443960B86BB046C989D6EC88B\"}}],\"Version\":\"2012-10-17\"}",
            "create_date": "2022-11-28T13:46:46Z",
            "description": "",
            "force_detach_policies": false,
            "id": "project_eks_cluster_ginu-dev-eks-external-dns-role",
            "inline_policy": [],
            "managed_policy_arns": [],
            "max_session_duration": 3600,
            "name": "project_eks_cluster_ginu-dev-eks-external-dns-role",
            "name_prefix": "",
            "path": "/",
            "permissions_boundary": null,
            "tags": null,
            "tags_all": {},
            "unique_id": "AROAVMO362DRKZUMFVRJL"
          },
          "sensitive_attributes": [],
          "private": "bnVsbA==",
          "dependencies": [
            "aws_eip.nat",
            "aws_iam_group.K8sClusterAdmin-group",
            "aws_iam_group.K8sDeveloper-group",
            "aws_iam_group.K8sFullAdmin-group",
            "aws_iam_group_policy_attachment.K8sClusterAdmin-group-policy-attach",
            "aws_iam_group_policy_attachment.K8sDeveloper-group-policy-attach",
            "aws_iam_group_policy_attachment.K8sFullAdmin-group-policy-attach",
            "aws_iam_policy.K8sClusterAdmin-group-policy",
            "aws_iam_policy.K8sDeveloper-group-policy",
            "aws_iam_policy.K8sFullAdmin-group-policy",
            "data.aws_availability_zones.available",
            "data.aws_caller_identity.current",
            "module.project_eks_cluster.aws_cloudwatch_log_group.this",
            "module.project_eks_cluster.aws_eks_cluster.this",
            "module.project_eks_cluster.aws_iam_openid_connect_provider.oidc_provider",
            "module.project_eks_cluster.aws_iam_role.cluster",
            "module.project_eks_cluster.aws_iam_role_policy_attachment.cluster_AmazonEKSClusterPolicy",
            "module.project_eks_cluster.aws_iam_role_policy_attachment.cluster_AmazonEKSServicePolicy",
            "module.project_eks_cluster.aws_iam_role_policy_attachment.cluster_AmazonEKSVPCResourceControllerPolicy",
            "module.project_eks_cluster.aws_security_group.cluster",
            "module.project_eks_cluster.aws_security_group.workers",
            "module.project_eks_cluster.aws_security_group_rule.cluster_egress_internet",
            "module.project_eks_cluster.aws_security_group_rule.cluster_https_worker_ingress",
            "module.project_eks_cluster.data.aws_iam_policy_document.cluster_assume_role_policy",
            "module.project_eks_cluster.data.aws_iam_role.custom_cluster_iam_role",
            "module.project_eks_cluster.data.aws_partition.current",
            "module.vpc.aws_cloudwatch_log_group.flow_log",
            "module.vpc.aws_customer_gateway.this",
            "module.vpc.aws_db_subnet_group.database",
            "module.vpc.aws_default_network_acl.this",
            "module.vpc.aws_default_route_table.default",
            "module.vpc.aws_default_security_group.this",
            "module.vpc.aws_default_vpc.this",
            "module.vpc.aws_egress_only_internet_gateway.this",
            "module.vpc.aws_eip.nat",
            "module.vpc.aws_elasticache_subnet_group.elasticache",
            "module.vpc.aws_flow_log.this",
            "module.vpc.aws_iam_policy.vpc_flow_log_cloudwatch",
            "module.vpc.aws_iam_role.vpc_flow_log_cloudwatch",
            "module.vpc.aws_iam_role_policy_attachment.vpc_flow_log_cloudwatch",
            "module.vpc.aws_internet_gateway.this",
            "module.vpc.aws_nat_gateway.this",
            "module.vpc.aws_network_acl.database",
            "module.vpc.aws_network_acl.elasticache",
            "module.vpc.aws_network_acl.intra",
            "module.vpc.aws_network_acl.outpost",
            "module.vpc.aws_network_acl.private",
            "module.vpc.aws_network_acl.public",
            "module.vpc.aws_network_acl.redshift",
            "module.vpc.aws_network_acl_rule.database_inbound",
            "module.vpc.aws_network_acl_rule.database_outbound",
            "module.vpc.aws_network_acl_rule.elasticache_inbound",
            "module.vpc.aws_network_acl_rule.elasticache_outbound",
            "module.vpc.aws_network_acl_rule.intra_inbound",
            "module.vpc.aws_network_acl_rule.intra_outbound",
            "module.vpc.aws_network_acl_rule.outpost_inbound",
            "module.vpc.aws_network_acl_rule.outpost_outbound",
            "module.vpc.aws_network_acl_rule.private_inbound",
            "module.vpc.aws_network_acl_rule.private_outbound",
            "module.vpc.aws_network_acl_rule.public_inbound",
            "module.vpc.aws_network_acl_rule.public_outbound",
            "module.vpc.aws_network_acl_rule.redshift_inbound",
            "module.vpc.aws_network_acl_rule.redshift_outbound",
            "module.vpc.aws_redshift_subnet_group.redshift",
            "module.vpc.aws_route.database_internet_gateway",
            "module.vpc.aws_route.database_ipv6_egress",
            "module.vpc.aws_route.database_nat_gateway",
            "module.vpc.aws_route.private_ipv6_egress",
            "module.vpc.aws_route.private_nat_gateway",
            "module.vpc.aws_route.public_internet_gateway",
            "module.vpc.aws_route.public_internet_gateway_ipv6",
            "module.vpc.aws_route_table.database",
            "module.vpc.aws_route_table.elasticache",
            "module.vpc.aws_route_table.intra",
            "module.vpc.aws_route_table.private",
            "module.vpc.aws_route_table.public",
            "module.vpc.aws_route_table.redshift",
            "module.vpc.aws_route_table_association.database",
            "module.vpc.aws_route_table_association.elasticache",
            "module.vpc.aws_route_table_association.intra",
            "module.vpc.aws_route_table_association.outpost",
            "module.vpc.aws_route_table_association.private",
            "module.vpc.aws_route_table_association.public",
            "module.vpc.aws_route_table_association.redshift",
            "module.vpc.aws_route_table_association.redshift_public",
            "module.vpc.aws_subnet.database",
            "module.vpc.aws_subnet.elasticache",
            "module.vpc.aws_subnet.intra",
            "module.vpc.aws_subnet.outpost",
            "module.vpc.aws_subnet.private",
            "module.vpc.aws_subnet.public",
            "module.vpc.aws_subnet.redshift",
            "module.vpc.aws_vpc.this",
            "module.vpc.aws_vpc_dhcp_options.this",
            "module.vpc.aws_vpc_dhcp_options_association.this",
            "module.vpc.aws_vpc_ipv4_cidr_block_association.this",
            "module.vpc.aws_vpn_gateway.this",
            "module.vpc.aws_vpn_gateway_attachment.this",
            "module.vpc.aws_vpn_gateway_route_propagation.intra",
            "module.vpc.aws_vpn_gateway_route_propagation.private",
            "module.vpc.aws_vpn_gateway_route_propagation.public",
            "module.vpc.data.aws_iam_policy_document.flow_log_cloudwatch_assume_role",
            "module.vpc.data.aws_iam_policy_document.vpc_flow_log_cloudwatch"
          ]
        }
      ]
    },
    {
      "mode": "managed",
      "type": "aws_iam_role_policy",
      "name": "K8sClusterAdmin-role-policy",
      "provider": "provider[\"registry.terraform.io/hashicorp/aws\"]",
      "instances": [
        {
          "schema_version": 0,
          "attributes": {
            "id": "project_eks_cluster_ginu-dev-K8sClusterAdmin:project_eks_cluster_ginu-dev-K8sClusterAdmin-role-policy",
            "name": "project_eks_cluster_ginu-dev-K8sClusterAdmin-role-policy",
            "name_prefix": null,
            "policy": "{\n  \"Version\": \"2012-10-17\",\n  \"Statement\": [\n    {\n        \"Sid\": \"VisualEditor0\",\n        \"Effect\": \"Allow\",\n        \"Action\": \"sts:GetCallerIdentity\",\n        \"Resource\": \"*\"\n    }\n  ]\n}\n",
            "role": "project_eks_cluster_ginu-dev-K8sClusterAdmin"
          },
          "sensitive_attributes": [],
          "private": "bnVsbA==",
          "dependencies": [
            "aws_iam_role.K8sClusterAdmin-role",
            "data.aws_caller_identity.current"
          ]
        }
      ]
    },
    {
      "mode": "managed",
      "type": "aws_iam_role_policy",
      "name": "K8sDeveloper-role-policy",
      "provider": "provider[\"registry.terraform.io/hashicorp/aws\"]",
      "instances": [
        {
          "schema_version": 0,
          "attributes": {
            "id": "project_eks_cluster_ginu-dev-K8sDeveloper:project_eks_cluster_ginu-dev-K8sDeveloper-role-policy",
            "name": "project_eks_cluster_ginu-dev-K8sDeveloper-role-policy",
            "name_prefix": null,
            "policy": "{\n  \"Version\": \"2012-10-17\",\n  \"Statement\": [\n    {\n        \"Sid\": \"VisualEditor0\",\n        \"Effect\": \"Allow\",\n        \"Action\": \"sts:GetCallerIdentity\",\n        \"Resource\": \"*\"\n    }\n  ]\n}\n",
            "role": "project_eks_cluster_ginu-dev-K8sDeveloper"
          },
          "sensitive_attributes": [],
          "private": "bnVsbA==",
          "dependencies": [
            "aws_iam_role.K8sDeveloper-role",
            "data.aws_caller_identity.current"
          ]
        }
      ]
    },
    {
      "mode": "managed",
      "type": "aws_iam_role_policy",
      "name": "K8sFullAdmin-role-policy",
      "provider": "provider[\"registry.terraform.io/hashicorp/aws\"]",
      "instances": [
        {
          "schema_version": 0,
          "attributes": {
            "id": "project_eks_cluster_ginu-dev-K8sFullAdmin:project_eks_cluster_ginu-dev-K8sFullAdmin-role-policy",
            "name": "project_eks_cluster_ginu-dev-K8sFullAdmin-role-policy",
            "name_prefix": null,
            "policy": "{\n  \"Version\": \"2012-10-17\",\n  \"Statement\": [\n    {\n        \"Sid\": \"VisualEditor0\",\n        \"Effect\": \"Allow\",\n        \"Action\": \"sts:GetCallerIdentity\",\n        \"Resource\": \"*\"\n    }\n  ]\n}\n",
            "role": "project_eks_cluster_ginu-dev-K8sFullAdmin"
          },
          "sensitive_attributes": [],
          "private": "bnVsbA==",
          "dependencies": [
            "aws_iam_role.K8sFullAdmin-role",
            "data.aws_caller_identity.current"
          ]
        }
      ]
    },
    {
      "mode": "managed",
      "type": "aws_iam_role_policy_attachment",
      "name": "default-AmazonEC2ContainerRegistryReadOnly",
      "provider": "provider[\"registry.terraform.io/hashicorp/aws\"]",
      "instances": [
        {
          "schema_version": 0,
          "attributes": {
            "id": "project_eks_cluster_ginu-dev-eks-default-role-20221128133418805100000007",
            "policy_arn": "arn:aws:iam::aws:policy/AmazonEC2ContainerRegistryReadOnly",
            "role": "project_eks_cluster_ginu-dev-eks-default-role"
          },
          "sensitive_attributes": [],
          "private": "bnVsbA==",
          "dependencies": [
            "aws_iam_role.eks-default-role"
          ],
          "create_before_destroy": true
        }
      ]
    },
    {
      "mode": "managed",
      "type": "aws_iam_role_policy_attachment",
      "name": "default-AmazonEKSClusterPolicy",
      "provider": "provider[\"registry.terraform.io/hashicorp/aws\"]",
      "instances": [
        {
          "schema_version": 0,
          "attributes": {
            "id": "project_eks_cluster_ginu-dev-eks-default-role-20221128133418508300000003",
            "policy_arn": "arn:aws:iam::aws:policy/AmazonEKSClusterPolicy",
            "role": "project_eks_cluster_ginu-dev-eks-default-role"
          },
          "sensitive_attributes": [],
          "private": "bnVsbA==",
          "dependencies": [
            "aws_iam_role.eks-default-role"
          ]
        }
      ]
    },
    {
      "mode": "managed",
      "type": "aws_iam_role_policy_attachment",
      "name": "default-AmazonEKSWorkerNodePolicy",
      "provider": "provider[\"registry.terraform.io/hashicorp/aws\"]",
      "instances": [
        {
          "schema_version": 0,
          "attributes": {
            "id": "project_eks_cluster_ginu-dev-eks-default-role-20221128133418471200000002",
            "policy_arn": "arn:aws:iam::aws:policy/AmazonEKSWorkerNodePolicy",
            "role": "project_eks_cluster_ginu-dev-eks-default-role"
          },
          "sensitive_attributes": [],
          "private": "bnVsbA==",
          "dependencies": [
            "aws_iam_role.eks-default-role"
          ],
          "create_before_destroy": true
        }
      ]
    },
    {
      "mode": "managed",
      "type": "aws_iam_role_policy_attachment",
      "name": "default-AmazonEKS_CNI_Policy",
      "provider": "provider[\"registry.terraform.io/hashicorp/aws\"]",
      "instances": [
        {
          "schema_version": 0,
          "attributes": {
            "id": "project_eks_cluster_ginu-dev-eks-default-role-20221128133418705200000005",
            "policy_arn": "arn:aws:iam::aws:policy/AmazonEKS_CNI_Policy",
            "role": "project_eks_cluster_ginu-dev-eks-default-role"
          },
          "sensitive_attributes": [],
          "private": "bnVsbA==",
          "dependencies": [
            "aws_iam_role.eks-default-role"
          ],
          "create_before_destroy": true
        }
      ]
    },
    {
      "mode": "managed",
      "type": "aws_iam_role_policy_attachment",
      "name": "default-CloudWatchAgentServerPolicy",
      "provider": "provider[\"registry.terraform.io/hashicorp/aws\"]",
      "instances": [
        {
          "schema_version": 0,
          "attributes": {
            "id": "project_eks_cluster_ginu-dev-eks-default-role-20221128133418787700000006",
            "policy_arn": "arn:aws:iam::aws:policy/CloudWatchAgentServerPolicy",
            "role": "project_eks_cluster_ginu-dev-eks-default-role"
          },
          "sensitive_attributes": [],
          "private": "bnVsbA==",
          "dependencies": [
            "aws_iam_role.eks-default-role"
          ]
        }
      ]
    },
    {
      "mode": "managed",
      "type": "aws_iam_role_policy_attachment",
      "name": "default-eks-autoscale-policy",
      "provider": "provider[\"registry.terraform.io/hashicorp/aws\"]",
      "instances": [
        {
          "schema_version": 0,
          "attributes": {
            "id": "project_eks_cluster_ginu-dev-eks-default-role-20221128133418651800000004",
            "policy_arn": "arn:aws:iam::370365354210:policy/project_eks_cluster_ginu-dev-eks-autoscale-policy",
            "role": "project_eks_cluster_ginu-dev-eks-default-role"
          },
          "sensitive_attributes": [],
          "private": "bnVsbA==",
          "dependencies": [
            "aws_iam_policy.eks-autoscale-policy",
            "aws_iam_role.eks-default-role"
          ]
        }
      ]
    },
    {
      "mode": "managed",
      "type": "aws_iam_role_policy_attachment",
      "name": "default-eks-route53Policy",
      "provider": "provider[\"registry.terraform.io/hashicorp/aws\"]",
      "instances": [
        {
          "schema_version": 0,
          "attributes": {
            "id": "project_eks_cluster_ginu-dev-eks-default-role-20221128133418851700000008",
            "policy_arn": "arn:aws:iam::370365354210:policy/project_eks_cluster_ginu-dev-eks-cert-route53-policy",
            "role": "project_eks_cluster_ginu-dev-eks-default-role"
          },
          "sensitive_attributes": [],
          "private": "bnVsbA==",
          "dependencies": [
            "aws_iam_policy.eks-cert-route53-policy",
            "aws_iam_role.eks-default-role"
          ]
        }
      ]
    },
    {
      "mode": "managed",
      "type": "aws_iam_role_policy_attachment",
      "name": "eks-route53Policy",
      "provider": "provider[\"registry.terraform.io/hashicorp/aws\"]",
      "instances": [
        {
          "schema_version": 0,
          "attributes": {
            "id": "project_eks_cluster_ginu-dev-eks-external-dns-role-2022112813464738880000001b",
            "policy_arn": "arn:aws:iam::370365354210:policy/project_eks_cluster_ginu-dev-eks-cert-route53-policy",
            "role": "project_eks_cluster_ginu-dev-eks-external-dns-role"
          },
          "sensitive_attributes": [],
          "private": "bnVsbA==",
          "dependencies": [
            "aws_eip.nat",
            "aws_iam_group.K8sClusterAdmin-group",
            "aws_iam_group.K8sDeveloper-group",
            "aws_iam_group.K8sFullAdmin-group",
            "aws_iam_group_policy_attachment.K8sClusterAdmin-group-policy-attach",
            "aws_iam_group_policy_attachment.K8sDeveloper-group-policy-attach",
            "aws_iam_group_policy_attachment.K8sFullAdmin-group-policy-attach",
            "aws_iam_policy.K8sClusterAdmin-group-policy",
            "aws_iam_policy.K8sDeveloper-group-policy",
            "aws_iam_policy.K8sFullAdmin-group-policy",
            "aws_iam_policy.eks-cert-route53-policy",
            "aws_iam_role.eks-external-dns-role",
            "data.aws_availability_zones.available",
            "data.aws_caller_identity.current",
            "module.project_eks_cluster.aws_cloudwatch_log_group.this",
            "module.project_eks_cluster.aws_eks_cluster.this",
            "module.project_eks_cluster.aws_iam_openid_connect_provider.oidc_provider",
            "module.project_eks_cluster.aws_iam_role.cluster",
            "module.project_eks_cluster.aws_iam_role_policy_attachment.cluster_AmazonEKSClusterPolicy",
            "module.project_eks_cluster.aws_iam_role_policy_attachment.cluster_AmazonEKSServicePolicy",
            "module.project_eks_cluster.aws_iam_role_policy_attachment.cluster_AmazonEKSVPCResourceControllerPolicy",
            "module.project_eks_cluster.aws_security_group.cluster",
            "module.project_eks_cluster.aws_security_group.workers",
            "module.project_eks_cluster.aws_security_group_rule.cluster_egress_internet",
            "module.project_eks_cluster.aws_security_group_rule.cluster_https_worker_ingress",
            "module.project_eks_cluster.data.aws_iam_policy_document.cluster_assume_role_policy",
            "module.project_eks_cluster.data.aws_iam_role.custom_cluster_iam_role",
            "module.project_eks_cluster.data.aws_partition.current",
            "module.vpc.aws_cloudwatch_log_group.flow_log",
            "module.vpc.aws_customer_gateway.this",
            "module.vpc.aws_db_subnet_group.database",
            "module.vpc.aws_default_network_acl.this",
            "module.vpc.aws_default_route_table.default",
            "module.vpc.aws_default_security_group.this",
            "module.vpc.aws_default_vpc.this",
            "module.vpc.aws_egress_only_internet_gateway.this",
            "module.vpc.aws_eip.nat",
            "module.vpc.aws_elasticache_subnet_group.elasticache",
            "module.vpc.aws_flow_log.this",
            "module.vpc.aws_iam_policy.vpc_flow_log_cloudwatch",
            "module.vpc.aws_iam_role.vpc_flow_log_cloudwatch",
            "module.vpc.aws_iam_role_policy_attachment.vpc_flow_log_cloudwatch",
            "module.vpc.aws_internet_gateway.this",
            "module.vpc.aws_nat_gateway.this",
            "module.vpc.aws_network_acl.database",
            "module.vpc.aws_network_acl.elasticache",
            "module.vpc.aws_network_acl.intra",
            "module.vpc.aws_network_acl.outpost",
            "module.vpc.aws_network_acl.private",
            "module.vpc.aws_network_acl.public",
            "module.vpc.aws_network_acl.redshift",
            "module.vpc.aws_network_acl_rule.database_inbound",
            "module.vpc.aws_network_acl_rule.database_outbound",
            "module.vpc.aws_network_acl_rule.elasticache_inbound",
            "module.vpc.aws_network_acl_rule.elasticache_outbound",
            "module.vpc.aws_network_acl_rule.intra_inbound",
            "module.vpc.aws_network_acl_rule.intra_outbound",
            "module.vpc.aws_network_acl_rule.outpost_inbound",
            "module.vpc.aws_network_acl_rule.outpost_outbound",
            "module.vpc.aws_network_acl_rule.private_inbound",
            "module.vpc.aws_network_acl_rule.private_outbound",
            "module.vpc.aws_network_acl_rule.public_inbound",
            "module.vpc.aws_network_acl_rule.public_outbound",
            "module.vpc.aws_network_acl_rule.redshift_inbound",
            "module.vpc.aws_network_acl_rule.redshift_outbound",
            "module.vpc.aws_redshift_subnet_group.redshift",
            "module.vpc.aws_route.database_internet_gateway",
            "module.vpc.aws_route.database_ipv6_egress",
            "module.vpc.aws_route.database_nat_gateway",
            "module.vpc.aws_route.private_ipv6_egress",
            "module.vpc.aws_route.private_nat_gateway",
            "module.vpc.aws_route.public_internet_gateway",
            "module.vpc.aws_route.public_internet_gateway_ipv6",
            "module.vpc.aws_route_table.database",
            "module.vpc.aws_route_table.elasticache",
            "module.vpc.aws_route_table.intra",
            "module.vpc.aws_route_table.private",
            "module.vpc.aws_route_table.public",
            "module.vpc.aws_route_table.redshift",
            "module.vpc.aws_route_table_association.database",
            "module.vpc.aws_route_table_association.elasticache",
            "module.vpc.aws_route_table_association.intra",
            "module.vpc.aws_route_table_association.outpost",
            "module.vpc.aws_route_table_association.private",
            "module.vpc.aws_route_table_association.public",
            "module.vpc.aws_route_table_association.redshift",
            "module.vpc.aws_route_table_association.redshift_public",
            "module.vpc.aws_subnet.database",
            "module.vpc.aws_subnet.elasticache",
            "module.vpc.aws_subnet.intra",
            "module.vpc.aws_subnet.outpost",
            "module.vpc.aws_subnet.private",
            "module.vpc.aws_subnet.public",
            "module.vpc.aws_subnet.redshift",
            "module.vpc.aws_vpc.this",
            "module.vpc.aws_vpc_dhcp_options.this",
            "module.vpc.aws_vpc_dhcp_options_association.this",
            "module.vpc.aws_vpc_ipv4_cidr_block_association.this",
            "module.vpc.aws_vpn_gateway.this",
            "module.vpc.aws_vpn_gateway_attachment.this",
            "module.vpc.aws_vpn_gateway_route_propagation.intra",
            "module.vpc.aws_vpn_gateway_route_propagation.private",
            "module.vpc.aws_vpn_gateway_route_propagation.public",
            "module.vpc.data.aws_iam_policy_document.flow_log_cloudwatch_assume_role",
            "module.vpc.data.aws_iam_policy_document.vpc_flow_log_cloudwatch"
          ]
        }
      ]
    },
    {
      "mode": "managed",
      "type": "aws_key_pair",
      "name": "bastion_key_pair",
      "provider": "provider[\"registry.terraform.io/hashicorp/aws\"]",
      "instances": [
        {
          "schema_version": 1,
          "attributes": {
            "arn": "arn:aws:ec2:us-east-1:370365354210:key-pair/project_eks_cluster_ginu-dev-key-pair",
            "fingerprint": "09:df:f7:4d:77:f2:1c:91:94:ec:fb:19:33:65:74:9f",
            "id": "project_eks_cluster_ginu-dev-key-pair",
            "key_name": "project_eks_cluster_ginu-dev-key-pair",
            "key_name_prefix": "",
            "key_pair_id": "key-01d855335b8a45981",
            "key_type": "rsa",
            "public_key": "ssh-rsa AAAAB3NzaC1yc2EAAAADAQABAAABAQC6NTkmXTCnpVrQBgH2QeYXwUltExZ6fbtqqD0rPH8hv6wERlHeN7GEYZV2zm6lcI5a02jjnNKc4AycbOrlkuDZMs7DUmEqdFltnnbj4j+kPgvYwag6mkQkCK8mAj5PRlnl9zhOHIEd/FnYLyo4S8IHm8SfE45d8PRk9d9HSFN4asOWk0hbPcblgRxXDbR8UMIqakWYxybwnTxaQgSOWA71ESEueo/b5WQU2Cx9ECYepK+GIglEzAYERTjMy2FZtwmfXX3DrB9uhltyJ2UktiJVVM+hB7GmUPLrbsKAJ/zf5Nqqu8gHZjyJHGWwL3WjG4LWLWRcSAYqQcNiyef9+vE1",
            "tags": null,
            "tags_all": {}
          },
          "sensitive_attributes": [],
          "private": "eyJzY2hlbWFfdmVyc2lvbiI6IjEifQ==",
          "dependencies": [
            "tls_private_key.this"
          ],
          "create_before_destroy": true
        }
      ]
    },
    {
      "mode": "managed",
      "type": "aws_security_group",
      "name": "bastion",
      "provider": "provider[\"registry.terraform.io/hashicorp/aws\"]",
      "instances": [
        {
          "schema_version": 1,
          "attributes": {
            "arn": "arn:aws:ec2:us-east-1:370365354210:security-group/sg-0a81130cd939c0cec",
            "description": "Allow SSH traffic",
            "egress": [
              {
                "cidr_blocks": [
                  "0.0.0.0/0"
                ],
                "description": "",
                "from_port": 0,
                "ipv6_cidr_blocks": [],
                "prefix_list_ids": [],
                "protocol": "-1",
                "security_groups": [],
                "self": false,
                "to_port": 0
              }
            ],
            "id": "sg-0a81130cd939c0cec",
            "ingress": [
              {
                "cidr_blocks": [
                  "0.0.0.0/0"
                ],
                "description": "SSH",
                "from_port": 22,
                "ipv6_cidr_blocks": [],
                "prefix_list_ids": [],
                "protocol": "tcp",
                "security_groups": [],
                "self": false,
                "to_port": 22
              }
            ],
            "name": "bastion-security-group",
            "name_prefix": "",
            "owner_id": "370365354210",
            "revoke_rules_on_delete": false,
            "tags": {
              "Environment": "dev",
              "Owner": "Ginu",
              "Project": "xerris",
              "Terraform": "true"
            },
            "tags_all": {
              "Environment": "dev",
              "Owner": "Ginu",
              "Project": "xerris",
              "Terraform": "true"
            },
            "timeouts": null,
            "vpc_id": "vpc-0efe14b6216100258"
          },
          "sensitive_attributes": [],
          "private": "eyJlMmJmYjczMC1lY2FhLTExZTYtOGY4OC0zNDM2M2JjN2M0YzAiOnsiY3JlYXRlIjo2MDAwMDAwMDAwMDAsImRlbGV0ZSI6OTAwMDAwMDAwMDAwfSwic2NoZW1hX3ZlcnNpb24iOiIxIn0=",
          "dependencies": [
            "module.vpc.aws_vpc.this"
          ]
        }
      ]
    },
    {
      "mode": "managed",
      "type": "aws_sns_topic",
      "name": "sns_alert_topic",
      "provider": "provider[\"registry.terraform.io/hashicorp/aws\"].use1",
      "instances": [
        {
          "schema_version": 0,
          "attributes": {
            "application_failure_feedback_role_arn": "",
            "application_success_feedback_role_arn": "",
            "application_success_feedback_sample_rate": 0,
            "arn": "arn:aws:sns:us-east-1:370365354210:billing-alarm-notification-USD-dev",
            "content_based_deduplication": false,
            "delivery_policy": "",
            "display_name": "",
            "fifo_topic": false,
            "firehose_failure_feedback_role_arn": "",
            "firehose_success_feedback_role_arn": "",
            "firehose_success_feedback_sample_rate": 0,
            "http_failure_feedback_role_arn": "",
            "http_success_feedback_role_arn": "",
            "http_success_feedback_sample_rate": 0,
            "id": "arn:aws:sns:us-east-1:370365354210:billing-alarm-notification-USD-dev",
            "kms_master_key_id": "",
            "lambda_failure_feedback_role_arn": "",
            "lambda_success_feedback_role_arn": "",
            "lambda_success_feedback_sample_rate": 0,
            "name": "billing-alarm-notification-USD-dev",
            "name_prefix": "",
            "owner": "370365354210",
            "policy": "{\"Id\":\"__default_policy_ID\",\"Statement\":[{\"Action\":[\"SNS:GetTopicAttributes\",\"SNS:SetTopicAttributes\",\"SNS:AddPermission\",\"SNS:RemovePermission\",\"SNS:DeleteTopic\",\"SNS:Subscribe\",\"SNS:ListSubscriptionsByTopic\",\"SNS:Publish\"],\"Condition\":{\"StringEquals\":{\"AWS:SourceOwner\":\"370365354210\"}},\"Effect\":\"Allow\",\"Principal\":{\"AWS\":\"*\"},\"Resource\":\"arn:aws:sns:us-east-1:370365354210:billing-alarm-notification-USD-dev\",\"Sid\":\"__default_statement_ID\"}],\"Version\":\"2008-10-17\"}",
            "sqs_failure_feedback_role_arn": "",
            "sqs_success_feedback_role_arn": "",
            "sqs_success_feedback_sample_rate": 0,
            "tags": null,
            "tags_all": {}
          },
          "sensitive_attributes": [],
          "private": "bnVsbA=="
        }
      ]
    },
    {
      "mode": "managed",
      "type": "aws_sns_topic_subscription",
      "name": "andres_email",
      "provider": "provider[\"registry.terraform.io/hashicorp/aws\"].use1",
      "instances": [
        {
          "schema_version": 0,
          "attributes": {
            "arn": "arn:aws:sns:us-east-1:370365354210:billing-alarm-notification-USD-dev:5d8e41c5-88fb-4bc6-9cee-f91228842686",
            "confirmation_timeout_in_minutes": 1,
            "confirmation_was_authenticated": false,
            "delivery_policy": "",
            "endpoint": "andres.torres@xerris.com",
            "endpoint_auto_confirms": false,
            "filter_policy": "",
            "id": "arn:aws:sns:us-east-1:370365354210:billing-alarm-notification-USD-dev:5d8e41c5-88fb-4bc6-9cee-f91228842686",
            "owner_id": "370365354210",
            "pending_confirmation": true,
            "protocol": "email",
            "raw_message_delivery": false,
            "redrive_policy": "",
            "subscription_role_arn": "",
            "topic_arn": "arn:aws:sns:us-east-1:370365354210:billing-alarm-notification-USD-dev"
          },
          "sensitive_attributes": [],
          "private": "bnVsbA==",
          "dependencies": [
            "aws_sns_topic.sns_alert_topic"
          ]
        }
      ]
    },
    {
      "mode": "managed",
      "type": "aws_sns_topic_subscription",
      "name": "ashu_email",
      "provider": "provider[\"registry.terraform.io/hashicorp/aws\"].use1",
      "instances": [
        {
          "schema_version": 0,
          "attributes": {
            "arn": "arn:aws:sns:us-east-1:370365354210:billing-alarm-notification-USD-dev:584953fb-042e-41a6-bef9-1456029cc808",
            "confirmation_timeout_in_minutes": 1,
            "confirmation_was_authenticated": false,
            "delivery_policy": "",
            "endpoint": "ashu.sethi@xerris.com",
            "endpoint_auto_confirms": false,
            "filter_policy": "",
            "id": "arn:aws:sns:us-east-1:370365354210:billing-alarm-notification-USD-dev:584953fb-042e-41a6-bef9-1456029cc808",
            "owner_id": "370365354210",
            "pending_confirmation": true,
            "protocol": "email",
            "raw_message_delivery": false,
            "redrive_policy": "",
            "subscription_role_arn": "",
            "topic_arn": "arn:aws:sns:us-east-1:370365354210:billing-alarm-notification-USD-dev"
          },
          "sensitive_attributes": [],
          "private": "bnVsbA==",
          "dependencies": [
            "aws_sns_topic.sns_alert_topic"
          ]
        }
      ]
    },
    {
      "mode": "managed",
      "type": "kubernetes_cluster_role",
      "name": "kubernetes_role_admin",
      "provider": "provider[\"registry.terraform.io/hashicorp/kubernetes\"]",
      "instances": [
        {
          "schema_version": 0,
          "attributes": {
            "aggregation_rule": [],
            "id": "ad-cluster-admins",
            "metadata": [
              {
                "annotations": null,
                "generation": 0,
                "labels": {
                  "test": "ad-cluster-admins"
                },
                "name": "ad-cluster-admins",
                "resource_version": "1158",
                "uid": "edb2222c-0a80-4bc2-98d3-2b167f843efa"
              }
            ],
            "rule": [
              {
                "api_groups": [
                  ""
                ],
                "non_resource_urls": null,
                "resource_names": null,
                "resources": [
                  "*"
                ],
                "verbs": [
                  "*"
                ]
              }
            ]
          },
          "sensitive_attributes": [],
          "private": "bnVsbA==",
          "dependencies": [
            "aws_eip.nat",
            "aws_iam_group.K8sClusterAdmin-group",
            "aws_iam_group.K8sDeveloper-group",
            "aws_iam_group.K8sFullAdmin-group",
            "aws_iam_group_policy_attachment.K8sClusterAdmin-group-policy-attach",
            "aws_iam_group_policy_attachment.K8sDeveloper-group-policy-attach",
            "aws_iam_group_policy_attachment.K8sFullAdmin-group-policy-attach",
            "aws_iam_policy.K8sClusterAdmin-group-policy",
            "aws_iam_policy.K8sDeveloper-group-policy",
            "aws_iam_policy.K8sFullAdmin-group-policy",
            "aws_iam_role.eks-default-role",
            "data.aws_availability_zones.available",
            "data.aws_caller_identity.current",
            "data.aws_eks_cluster.cluster",
            "data.aws_eks_cluster_auth.cluster",
            "module.project_eks_cluster.aws_autoscaling_group.workers",
            "module.project_eks_cluster.aws_autoscaling_group.workers_launch_template",
            "module.project_eks_cluster.aws_cloudwatch_log_group.this",
            "module.project_eks_cluster.aws_eks_cluster.this",
            "module.project_eks_cluster.aws_iam_instance_profile.workers",
            "module.project_eks_cluster.aws_iam_instance_profile.workers_launch_template",
            "module.project_eks_cluster.aws_iam_openid_connect_provider.oidc_provider",
            "module.project_eks_cluster.aws_iam_policy.cluster_deny_log_group",
            "module.project_eks_cluster.aws_iam_policy.cluster_elb_sl_role_creation",
            "module.project_eks_cluster.aws_iam_role.cluster",
            "module.project_eks_cluster.aws_iam_role.workers",
            "module.project_eks_cluster.aws_iam_role_policy_attachment.cluster_AmazonEKSClusterPolicy",
            "module.project_eks_cluster.aws_iam_role_policy_attachment.cluster_AmazonEKSServicePolicy",
            "module.project_eks_cluster.aws_iam_role_policy_attachment.cluster_AmazonEKSVPCResourceControllerPolicy",
            "module.project_eks_cluster.aws_iam_role_policy_attachment.cluster_deny_log_group",
            "module.project_eks_cluster.aws_iam_role_policy_attachment.cluster_elb_sl_role_creation",
            "module.project_eks_cluster.aws_iam_role_policy_attachment.workers_AmazonEC2ContainerRegistryReadOnly",
            "module.project_eks_cluster.aws_iam_role_policy_attachment.workers_AmazonEKSWorkerNodePolicy",
            "module.project_eks_cluster.aws_iam_role_policy_attachment.workers_AmazonEKS_CNI_Policy",
            "module.project_eks_cluster.aws_iam_role_policy_attachment.workers_additional_policies",
            "module.project_eks_cluster.aws_launch_configuration.workers",
            "module.project_eks_cluster.aws_launch_template.workers_launch_template",
            "module.project_eks_cluster.aws_security_group.cluster",
            "module.project_eks_cluster.aws_security_group.workers",
            "module.project_eks_cluster.aws_security_group_rule.cluster_egress_internet",
            "module.project_eks_cluster.aws_security_group_rule.cluster_https_worker_ingress",
            "module.project_eks_cluster.aws_security_group_rule.cluster_primary_ingress_workers",
            "module.project_eks_cluster.aws_security_group_rule.cluster_private_access_cidrs_source",
            "module.project_eks_cluster.aws_security_group_rule.cluster_private_access_sg_source",
            "module.project_eks_cluster.aws_security_group_rule.workers_egress_internet",
            "module.project_eks_cluster.aws_security_group_rule.workers_ingress_cluster",
            "module.project_eks_cluster.aws_security_group_rule.workers_ingress_cluster_https",
            "module.project_eks_cluster.aws_security_group_rule.workers_ingress_cluster_kubelet",
            "module.project_eks_cluster.aws_security_group_rule.workers_ingress_cluster_primary",
            "module.project_eks_cluster.aws_security_group_rule.workers_ingress_self",
            "module.project_eks_cluster.data.aws_ami.eks_worker",
            "module.project_eks_cluster.data.aws_ami.eks_worker_windows",
            "module.project_eks_cluster.data.aws_caller_identity.current",
            "module.project_eks_cluster.data.aws_iam_instance_profile.custom_worker_group_iam_instance_profile",
            "module.project_eks_cluster.data.aws_iam_instance_profile.custom_worker_group_launch_template_iam_instance_profile",
            "module.project_eks_cluster.data.aws_iam_policy_document.cluster_assume_role_policy",
            "module.project_eks_cluster.data.aws_iam_policy_document.cluster_deny_log_group",
            "module.project_eks_cluster.data.aws_iam_policy_document.cluster_elb_sl_role_creation",
            "module.project_eks_cluster.data.aws_iam_policy_document.workers_assume_role_policy",
            "module.project_eks_cluster.data.aws_iam_role.custom_cluster_iam_role",
            "module.project_eks_cluster.data.aws_partition.current",
            "module.project_eks_cluster.data.http.wait_for_cluster",
            "module.project_eks_cluster.kubernetes_config_map.aws_auth",
            "module.project_eks_cluster.local_file.kubeconfig",
            "module.project_eks_cluster.module.fargate.aws_eks_fargate_profile.this",
            "module.project_eks_cluster.module.fargate.aws_iam_role.eks_fargate_pod",
            "module.project_eks_cluster.module.fargate.aws_iam_role_policy_attachment.eks_fargate_pod",
            "module.project_eks_cluster.module.fargate.data.aws_iam_policy_document.eks_fargate_pod_assume_role",
            "module.project_eks_cluster.module.fargate.data.aws_iam_role.custom_fargate_iam_role",
            "module.project_eks_cluster.module.fargate.data.aws_partition.current",
            "module.project_eks_cluster.module.node_groups.aws_eks_node_group.workers",
            "module.project_eks_cluster.module.node_groups.aws_launch_template.workers",
            "module.project_eks_cluster.module.node_groups.data.cloudinit_config.workers_userdata",
            "module.vpc.aws_cloudwatch_log_group.flow_log",
            "module.vpc.aws_customer_gateway.this",
            "module.vpc.aws_db_subnet_group.database",
            "module.vpc.aws_default_network_acl.this",
            "module.vpc.aws_default_route_table.default",
            "module.vpc.aws_default_security_group.this",
            "module.vpc.aws_default_vpc.this",
            "module.vpc.aws_egress_only_internet_gateway.this",
            "module.vpc.aws_eip.nat",
            "module.vpc.aws_elasticache_subnet_group.elasticache",
            "module.vpc.aws_flow_log.this",
            "module.vpc.aws_iam_policy.vpc_flow_log_cloudwatch",
            "module.vpc.aws_iam_role.vpc_flow_log_cloudwatch",
            "module.vpc.aws_iam_role_policy_attachment.vpc_flow_log_cloudwatch",
            "module.vpc.aws_internet_gateway.this",
            "module.vpc.aws_nat_gateway.this",
            "module.vpc.aws_network_acl.database",
            "module.vpc.aws_network_acl.elasticache",
            "module.vpc.aws_network_acl.intra",
            "module.vpc.aws_network_acl.outpost",
            "module.vpc.aws_network_acl.private",
            "module.vpc.aws_network_acl.public",
            "module.vpc.aws_network_acl.redshift",
            "module.vpc.aws_network_acl_rule.database_inbound",
            "module.vpc.aws_network_acl_rule.database_outbound",
            "module.vpc.aws_network_acl_rule.elasticache_inbound",
            "module.vpc.aws_network_acl_rule.elasticache_outbound",
            "module.vpc.aws_network_acl_rule.intra_inbound",
            "module.vpc.aws_network_acl_rule.intra_outbound",
            "module.vpc.aws_network_acl_rule.outpost_inbound",
            "module.vpc.aws_network_acl_rule.outpost_outbound",
            "module.vpc.aws_network_acl_rule.private_inbound",
            "module.vpc.aws_network_acl_rule.private_outbound",
            "module.vpc.aws_network_acl_rule.public_inbound",
            "module.vpc.aws_network_acl_rule.public_outbound",
            "module.vpc.aws_network_acl_rule.redshift_inbound",
            "module.vpc.aws_network_acl_rule.redshift_outbound",
            "module.vpc.aws_redshift_subnet_group.redshift",
            "module.vpc.aws_route.database_internet_gateway",
            "module.vpc.aws_route.database_ipv6_egress",
            "module.vpc.aws_route.database_nat_gateway",
            "module.vpc.aws_route.private_ipv6_egress",
            "module.vpc.aws_route.private_nat_gateway",
            "module.vpc.aws_route.public_internet_gateway",
            "module.vpc.aws_route.public_internet_gateway_ipv6",
            "module.vpc.aws_route_table.database",
            "module.vpc.aws_route_table.elasticache",
            "module.vpc.aws_route_table.intra",
            "module.vpc.aws_route_table.private",
            "module.vpc.aws_route_table.public",
            "module.vpc.aws_route_table.redshift",
            "module.vpc.aws_route_table_association.database",
            "module.vpc.aws_route_table_association.elasticache",
            "module.vpc.aws_route_table_association.intra",
            "module.vpc.aws_route_table_association.outpost",
            "module.vpc.aws_route_table_association.private",
            "module.vpc.aws_route_table_association.public",
            "module.vpc.aws_route_table_association.redshift",
            "module.vpc.aws_route_table_association.redshift_public",
            "module.vpc.aws_subnet.database",
            "module.vpc.aws_subnet.elasticache",
            "module.vpc.aws_subnet.intra",
            "module.vpc.aws_subnet.outpost",
            "module.vpc.aws_subnet.private",
            "module.vpc.aws_subnet.public",
            "module.vpc.aws_subnet.redshift",
            "module.vpc.aws_vpc.this",
            "module.vpc.aws_vpc_dhcp_options.this",
            "module.vpc.aws_vpc_dhcp_options_association.this",
            "module.vpc.aws_vpc_ipv4_cidr_block_association.this",
            "module.vpc.aws_vpn_gateway.this",
            "module.vpc.aws_vpn_gateway_attachment.this",
            "module.vpc.aws_vpn_gateway_route_propagation.intra",
            "module.vpc.aws_vpn_gateway_route_propagation.private",
            "module.vpc.aws_vpn_gateway_route_propagation.public",
            "module.vpc.data.aws_iam_policy_document.flow_log_cloudwatch_assume_role",
            "module.vpc.data.aws_iam_policy_document.vpc_flow_log_cloudwatch"
          ]
        }
      ]
    },
    {
      "mode": "managed",
      "type": "kubernetes_cluster_role",
      "name": "kubernetes_role_dev",
      "provider": "provider[\"registry.terraform.io/hashicorp/kubernetes\"]",
      "instances": [
        {
          "schema_version": 0,
          "attributes": {
            "aggregation_rule": [],
            "id": "ad-cluster-devs",
            "metadata": [
              {
                "annotations": null,
                "generation": 0,
                "labels": {
                  "test": "ad-cluster-devs"
                },
                "name": "ad-cluster-devs",
                "resource_version": "1159",
                "uid": "b739e04a-f87f-4d1c-a398-53b7f151c5aa"
              }
            ],
            "rule": [
              {
                "api_groups": [
                  ""
                ],
                "non_resource_urls": null,
                "resource_names": null,
                "resources": [
                  "*"
                ],
                "verbs": [
                  "get",
                  "list",
                  "watch"
                ]
              }
            ]
          },
          "sensitive_attributes": [],
          "private": "bnVsbA==",
          "dependencies": [
            "aws_eip.nat",
            "aws_iam_group.K8sClusterAdmin-group",
            "aws_iam_group.K8sDeveloper-group",
            "aws_iam_group.K8sFullAdmin-group",
            "aws_iam_group_policy_attachment.K8sClusterAdmin-group-policy-attach",
            "aws_iam_group_policy_attachment.K8sDeveloper-group-policy-attach",
            "aws_iam_group_policy_attachment.K8sFullAdmin-group-policy-attach",
            "aws_iam_policy.K8sClusterAdmin-group-policy",
            "aws_iam_policy.K8sDeveloper-group-policy",
            "aws_iam_policy.K8sFullAdmin-group-policy",
            "aws_iam_role.eks-default-role",
            "data.aws_availability_zones.available",
            "data.aws_caller_identity.current",
            "data.aws_eks_cluster.cluster",
            "data.aws_eks_cluster_auth.cluster",
            "module.project_eks_cluster.aws_autoscaling_group.workers",
            "module.project_eks_cluster.aws_autoscaling_group.workers_launch_template",
            "module.project_eks_cluster.aws_cloudwatch_log_group.this",
            "module.project_eks_cluster.aws_eks_cluster.this",
            "module.project_eks_cluster.aws_iam_instance_profile.workers",
            "module.project_eks_cluster.aws_iam_instance_profile.workers_launch_template",
            "module.project_eks_cluster.aws_iam_openid_connect_provider.oidc_provider",
            "module.project_eks_cluster.aws_iam_policy.cluster_deny_log_group",
            "module.project_eks_cluster.aws_iam_policy.cluster_elb_sl_role_creation",
            "module.project_eks_cluster.aws_iam_role.cluster",
            "module.project_eks_cluster.aws_iam_role.workers",
            "module.project_eks_cluster.aws_iam_role_policy_attachment.cluster_AmazonEKSClusterPolicy",
            "module.project_eks_cluster.aws_iam_role_policy_attachment.cluster_AmazonEKSServicePolicy",
            "module.project_eks_cluster.aws_iam_role_policy_attachment.cluster_AmazonEKSVPCResourceControllerPolicy",
            "module.project_eks_cluster.aws_iam_role_policy_attachment.cluster_deny_log_group",
            "module.project_eks_cluster.aws_iam_role_policy_attachment.cluster_elb_sl_role_creation",
            "module.project_eks_cluster.aws_iam_role_policy_attachment.workers_AmazonEC2ContainerRegistryReadOnly",
            "module.project_eks_cluster.aws_iam_role_policy_attachment.workers_AmazonEKSWorkerNodePolicy",
            "module.project_eks_cluster.aws_iam_role_policy_attachment.workers_AmazonEKS_CNI_Policy",
            "module.project_eks_cluster.aws_iam_role_policy_attachment.workers_additional_policies",
            "module.project_eks_cluster.aws_launch_configuration.workers",
            "module.project_eks_cluster.aws_launch_template.workers_launch_template",
            "module.project_eks_cluster.aws_security_group.cluster",
            "module.project_eks_cluster.aws_security_group.workers",
            "module.project_eks_cluster.aws_security_group_rule.cluster_egress_internet",
            "module.project_eks_cluster.aws_security_group_rule.cluster_https_worker_ingress",
            "module.project_eks_cluster.aws_security_group_rule.cluster_primary_ingress_workers",
            "module.project_eks_cluster.aws_security_group_rule.cluster_private_access_cidrs_source",
            "module.project_eks_cluster.aws_security_group_rule.cluster_private_access_sg_source",
            "module.project_eks_cluster.aws_security_group_rule.workers_egress_internet",
            "module.project_eks_cluster.aws_security_group_rule.workers_ingress_cluster",
            "module.project_eks_cluster.aws_security_group_rule.workers_ingress_cluster_https",
            "module.project_eks_cluster.aws_security_group_rule.workers_ingress_cluster_kubelet",
            "module.project_eks_cluster.aws_security_group_rule.workers_ingress_cluster_primary",
            "module.project_eks_cluster.aws_security_group_rule.workers_ingress_self",
            "module.project_eks_cluster.data.aws_ami.eks_worker",
            "module.project_eks_cluster.data.aws_ami.eks_worker_windows",
            "module.project_eks_cluster.data.aws_caller_identity.current",
            "module.project_eks_cluster.data.aws_iam_instance_profile.custom_worker_group_iam_instance_profile",
            "module.project_eks_cluster.data.aws_iam_instance_profile.custom_worker_group_launch_template_iam_instance_profile",
            "module.project_eks_cluster.data.aws_iam_policy_document.cluster_assume_role_policy",
            "module.project_eks_cluster.data.aws_iam_policy_document.cluster_deny_log_group",
            "module.project_eks_cluster.data.aws_iam_policy_document.cluster_elb_sl_role_creation",
            "module.project_eks_cluster.data.aws_iam_policy_document.workers_assume_role_policy",
            "module.project_eks_cluster.data.aws_iam_role.custom_cluster_iam_role",
            "module.project_eks_cluster.data.aws_partition.current",
            "module.project_eks_cluster.data.http.wait_for_cluster",
            "module.project_eks_cluster.kubernetes_config_map.aws_auth",
            "module.project_eks_cluster.local_file.kubeconfig",
            "module.project_eks_cluster.module.fargate.aws_eks_fargate_profile.this",
            "module.project_eks_cluster.module.fargate.aws_iam_role.eks_fargate_pod",
            "module.project_eks_cluster.module.fargate.aws_iam_role_policy_attachment.eks_fargate_pod",
            "module.project_eks_cluster.module.fargate.data.aws_iam_policy_document.eks_fargate_pod_assume_role",
            "module.project_eks_cluster.module.fargate.data.aws_iam_role.custom_fargate_iam_role",
            "module.project_eks_cluster.module.fargate.data.aws_partition.current",
            "module.project_eks_cluster.module.node_groups.aws_eks_node_group.workers",
            "module.project_eks_cluster.module.node_groups.aws_launch_template.workers",
            "module.project_eks_cluster.module.node_groups.data.cloudinit_config.workers_userdata",
            "module.vpc.aws_cloudwatch_log_group.flow_log",
            "module.vpc.aws_customer_gateway.this",
            "module.vpc.aws_db_subnet_group.database",
            "module.vpc.aws_default_network_acl.this",
            "module.vpc.aws_default_route_table.default",
            "module.vpc.aws_default_security_group.this",
            "module.vpc.aws_default_vpc.this",
            "module.vpc.aws_egress_only_internet_gateway.this",
            "module.vpc.aws_eip.nat",
            "module.vpc.aws_elasticache_subnet_group.elasticache",
            "module.vpc.aws_flow_log.this",
            "module.vpc.aws_iam_policy.vpc_flow_log_cloudwatch",
            "module.vpc.aws_iam_role.vpc_flow_log_cloudwatch",
            "module.vpc.aws_iam_role_policy_attachment.vpc_flow_log_cloudwatch",
            "module.vpc.aws_internet_gateway.this",
            "module.vpc.aws_nat_gateway.this",
            "module.vpc.aws_network_acl.database",
            "module.vpc.aws_network_acl.elasticache",
            "module.vpc.aws_network_acl.intra",
            "module.vpc.aws_network_acl.outpost",
            "module.vpc.aws_network_acl.private",
            "module.vpc.aws_network_acl.public",
            "module.vpc.aws_network_acl.redshift",
            "module.vpc.aws_network_acl_rule.database_inbound",
            "module.vpc.aws_network_acl_rule.database_outbound",
            "module.vpc.aws_network_acl_rule.elasticache_inbound",
            "module.vpc.aws_network_acl_rule.elasticache_outbound",
            "module.vpc.aws_network_acl_rule.intra_inbound",
            "module.vpc.aws_network_acl_rule.intra_outbound",
            "module.vpc.aws_network_acl_rule.outpost_inbound",
            "module.vpc.aws_network_acl_rule.outpost_outbound",
            "module.vpc.aws_network_acl_rule.private_inbound",
            "module.vpc.aws_network_acl_rule.private_outbound",
            "module.vpc.aws_network_acl_rule.public_inbound",
            "module.vpc.aws_network_acl_rule.public_outbound",
            "module.vpc.aws_network_acl_rule.redshift_inbound",
            "module.vpc.aws_network_acl_rule.redshift_outbound",
            "module.vpc.aws_redshift_subnet_group.redshift",
            "module.vpc.aws_route.database_internet_gateway",
            "module.vpc.aws_route.database_ipv6_egress",
            "module.vpc.aws_route.database_nat_gateway",
            "module.vpc.aws_route.private_ipv6_egress",
            "module.vpc.aws_route.private_nat_gateway",
            "module.vpc.aws_route.public_internet_gateway",
            "module.vpc.aws_route.public_internet_gateway_ipv6",
            "module.vpc.aws_route_table.database",
            "module.vpc.aws_route_table.elasticache",
            "module.vpc.aws_route_table.intra",
            "module.vpc.aws_route_table.private",
            "module.vpc.aws_route_table.public",
            "module.vpc.aws_route_table.redshift",
            "module.vpc.aws_route_table_association.database",
            "module.vpc.aws_route_table_association.elasticache",
            "module.vpc.aws_route_table_association.intra",
            "module.vpc.aws_route_table_association.outpost",
            "module.vpc.aws_route_table_association.private",
            "module.vpc.aws_route_table_association.public",
            "module.vpc.aws_route_table_association.redshift",
            "module.vpc.aws_route_table_association.redshift_public",
            "module.vpc.aws_subnet.database",
            "module.vpc.aws_subnet.elasticache",
            "module.vpc.aws_subnet.intra",
            "module.vpc.aws_subnet.outpost",
            "module.vpc.aws_subnet.private",
            "module.vpc.aws_subnet.public",
            "module.vpc.aws_subnet.redshift",
            "module.vpc.aws_vpc.this",
            "module.vpc.aws_vpc_dhcp_options.this",
            "module.vpc.aws_vpc_dhcp_options_association.this",
            "module.vpc.aws_vpc_ipv4_cidr_block_association.this",
            "module.vpc.aws_vpn_gateway.this",
            "module.vpc.aws_vpn_gateway_attachment.this",
            "module.vpc.aws_vpn_gateway_route_propagation.intra",
            "module.vpc.aws_vpn_gateway_route_propagation.private",
            "module.vpc.aws_vpn_gateway_route_propagation.public",
            "module.vpc.data.aws_iam_policy_document.flow_log_cloudwatch_assume_role",
            "module.vpc.data.aws_iam_policy_document.vpc_flow_log_cloudwatch"
          ]
        }
      ]
    },
    {
      "mode": "managed",
      "type": "kubernetes_cluster_role_binding",
      "name": "kubernetes_binding_role_dev",
      "provider": "provider[\"registry.terraform.io/hashicorp/kubernetes\"]",
      "instances": [
        {
          "schema_version": 0,
          "attributes": {
            "id": "ad-cluster-devs-ad-cluster-devs-role-binding",
            "metadata": [
              {
                "annotations": null,
                "generation": 0,
                "labels": null,
                "name": "ad-cluster-devs-ad-cluster-devs-role-binding",
                "resource_version": "1153",
                "uid": "270feebe-7c13-49ef-870b-706f8a8fb793"
              }
            ],
            "role_ref": [
              {
                "api_group": "rbac.authorization.k8s.io",
                "kind": "ClusterRole",
                "name": "ad-cluster-devs"
              }
            ],
            "subject": [
              {
                "api_group": "rbac.authorization.k8s.io",
                "kind": "Group",
                "name": "ad-cluster-devs",
                "namespace": "default"
              }
            ]
          },
          "sensitive_attributes": [],
          "private": "bnVsbA==",
          "dependencies": [
            "aws_eip.nat",
            "aws_iam_group.K8sClusterAdmin-group",
            "aws_iam_group.K8sDeveloper-group",
            "aws_iam_group.K8sFullAdmin-group",
            "aws_iam_group_policy_attachment.K8sClusterAdmin-group-policy-attach",
            "aws_iam_group_policy_attachment.K8sDeveloper-group-policy-attach",
            "aws_iam_group_policy_attachment.K8sFullAdmin-group-policy-attach",
            "aws_iam_policy.K8sClusterAdmin-group-policy",
            "aws_iam_policy.K8sDeveloper-group-policy",
            "aws_iam_policy.K8sFullAdmin-group-policy",
            "data.aws_availability_zones.available",
            "data.aws_caller_identity.current",
            "data.aws_eks_cluster.cluster",
            "data.aws_eks_cluster_auth.cluster",
            "module.project_eks_cluster.aws_cloudwatch_log_group.this",
            "module.project_eks_cluster.aws_eks_cluster.this",
            "module.project_eks_cluster.aws_iam_role.cluster",
            "module.project_eks_cluster.aws_iam_role_policy_attachment.cluster_AmazonEKSClusterPolicy",
            "module.project_eks_cluster.aws_iam_role_policy_attachment.cluster_AmazonEKSServicePolicy",
            "module.project_eks_cluster.aws_iam_role_policy_attachment.cluster_AmazonEKSVPCResourceControllerPolicy",
            "module.project_eks_cluster.aws_security_group.cluster",
            "module.project_eks_cluster.aws_security_group.workers",
            "module.project_eks_cluster.aws_security_group_rule.cluster_egress_internet",
            "module.project_eks_cluster.aws_security_group_rule.cluster_https_worker_ingress",
            "module.project_eks_cluster.aws_security_group_rule.cluster_private_access_cidrs_source",
            "module.project_eks_cluster.aws_security_group_rule.cluster_private_access_sg_source",
            "module.project_eks_cluster.data.aws_iam_policy_document.cluster_assume_role_policy",
            "module.project_eks_cluster.data.aws_iam_role.custom_cluster_iam_role",
            "module.project_eks_cluster.data.aws_partition.current",
            "module.project_eks_cluster.data.http.wait_for_cluster",
            "module.vpc.aws_cloudwatch_log_group.flow_log",
            "module.vpc.aws_customer_gateway.this",
            "module.vpc.aws_db_subnet_group.database",
            "module.vpc.aws_default_network_acl.this",
            "module.vpc.aws_default_route_table.default",
            "module.vpc.aws_default_security_group.this",
            "module.vpc.aws_default_vpc.this",
            "module.vpc.aws_egress_only_internet_gateway.this",
            "module.vpc.aws_eip.nat",
            "module.vpc.aws_elasticache_subnet_group.elasticache",
            "module.vpc.aws_flow_log.this",
            "module.vpc.aws_iam_policy.vpc_flow_log_cloudwatch",
            "module.vpc.aws_iam_role.vpc_flow_log_cloudwatch",
            "module.vpc.aws_iam_role_policy_attachment.vpc_flow_log_cloudwatch",
            "module.vpc.aws_internet_gateway.this",
            "module.vpc.aws_nat_gateway.this",
            "module.vpc.aws_network_acl.database",
            "module.vpc.aws_network_acl.elasticache",
            "module.vpc.aws_network_acl.intra",
            "module.vpc.aws_network_acl.outpost",
            "module.vpc.aws_network_acl.private",
            "module.vpc.aws_network_acl.public",
            "module.vpc.aws_network_acl.redshift",
            "module.vpc.aws_network_acl_rule.database_inbound",
            "module.vpc.aws_network_acl_rule.database_outbound",
            "module.vpc.aws_network_acl_rule.elasticache_inbound",
            "module.vpc.aws_network_acl_rule.elasticache_outbound",
            "module.vpc.aws_network_acl_rule.intra_inbound",
            "module.vpc.aws_network_acl_rule.intra_outbound",
            "module.vpc.aws_network_acl_rule.outpost_inbound",
            "module.vpc.aws_network_acl_rule.outpost_outbound",
            "module.vpc.aws_network_acl_rule.private_inbound",
            "module.vpc.aws_network_acl_rule.private_outbound",
            "module.vpc.aws_network_acl_rule.public_inbound",
            "module.vpc.aws_network_acl_rule.public_outbound",
            "module.vpc.aws_network_acl_rule.redshift_inbound",
            "module.vpc.aws_network_acl_rule.redshift_outbound",
            "module.vpc.aws_redshift_subnet_group.redshift",
            "module.vpc.aws_route.database_internet_gateway",
            "module.vpc.aws_route.database_ipv6_egress",
            "module.vpc.aws_route.database_nat_gateway",
            "module.vpc.aws_route.private_ipv6_egress",
            "module.vpc.aws_route.private_nat_gateway",
            "module.vpc.aws_route.public_internet_gateway",
            "module.vpc.aws_route.public_internet_gateway_ipv6",
            "module.vpc.aws_route_table.database",
            "module.vpc.aws_route_table.elasticache",
            "module.vpc.aws_route_table.intra",
            "module.vpc.aws_route_table.private",
            "module.vpc.aws_route_table.public",
            "module.vpc.aws_route_table.redshift",
            "module.vpc.aws_route_table_association.database",
            "module.vpc.aws_route_table_association.elasticache",
            "module.vpc.aws_route_table_association.intra",
            "module.vpc.aws_route_table_association.outpost",
            "module.vpc.aws_route_table_association.private",
            "module.vpc.aws_route_table_association.public",
            "module.vpc.aws_route_table_association.redshift",
            "module.vpc.aws_route_table_association.redshift_public",
            "module.vpc.aws_subnet.database",
            "module.vpc.aws_subnet.elasticache",
            "module.vpc.aws_subnet.intra",
            "module.vpc.aws_subnet.outpost",
            "module.vpc.aws_subnet.private",
            "module.vpc.aws_subnet.public",
            "module.vpc.aws_subnet.redshift",
            "module.vpc.aws_vpc.this",
            "module.vpc.aws_vpc_dhcp_options.this",
            "module.vpc.aws_vpc_dhcp_options_association.this",
            "module.vpc.aws_vpc_ipv4_cidr_block_association.this",
            "module.vpc.aws_vpn_gateway.this",
            "module.vpc.aws_vpn_gateway_attachment.this",
            "module.vpc.aws_vpn_gateway_route_propagation.intra",
            "module.vpc.aws_vpn_gateway_route_propagation.private",
            "module.vpc.aws_vpn_gateway_route_propagation.public",
            "module.vpc.data.aws_iam_policy_document.flow_log_cloudwatch_assume_role",
            "module.vpc.data.aws_iam_policy_document.vpc_flow_log_cloudwatch"
          ]
        }
      ]
    },
    {
      "mode": "managed",
      "type": "kubernetes_cluster_role_binding",
      "name": "new_role_binding",
      "provider": "provider[\"registry.terraform.io/hashicorp/kubernetes\"]",
      "instances": [
        {
          "schema_version": 0,
          "attributes": {
            "id": "ad-cluster-admins-ad-cluster-admins-role-binding",
            "metadata": [
              {
                "annotations": null,
                "generation": 0,
                "labels": null,
                "name": "ad-cluster-admins-ad-cluster-admins-role-binding",
                "resource_version": "1154",
                "uid": "aa264930-35d0-416a-b652-35dd20a01668"
              }
            ],
            "role_ref": [
              {
                "api_group": "rbac.authorization.k8s.io",
                "kind": "ClusterRole",
                "name": "ad-cluster-admins"
              }
            ],
            "subject": [
              {
                "api_group": "rbac.authorization.k8s.io",
                "kind": "Group",
                "name": "ad-cluster-admins",
                "namespace": "default"
              }
            ]
          },
          "sensitive_attributes": [],
          "private": "bnVsbA==",
          "dependencies": [
            "aws_eip.nat",
            "aws_iam_group.K8sClusterAdmin-group",
            "aws_iam_group.K8sDeveloper-group",
            "aws_iam_group.K8sFullAdmin-group",
            "aws_iam_group_policy_attachment.K8sClusterAdmin-group-policy-attach",
            "aws_iam_group_policy_attachment.K8sDeveloper-group-policy-attach",
            "aws_iam_group_policy_attachment.K8sFullAdmin-group-policy-attach",
            "aws_iam_policy.K8sClusterAdmin-group-policy",
            "aws_iam_policy.K8sDeveloper-group-policy",
            "aws_iam_policy.K8sFullAdmin-group-policy",
            "data.aws_availability_zones.available",
            "data.aws_caller_identity.current",
            "data.aws_eks_cluster.cluster",
            "data.aws_eks_cluster_auth.cluster",
            "module.project_eks_cluster.aws_cloudwatch_log_group.this",
            "module.project_eks_cluster.aws_eks_cluster.this",
            "module.project_eks_cluster.aws_iam_role.cluster",
            "module.project_eks_cluster.aws_iam_role_policy_attachment.cluster_AmazonEKSClusterPolicy",
            "module.project_eks_cluster.aws_iam_role_policy_attachment.cluster_AmazonEKSServicePolicy",
            "module.project_eks_cluster.aws_iam_role_policy_attachment.cluster_AmazonEKSVPCResourceControllerPolicy",
            "module.project_eks_cluster.aws_security_group.cluster",
            "module.project_eks_cluster.aws_security_group.workers",
            "module.project_eks_cluster.aws_security_group_rule.cluster_egress_internet",
            "module.project_eks_cluster.aws_security_group_rule.cluster_https_worker_ingress",
            "module.project_eks_cluster.aws_security_group_rule.cluster_private_access_cidrs_source",
            "module.project_eks_cluster.aws_security_group_rule.cluster_private_access_sg_source",
            "module.project_eks_cluster.data.aws_iam_policy_document.cluster_assume_role_policy",
            "module.project_eks_cluster.data.aws_iam_role.custom_cluster_iam_role",
            "module.project_eks_cluster.data.aws_partition.current",
            "module.project_eks_cluster.data.http.wait_for_cluster",
            "module.vpc.aws_cloudwatch_log_group.flow_log",
            "module.vpc.aws_customer_gateway.this",
            "module.vpc.aws_db_subnet_group.database",
            "module.vpc.aws_default_network_acl.this",
            "module.vpc.aws_default_route_table.default",
            "module.vpc.aws_default_security_group.this",
            "module.vpc.aws_default_vpc.this",
            "module.vpc.aws_egress_only_internet_gateway.this",
            "module.vpc.aws_eip.nat",
            "module.vpc.aws_elasticache_subnet_group.elasticache",
            "module.vpc.aws_flow_log.this",
            "module.vpc.aws_iam_policy.vpc_flow_log_cloudwatch",
            "module.vpc.aws_iam_role.vpc_flow_log_cloudwatch",
            "module.vpc.aws_iam_role_policy_attachment.vpc_flow_log_cloudwatch",
            "module.vpc.aws_internet_gateway.this",
            "module.vpc.aws_nat_gateway.this",
            "module.vpc.aws_network_acl.database",
            "module.vpc.aws_network_acl.elasticache",
            "module.vpc.aws_network_acl.intra",
            "module.vpc.aws_network_acl.outpost",
            "module.vpc.aws_network_acl.private",
            "module.vpc.aws_network_acl.public",
            "module.vpc.aws_network_acl.redshift",
            "module.vpc.aws_network_acl_rule.database_inbound",
            "module.vpc.aws_network_acl_rule.database_outbound",
            "module.vpc.aws_network_acl_rule.elasticache_inbound",
            "module.vpc.aws_network_acl_rule.elasticache_outbound",
            "module.vpc.aws_network_acl_rule.intra_inbound",
            "module.vpc.aws_network_acl_rule.intra_outbound",
            "module.vpc.aws_network_acl_rule.outpost_inbound",
            "module.vpc.aws_network_acl_rule.outpost_outbound",
            "module.vpc.aws_network_acl_rule.private_inbound",
            "module.vpc.aws_network_acl_rule.private_outbound",
            "module.vpc.aws_network_acl_rule.public_inbound",
            "module.vpc.aws_network_acl_rule.public_outbound",
            "module.vpc.aws_network_acl_rule.redshift_inbound",
            "module.vpc.aws_network_acl_rule.redshift_outbound",
            "module.vpc.aws_redshift_subnet_group.redshift",
            "module.vpc.aws_route.database_internet_gateway",
            "module.vpc.aws_route.database_ipv6_egress",
            "module.vpc.aws_route.database_nat_gateway",
            "module.vpc.aws_route.private_ipv6_egress",
            "module.vpc.aws_route.private_nat_gateway",
            "module.vpc.aws_route.public_internet_gateway",
            "module.vpc.aws_route.public_internet_gateway_ipv6",
            "module.vpc.aws_route_table.database",
            "module.vpc.aws_route_table.elasticache",
            "module.vpc.aws_route_table.intra",
            "module.vpc.aws_route_table.private",
            "module.vpc.aws_route_table.public",
            "module.vpc.aws_route_table.redshift",
            "module.vpc.aws_route_table_association.database",
            "module.vpc.aws_route_table_association.elasticache",
            "module.vpc.aws_route_table_association.intra",
            "module.vpc.aws_route_table_association.outpost",
            "module.vpc.aws_route_table_association.private",
            "module.vpc.aws_route_table_association.public",
            "module.vpc.aws_route_table_association.redshift",
            "module.vpc.aws_route_table_association.redshift_public",
            "module.vpc.aws_subnet.database",
            "module.vpc.aws_subnet.elasticache",
            "module.vpc.aws_subnet.intra",
            "module.vpc.aws_subnet.outpost",
            "module.vpc.aws_subnet.private",
            "module.vpc.aws_subnet.public",
            "module.vpc.aws_subnet.redshift",
            "module.vpc.aws_vpc.this",
            "module.vpc.aws_vpc_dhcp_options.this",
            "module.vpc.aws_vpc_dhcp_options_association.this",
            "module.vpc.aws_vpc_ipv4_cidr_block_association.this",
            "module.vpc.aws_vpn_gateway.this",
            "module.vpc.aws_vpn_gateway_attachment.this",
            "module.vpc.aws_vpn_gateway_route_propagation.intra",
            "module.vpc.aws_vpn_gateway_route_propagation.private",
            "module.vpc.aws_vpn_gateway_route_propagation.public",
            "module.vpc.data.aws_iam_policy_document.flow_log_cloudwatch_assume_role",
            "module.vpc.data.aws_iam_policy_document.vpc_flow_log_cloudwatch"
          ]
        }
      ]
    },
    {
      "mode": "managed",
      "type": "random_pet",
      "name": "random",
      "provider": "provider[\"registry.terraform.io/hashicorp/random\"]",
      "instances": [
        {
          "index_key": 0,
          "schema_version": 0,
          "attributes": {
            "id": "airedale",
            "keepers": {
              "name": "subnet-0c2cbcee5fcc0b71c-1.23-t3a.medium-t3a.xlarge-1"
            },
            "length": 1,
            "prefix": null,
            "separator": "-"
          },
          "sensitive_attributes": [],
          "dependencies": [
            "data.aws_availability_zones.available",
            "module.vpc.aws_subnet.private",
            "module.vpc.aws_vpc.this",
            "module.vpc.aws_vpc_ipv4_cidr_block_association.this"
          ],
          "create_before_destroy": true
        },
        {
          "index_key": 1,
          "schema_version": 0,
          "attributes": {
            "id": "yeti",
            "keepers": {
              "name": "subnet-01c09bcdee823354f-1.23-t3a.medium-t3a.xlarge-1"
            },
            "length": 1,
            "prefix": null,
            "separator": "-"
          },
          "sensitive_attributes": [],
          "dependencies": [
            "data.aws_availability_zones.available",
            "module.vpc.aws_subnet.private",
            "module.vpc.aws_vpc.this",
            "module.vpc.aws_vpc_ipv4_cidr_block_association.this"
          ],
          "create_before_destroy": true
        }
      ]
    },
    {
      "mode": "managed",
      "type": "tls_private_key",
      "name": "this",
      "provider": "provider[\"registry.terraform.io/hashicorp/tls\"]",
      "instances": [
        {
          "schema_version": 1,
          "attributes": {
            "algorithm": "RSA",
            "ecdsa_curve": "P224",
            "id": "f92ff9b0b09975892b440d1f342e44032b2d8c97",
            "private_key_openssh": "-----BEGIN OPENSSH PRIVATE KEY-----\nb3BlbnNzaC1rZXktdjEAAAAABG5vbmUAAAAEbm9uZQAAAAAAAAABAAABFwAAAAdz\nc2gtcnNhAAAAAwEAAQAAAQEAujU5Jl0wp6Va0AYB9kHmF8FJbRMWen27aqg9Kzx/\nIb+sBEZR3jexhGGVds5upXCOWtNo45zSnOAMnGzq5ZLg2TLOw1JhKnRZbZ524+I/\npD4L2MGoOppEJAivJgI+T0ZZ5fc4ThyBHfxZ2C8qOEvCB5vEnxOOXfD0ZPXfR0hT\neGrDlpNIWz3G5YEcVw20fFDCKmpFmMcm8J08WkIEjlgO9REhLnqP2+VkFNgsfRAm\nHqSvhiIJRMwGBEU4zMthWbcJn119w6wfboZbcidlJLYiVVTPoQexplDy627CgCf8\n3+TaqrvIB2Y8iRxlsC91oxuC1i1kXEgGKkHDYsnn/frxNQAAA7gvYwN2L2MDdgAA\nAAdzc2gtcnNhAAABAQC6NTkmXTCnpVrQBgH2QeYXwUltExZ6fbtqqD0rPH8hv6wE\nRlHeN7GEYZV2zm6lcI5a02jjnNKc4AycbOrlkuDZMs7DUmEqdFltnnbj4j+kPgvY\nwag6mkQkCK8mAj5PRlnl9zhOHIEd/FnYLyo4S8IHm8SfE45d8PRk9d9HSFN4asOW\nk0hbPcblgRxXDbR8UMIqakWYxybwnTxaQgSOWA71ESEueo/b5WQU2Cx9ECYepK+G\nIglEzAYERTjMy2FZtwmfXX3DrB9uhltyJ2UktiJVVM+hB7GmUPLrbsKAJ/zf5Nqq\nu8gHZjyJHGWwL3WjG4LWLWRcSAYqQcNiyef9+vE1AAAAAwEAAQAAAQBkLKffLLk1\nJ27whJrfmVooo3JV/LPWF/gQjAvES9p1FIF9FzuJ2dplRn47GRlLZX8f+6Xs9XwU\nqy/9o1bHRLoz/vJe/92IEmnd4CdDt37XZA3JgX14cW+BFy7qusA8s7M/VT10QD9y\nG0VWWSFUgeUTZMhlcAbiIPPJsMB6v70wBQzRIH9SNI/j6HijNlx1ThwheQRs9ZEw\n6dmD/hx8jKR2zv1XDgBQbHCmhuzmBeD30t+uD7ikmkklmXO++2Xni+AEwujapzpJ\nKJ8tKj0mYneOBkSSqaM8lcNMfh7IDk10ZlrNkAegrNoL4Qnt4LgQ6Y8cbpFqSs9T\nD1JGRJnb/9HBAAAAgQCY1qZM7Sl8VrmQxpq675FSLTBoWULJ4BKKeaSg/VFmyr/f\nZha7vjDOg+XcssYZ0eNpbP9uerLqaaraI3AjhGretWiCQhJ0osJ9kgYMLh3inUg+\nU6EoWl2gH+wpoD5LiQpRdpXdh1ATrF74M3PPeEG4OQfDadDNbAM12dMKY9NpYAAA\nAIEA371OSNuyV5mDuvxzv6VJ78zns7o/n0j/GyCiGFwLq7BZOd/kNcOe7DfqrW0z\n0YiQl0d9scA+9YxlsXIUS0XWmD4jcu7rdb1yCId54sQYpMW44sMqcnYlFNMBXcEL\nZYuL6kgxPIptfdTeeIh3+0GItQInz4hzrt0zXra5D8mTU4UAAACBANUOjFksYNzt\nQrJhoUj9X/2UDaljQLKzmRZqJwgCKhvPWUjmvubaV0qVdgkooSOZQLAbvE4iXmSD\nypQM9rNOnMCFDYkNOlIi2ik9g+E+pNbJltaXK3/AR6Jk1NplDaMYK326QUIu/hzh\nfAB2cVSKJoVg2cM0TAxTPsGSa8P2yl3xAAAAAAEC\n-----END OPENSSH PRIVATE KEY-----\n",
            "private_key_pem": "-----BEGIN RSA PRIVATE KEY-----\nMIIEpAIBAAKCAQEAujU5Jl0wp6Va0AYB9kHmF8FJbRMWen27aqg9Kzx/Ib+sBEZR\n3jexhGGVds5upXCOWtNo45zSnOAMnGzq5ZLg2TLOw1JhKnRZbZ524+I/pD4L2MGo\nOppEJAivJgI+T0ZZ5fc4ThyBHfxZ2C8qOEvCB5vEnxOOXfD0ZPXfR0hTeGrDlpNI\nWz3G5YEcVw20fFDCKmpFmMcm8J08WkIEjlgO9REhLnqP2+VkFNgsfRAmHqSvhiIJ\nRMwGBEU4zMthWbcJn119w6wfboZbcidlJLYiVVTPoQexplDy627CgCf83+TaqrvI\nB2Y8iRxlsC91oxuC1i1kXEgGKkHDYsnn/frxNQIDAQABAoIBAGQsp98suTUnbvCE\nmt+ZWiijclX8s9YX+BCMC8RL2nUUgX0XO4nZ2mVGfjsZGUtlfx/7pez1fBSrL/2j\nVsdEujP+8l7/3YgSad3gJ0O3ftdkDcmBfXhxb4EXLuq6wDyzsz9VPXRAP3IbRVZZ\nIVSB5RNkyGVwBuIg88mwwHq/vTAFDNEgf1I0j+PoeKM2XHVOHCF5BGz1kTDp2YP+\nHHyMpHbO/VcOAFBscKaG7OYF4PfS364PuKSaSSWZc777ZeeL4ATC6NqnOkkony0q\nPSZid44GRJKpozyVw0x+HsgOTXRmWs2QB6Cs2gvhCe3guBDpjxxukWpKz1MPUkZE\nmdv/0cECgYEA371OSNuyV5mDuvxzv6VJ78zns7o/n0j/GyCiGFwLq7BZOd/kNcOe\n7DfqrW0z0YiQl0d9scA+9YxlsXIUS0XWmD4jcu7rdb1yCId54sQYpMW44sMqcnYl\nFNMBXcELZYuL6kgxPIptfdTeeIh3+0GItQInz4hzrt0zXra5D8mTU4UCgYEA1Q6M\nWSxg3O1CsmGhSP1f/ZQNqWNAsrOZFmonCAIqG89ZSOa+5tpXSpV2CSihI5lAsBu8\nTiJeZIPKlAz2s06cwIUNiQ06UiLaKT2D4T6k1smW1pcrf8BHomTU2mUNoxgrfbpB\nQi7+HOF8AHZxVIomhWDZwzRMDFM+wZJrw/bKXfECgYB4ivibfmpWkeoMGymNjlMI\ndKA9D9JpUh3HksxiTW0oQinAaaT9ZnjAEdxJNbWeZXJpXuYUl1wUVWEQukK+z1Cv\n04Kr0JdhZwECIWOEzlvsom5bFgVPh+Gwl4J77Z7jRczLG7wTPw2Apuh5jiT+ZK9v\nvkqOoJibFKgxlkacf+D1NQKBgQC6ou3rR+bqYaUlokSpLdwixMla8yk/4fhfHEpo\nx4yfo/nw1MGydN425crqpv7RsnRqUUGZqJ3Lq2+QVfLejCTguS1sO3w1a3Z03gBj\nFn9L8HgEL5TZalTWO0ICtrdFgezHTJvSIFxWbGg194u7pPGtsXPRfkSIH3xAEcX5\nen034QKBgQCY1qZM7Sl8VrmQxpq675FSLTBoWULJ4BKKeaSg/VFmyr/fZha7vjDO\ng+XcssYZ0eNpbP9uerLqaaraI3AjhGretWiCQhJ0osJ9kgYMLh3inUg+U6EoWl2g\nH+wpoD5LiQpRdpXdh1ATrF74M3PPeEG4OQfDadDNbAM12dMKY9NpYA==\n-----END RSA PRIVATE KEY-----\n",
            "private_key_pem_pkcs8": "-----BEGIN PRIVATE KEY-----\nMIIEvgIBADANBgkqhkiG9w0BAQEFAASCBKgwggSkAgEAAoIBAQC6NTkmXTCnpVrQ\nBgH2QeYXwUltExZ6fbtqqD0rPH8hv6wERlHeN7GEYZV2zm6lcI5a02jjnNKc4Ayc\nbOrlkuDZMs7DUmEqdFltnnbj4j+kPgvYwag6mkQkCK8mAj5PRlnl9zhOHIEd/FnY\nLyo4S8IHm8SfE45d8PRk9d9HSFN4asOWk0hbPcblgRxXDbR8UMIqakWYxybwnTxa\nQgSOWA71ESEueo/b5WQU2Cx9ECYepK+GIglEzAYERTjMy2FZtwmfXX3DrB9uhlty\nJ2UktiJVVM+hB7GmUPLrbsKAJ/zf5Nqqu8gHZjyJHGWwL3WjG4LWLWRcSAYqQcNi\nyef9+vE1AgMBAAECggEAZCyn3yy5NSdu8ISa35laKKNyVfyz1hf4EIwLxEvadRSB\nfRc7idnaZUZ+OxkZS2V/H/ul7PV8FKsv/aNWx0S6M/7yXv/diBJp3eAnQ7d+12QN\nyYF9eHFvgRcu6rrAPLOzP1U9dEA/chtFVlkhVIHlE2TIZXAG4iDzybDAer+9MAUM\n0SB/UjSP4+h4ozZcdU4cIXkEbPWRMOnZg/4cfIykds79Vw4AUGxwpobs5gXg99Lf\nrg+4pJpJJZlzvvtl54vgBMLo2qc6SSifLSo9JmJ3jgZEkqmjPJXDTH4eyA5NdGZa\nzZAHoKzaC+EJ7eC4EOmPHG6RakrPUw9SRkSZ2//RwQKBgQDfvU5I27JXmYO6/HO/\npUnvzOezuj+fSP8bIKIYXAursFk53+Q1w57sN+qtbTPRiJCXR32xwD71jGWxchRL\nRdaYPiNy7ut1vXIIh3nixBikxbjiwypydiUU0wFdwQtli4vqSDE8im191N54iHf7\nQYi1AifPiHOu3TNetrkPyZNThQKBgQDVDoxZLGDc7UKyYaFI/V/9lA2pY0Cys5kW\naicIAiobz1lI5r7m2ldKlXYJKKEjmUCwG7xOIl5kg8qUDPazTpzAhQ2JDTpSItop\nPYPhPqTWyZbWlyt/wEeiZNTaZQ2jGCt9ukFCLv4c4XwAdnFUiiaFYNnDNEwMUz7B\nkmvD9spd8QKBgHiK+Jt+alaR6gwbKY2OUwh0oD0P0mlSHceSzGJNbShCKcBppP1m\neMAR3Ek1tZ5lcmle5hSXXBRVYRC6Qr7PUK/TgqvQl2FnAQIhY4TOW+yiblsWBU+H\n4bCXgnvtnuNFzMsbvBM/DYCm6HmOJP5kr2++So6gmJsUqDGWRpx/4PU1AoGBALqi\n7etH5uphpSWiRKkt3CLEyVrzKT/h+F8cSmjHjJ+j+fDUwbJ03jblyuqm/tGydGpR\nQZmoncurb5BV8t6MJOC5LWw7fDVrdnTeAGMWf0vweAQvlNlqVNY7QgK2t0WB7MdM\nm9IgXFZsaDX3i7uk8a2xc9F+RIgffEARxfl6fTfhAoGBAJjWpkztKXxWuZDGmrrv\nkVItMGhZQsngEop5pKD9UWbKv99mFru+MM6D5dyyxhnR42ls/256suppqtojcCOE\nat61aIJCEnSiwn2SBgwuHeKdSD5ToShaXaAf7CmgPkuJClF2ld2HUBOsXvgzc894\nQbg5B8Np0M1sAzXZ0wpj02lg\n-----END PRIVATE KEY-----\n",
            "public_key_fingerprint_md5": "b4:1d:11:1b:ce:8a:26:1d:3b:ad:7e:ff:80:aa:9d:f2",
            "public_key_fingerprint_sha256": "SHA256:GZjLFzPjJxCsMqGdukXkfkrxb2ujYcTWx8gvv2KA5Vw",
            "public_key_openssh": "ssh-rsa AAAAB3NzaC1yc2EAAAADAQABAAABAQC6NTkmXTCnpVrQBgH2QeYXwUltExZ6fbtqqD0rPH8hv6wERlHeN7GEYZV2zm6lcI5a02jjnNKc4AycbOrlkuDZMs7DUmEqdFltnnbj4j+kPgvYwag6mkQkCK8mAj5PRlnl9zhOHIEd/FnYLyo4S8IHm8SfE45d8PRk9d9HSFN4asOWk0hbPcblgRxXDbR8UMIqakWYxybwnTxaQgSOWA71ESEueo/b5WQU2Cx9ECYepK+GIglEzAYERTjMy2FZtwmfXX3DrB9uhltyJ2UktiJVVM+hB7GmUPLrbsKAJ/zf5Nqqu8gHZjyJHGWwL3WjG4LWLWRcSAYqQcNiyef9+vE1\n",
            "public_key_pem": "-----BEGIN PUBLIC KEY-----\nMIIBIjANBgkqhkiG9w0BAQEFAAOCAQ8AMIIBCgKCAQEAujU5Jl0wp6Va0AYB9kHm\nF8FJbRMWen27aqg9Kzx/Ib+sBEZR3jexhGGVds5upXCOWtNo45zSnOAMnGzq5ZLg\n2TLOw1JhKnRZbZ524+I/pD4L2MGoOppEJAivJgI+T0ZZ5fc4ThyBHfxZ2C8qOEvC\nB5vEnxOOXfD0ZPXfR0hTeGrDlpNIWz3G5YEcVw20fFDCKmpFmMcm8J08WkIEjlgO\n9REhLnqP2+VkFNgsfRAmHqSvhiIJRMwGBEU4zMthWbcJn119w6wfboZbcidlJLYi\nVVTPoQexplDy627CgCf83+TaqrvIB2Y8iRxlsC91oxuC1i1kXEgGKkHDYsnn/frx\nNQIDAQAB\n-----END PUBLIC KEY-----\n",
            "rsa_bits": 2048
          },
          "sensitive_attributes": [],
          "create_before_destroy": true
        }
      ]
    },
    {
      "module": "module.ec2_cluster[0]",
      "mode": "managed",
      "type": "aws_instance",
      "name": "this",
      "provider": "provider[\"registry.terraform.io/hashicorp/aws\"]",
      "instances": [
        {
          "index_key": 0,
          "schema_version": 1,
          "attributes": {
            "ami": "ami-02b972fec07f1e659",
            "arn": "arn:aws:ec2:us-east-1:370365354210:instance/i-0c8fcfdba55281870",
            "associate_public_ip_address": true,
            "availability_zone": "us-east-1a",
            "capacity_reservation_specification": [
              {
                "capacity_reservation_preference": "open",
                "capacity_reservation_target": []
              }
            ],
            "cpu_core_count": 1,
            "cpu_threads_per_core": 1,
            "credit_specification": [
              {
                "cpu_credits": "standard"
              }
            ],
            "disable_api_stop": false,
            "disable_api_termination": false,
            "ebs_block_device": [],
            "ebs_optimized": false,
            "enclave_options": [
              {
                "enabled": false
              }
            ],
            "ephemeral_block_device": [],
            "get_password_data": false,
            "hibernation": false,
            "host_id": null,
            "host_resource_group_arn": null,
            "iam_instance_profile": "",
            "id": "i-0c8fcfdba55281870",
            "instance_initiated_shutdown_behavior": "stop",
            "instance_state": "running",
            "instance_type": "t2.micro",
            "ipv6_address_count": 0,
            "ipv6_addresses": [],
            "key_name": "project_eks_cluster_ginu-dev-key-pair",
            "launch_template": [],
            "maintenance_options": [
              {
                "auto_recovery": "default"
              }
            ],
            "metadata_options": [
              {
                "http_endpoint": "enabled",
                "http_put_response_hop_limit": 1,
                "http_tokens": "optional",
                "instance_metadata_tags": "disabled"
              }
            ],
            "monitoring": true,
            "network_interface": [],
            "outpost_arn": "",
            "password_data": "",
            "placement_group": "",
            "placement_partition_number": null,
            "primary_network_interface_id": "eni-0bfbd5597fbe5ca17",
            "private_dns": "ip-10-1-3-18.ec2.internal",
            "private_dns_name_options": [
              {
                "enable_resource_name_dns_a_record": false,
                "enable_resource_name_dns_aaaa_record": false,
                "hostname_type": "ip-name"
              }
            ],
            "private_ip": "10.1.3.18",
            "public_dns": "ec2-54-81-105-92.compute-1.amazonaws.com",
            "public_ip": "54.81.105.92",
            "root_block_device": [
              {
                "delete_on_termination": true,
                "device_name": "/dev/xvda",
                "encrypted": false,
                "iops": 100,
                "kms_key_id": "",
                "tags": {},
                "throughput": 0,
                "volume_id": "vol-04e73b7bd07e0efd7",
                "volume_size": 8,
                "volume_type": "gp2"
              }
            ],
            "secondary_private_ips": [],
            "security_groups": [],
            "source_dest_check": true,
            "subnet_id": "subnet-0890f37568320092a",
            "tags": {
              "Environment": "dev",
              "Name": "bastion-dev",
              "Owner": "Ginu",
              "Project": "xerris",
              "Terraform": "true"
            },
            "tags_all": {
              "Environment": "dev",
              "Name": "bastion-dev",
              "Owner": "Ginu",
              "Project": "xerris",
              "Terraform": "true"
            },
            "tenancy": "default",
            "timeouts": {
              "create": null,
              "delete": null,
              "update": null
            },
            "user_data": null,
            "user_data_base64": null,
            "user_data_replace_on_change": false,
            "volume_tags": {
              "Name": "bastion-dev"
            },
            "vpc_security_group_ids": [
              "sg-0a81130cd939c0cec"
            ]
          },
          "sensitive_attributes": [],
          "private": "eyJlMmJmYjczMC1lY2FhLTExZTYtOGY4OC0zNDM2M2JjN2M0YzAiOnsiY3JlYXRlIjo2MDAwMDAwMDAwMDAsImRlbGV0ZSI6MTIwMDAwMDAwMDAwMCwidXBkYXRlIjo2MDAwMDAwMDAwMDB9LCJzY2hlbWFfdmVyc2lvbiI6IjEifQ==",
          "dependencies": [
            "aws_key_pair.bastion_key_pair",
            "aws_security_group.bastion",
            "data.aws_ami.amazon-linux-2-ami",
            "data.aws_availability_zones.available",
            "module.vpc.aws_subnet.public",
            "module.vpc.aws_vpc.this",
            "module.vpc.aws_vpc_ipv4_cidr_block_association.this",
            "tls_private_key.this"
          ]
        }
      ]
    },
    {
      "module": "module.project_eks_cluster",
      "mode": "data",
      "type": "aws_caller_identity",
      "name": "current",
      "provider": "provider[\"registry.terraform.io/hashicorp/aws\"]",
      "instances": [
        {
          "schema_version": 0,
          "attributes": {
            "account_id": "370365354210",
            "arn": "arn:aws:sts::370365354210:assumed-role/AWSReservedSSO_AWSAdministratorAccess_4722cc25116b9fe5/ginu.purushothaman@xerris.com",
            "id": "370365354210",
            "user_id": "AROAVMO362DREH3EH73G2:ginu.purushothaman@xerris.com"
          },
          "sensitive_attributes": []
        }
      ]
    },
    {
      "module": "module.project_eks_cluster",
      "mode": "data",
      "type": "aws_iam_policy_document",
      "name": "cluster_assume_role_policy",
      "provider": "provider[\"registry.terraform.io/hashicorp/aws\"]",
      "instances": [
        {
          "schema_version": 0,
          "attributes": {
            "id": "2764486067",
            "json": "{\n  \"Version\": \"2012-10-17\",\n  \"Statement\": [\n    {\n      \"Sid\": \"EKSClusterAssumeRole\",\n      \"Effect\": \"Allow\",\n      \"Action\": \"sts:AssumeRole\",\n      \"Principal\": {\n        \"Service\": \"eks.amazonaws.com\"\n      }\n    }\n  ]\n}",
            "override_json": null,
            "override_policy_documents": null,
            "policy_id": null,
            "source_json": null,
            "source_policy_documents": null,
            "statement": [
              {
                "actions": [
                  "sts:AssumeRole"
                ],
                "condition": [],
                "effect": "Allow",
                "not_actions": [],
                "not_principals": [],
                "not_resources": [],
                "principals": [
                  {
                    "identifiers": [
                      "eks.amazonaws.com"
                    ],
                    "type": "Service"
                  }
                ],
                "resources": [],
                "sid": "EKSClusterAssumeRole"
              }
            ],
            "version": "2012-10-17"
          },
          "sensitive_attributes": []
        }
      ]
    },
    {
      "module": "module.project_eks_cluster",
      "mode": "data",
      "type": "aws_iam_policy_document",
      "name": "cluster_deny_log_group",
      "provider": "provider[\"registry.terraform.io/hashicorp/aws\"]",
      "instances": [
        {
          "index_key": 0,
          "schema_version": 0,
          "attributes": {
            "id": "2675893060",
            "json": "{\n  \"Version\": \"2012-10-17\",\n  \"Statement\": [\n    {\n      \"Sid\": \"\",\n      \"Effect\": \"Deny\",\n      \"Action\": \"logs:CreateLogGroup\",\n      \"Resource\": \"*\"\n    }\n  ]\n}",
            "override_json": null,
            "override_policy_documents": null,
            "policy_id": null,
            "source_json": null,
            "source_policy_documents": null,
            "statement": [
              {
                "actions": [
                  "logs:CreateLogGroup"
                ],
                "condition": [],
                "effect": "Deny",
                "not_actions": [],
                "not_principals": [],
                "not_resources": [],
                "principals": [],
                "resources": [
                  "*"
                ],
                "sid": ""
              }
            ],
            "version": "2012-10-17"
          },
          "sensitive_attributes": []
        }
      ]
    },
    {
      "module": "module.project_eks_cluster",
      "mode": "data",
      "type": "aws_iam_policy_document",
      "name": "cluster_elb_sl_role_creation",
      "provider": "provider[\"registry.terraform.io/hashicorp/aws\"]",
      "instances": [
        {
          "index_key": 0,
          "schema_version": 0,
          "attributes": {
            "id": "3709839417",
            "json": "{\n  \"Version\": \"2012-10-17\",\n  \"Statement\": [\n    {\n      \"Sid\": \"\",\n      \"Effect\": \"Allow\",\n      \"Action\": [\n        \"ec2:DescribeInternetGateways\",\n        \"ec2:DescribeAddresses\",\n        \"ec2:DescribeAccountAttributes\"\n      ],\n      \"Resource\": \"*\"\n    }\n  ]\n}",
            "override_json": null,
            "override_policy_documents": null,
            "policy_id": null,
            "source_json": null,
            "source_policy_documents": null,
            "statement": [
              {
                "actions": [
                  "ec2:DescribeAccountAttributes",
                  "ec2:DescribeAddresses",
                  "ec2:DescribeInternetGateways"
                ],
                "condition": [],
                "effect": "Allow",
                "not_actions": [],
                "not_principals": [],
                "not_resources": [],
                "principals": [],
                "resources": [
                  "*"
                ],
                "sid": ""
              }
            ],
            "version": "2012-10-17"
          },
          "sensitive_attributes": []
        }
      ]
    },
    {
      "module": "module.project_eks_cluster",
      "mode": "data",
      "type": "aws_iam_policy_document",
      "name": "workers_assume_role_policy",
      "provider": "provider[\"registry.terraform.io/hashicorp/aws\"]",
      "instances": [
        {
          "schema_version": 0,
          "attributes": {
            "id": "3778018924",
            "json": "{\n  \"Version\": \"2012-10-17\",\n  \"Statement\": [\n    {\n      \"Sid\": \"EKSWorkerAssumeRole\",\n      \"Effect\": \"Allow\",\n      \"Action\": \"sts:AssumeRole\",\n      \"Principal\": {\n        \"Service\": \"ec2.amazonaws.com\"\n      }\n    }\n  ]\n}",
            "override_json": null,
            "override_policy_documents": null,
            "policy_id": null,
            "source_json": null,
            "source_policy_documents": null,
            "statement": [
              {
                "actions": [
                  "sts:AssumeRole"
                ],
                "condition": [],
                "effect": "Allow",
                "not_actions": [],
                "not_principals": [],
                "not_resources": [],
                "principals": [
                  {
                    "identifiers": [
                      "ec2.amazonaws.com"
                    ],
                    "type": "Service"
                  }
                ],
                "resources": [],
                "sid": "EKSWorkerAssumeRole"
              }
            ],
            "version": "2012-10-17"
          },
          "sensitive_attributes": []
        }
      ]
    },
    {
      "module": "module.project_eks_cluster",
      "mode": "data",
      "type": "aws_partition",
      "name": "current",
      "provider": "provider[\"registry.terraform.io/hashicorp/aws\"]",
      "instances": [
        {
          "schema_version": 0,
          "attributes": {
            "dns_suffix": "amazonaws.com",
            "id": "aws",
            "partition": "aws",
            "reverse_dns_prefix": "com.amazonaws"
          },
          "sensitive_attributes": []
        }
      ]
    },
    {
      "module": "module.project_eks_cluster",
      "mode": "data",
      "type": "http",
      "name": "wait_for_cluster",
      "provider": "provider[\"registry.terraform.io/terraform-aws-modules/http\"]",
      "instances": [
        {
          "index_key": 0,
          "schema_version": 0,
          "attributes": {
            "body": "ok",
            "ca_certificate": "-----BEGIN CERTIFICATE-----\nMIIC/jCCAeagAwIBAgIBADANBgkqhkiG9w0BAQsFADAVMRMwEQYDVQQDEwprdWJl\ncm5ldGVzMB4XDTIyMTEyODEzNDIwMloXDTMyMTEyNTEzNDIwMlowFTETMBEGA1UE\nAxMKa3ViZXJuZXRlczCCASIwDQYJKoZIhvcNAQEBBQADggEPADCCAQoCggEBALGt\nGgzZfn2pviZJoNni57YlK8ot18He2FClDL9voFa2HW/OrVAKPhr16jcoIhrlpBGM\nP7Gaalcsv1FmTGwidMueUS8LNjfanbug3YJFCF8+9KSl6acy5l1LEzVkq5yci/9M\nNBA8ggAc4juFw53T9Q3mXlOs7pY15cf6KoftNAmwTVdB2p48SNPhQ0ZxHESYfHA8\nx71xOYZWzIqnoHlgv8tHqiM2xryMXjeVJ5Mqbq3T/VN5MAaeMCDBaISH9RYs1RIc\nu+4hC0BtM/pa6pfqepCO0DX9IpYl9NX4kYg+85oThQ9qTsA1QTsbwTeouRYQ+2Q4\nNNw3vRgv00jRWtOD/IsCAwEAAaNZMFcwDgYDVR0PAQH/BAQDAgKkMA8GA1UdEwEB\n/wQFMAMBAf8wHQYDVR0OBBYEFDjTiO7dBIDPyO9Fw0K4Oi4HAhc/MBUGA1UdEQQO\nMAyCCmt1YmVybmV0ZXMwDQYJKoZIhvcNAQELBQADggEBAKkOgMFE9nm4Vc5IWNwO\n/SRGJmOOeB7dt559uKbl8ltEd7bfslDn1aBnvTlAHnnQ47oi5kqFK6efXIA8H+sx\nQC235Eu0/nxXELAHARpraYvpp+cPaLJzJilxRq7aCOwI0T1vWyWrhzTYYBSw72xr\nviDIKpQ8PU/E0MBsjrcDTJ9AHQj0Xb2sqxCZEg85wf6jBplhQDW1Z4OCQkDgBtM5\n90wSZv3/ZCtZAzLnFA1hrVpBmNEJ78ww77lMzgzMr8dRXzq+7ukADCRRL4Zwole9\n7GOKG7bYWafdTIVuKLlpyv3rUnB3yUtiBQtA1F6JoDEh28QzgTZpe6mT7YgJF6hA\nRHs=\n-----END CERTIFICATE-----\n",
            "id": "https://197C7D9443960B86BB046C989D6EC88B.gr7.us-east-1.eks.amazonaws.com/healthz",
            "insecure": false,
            "request_headers": null,
            "response_headers": {
              "Audit-Id": "4748b87d-8f0c-4184-9b3f-6aae8acbe20e",
              "Cache-Control": "no-cache, private",
              "Content-Length": "2",
              "Content-Type": "text/plain; charset=utf-8",
              "Date": "Mon, 28 Nov 2022 13:47:21 GMT",
              "X-Content-Type-Options": "nosniff",
              "X-Kubernetes-Pf-Flowschema-Uid": "6370fad0-c45f-4e40-8a7d-a66633196e1b",
              "X-Kubernetes-Pf-Prioritylevel-Uid": "88b4f05d-e20f-4f90-9c0a-6e6cb8297b84"
            },
            "timeout": 300,
            "url": "https://197C7D9443960B86BB046C989D6EC88B.gr7.us-east-1.eks.amazonaws.com/healthz"
          },
          "sensitive_attributes": []
        }
      ]
    },
    {
      "module": "module.project_eks_cluster",
      "mode": "managed",
      "type": "aws_cloudwatch_log_group",
      "name": "this",
      "provider": "provider[\"registry.terraform.io/hashicorp/aws\"]",
      "instances": [
        {
          "index_key": 0,
          "schema_version": 0,
          "attributes": {
            "arn": "arn:aws:logs:us-east-1:370365354210:log-group:/aws/eks/project_eks_cluster_ginu-dev/cluster",
            "id": "/aws/eks/project_eks_cluster_ginu-dev/cluster",
            "kms_key_id": "",
            "name": "/aws/eks/project_eks_cluster_ginu-dev/cluster",
            "name_prefix": "",
            "retention_in_days": 90,
            "skip_destroy": false,
            "tags": {
              "Environment": "dev",
              "Owner": "Ginu",
              "Project": "xerris",
              "Terraform": "true"
            },
            "tags_all": {
              "Environment": "dev",
              "Owner": "Ginu",
              "Project": "xerris",
              "Terraform": "true"
            }
          },
          "sensitive_attributes": [],
          "private": "bnVsbA==",
          "dependencies": [
            "aws_eip.nat",
            "aws_iam_group.K8sClusterAdmin-group",
            "aws_iam_group.K8sDeveloper-group",
            "aws_iam_group.K8sFullAdmin-group",
            "aws_iam_group_policy_attachment.K8sClusterAdmin-group-policy-attach",
            "aws_iam_group_policy_attachment.K8sDeveloper-group-policy-attach",
            "aws_iam_group_policy_attachment.K8sFullAdmin-group-policy-attach",
            "aws_iam_policy.K8sClusterAdmin-group-policy",
            "aws_iam_policy.K8sDeveloper-group-policy",
            "aws_iam_policy.K8sFullAdmin-group-policy",
            "data.aws_availability_zones.available",
            "data.aws_caller_identity.current",
            "module.vpc.aws_cloudwatch_log_group.flow_log",
            "module.vpc.aws_customer_gateway.this",
            "module.vpc.aws_db_subnet_group.database",
            "module.vpc.aws_default_network_acl.this",
            "module.vpc.aws_default_route_table.default",
            "module.vpc.aws_default_security_group.this",
            "module.vpc.aws_default_vpc.this",
            "module.vpc.aws_egress_only_internet_gateway.this",
            "module.vpc.aws_eip.nat",
            "module.vpc.aws_elasticache_subnet_group.elasticache",
            "module.vpc.aws_flow_log.this",
            "module.vpc.aws_iam_policy.vpc_flow_log_cloudwatch",
            "module.vpc.aws_iam_role.vpc_flow_log_cloudwatch",
            "module.vpc.aws_iam_role_policy_attachment.vpc_flow_log_cloudwatch",
            "module.vpc.aws_internet_gateway.this",
            "module.vpc.aws_nat_gateway.this",
            "module.vpc.aws_network_acl.database",
            "module.vpc.aws_network_acl.elasticache",
            "module.vpc.aws_network_acl.intra",
            "module.vpc.aws_network_acl.outpost",
            "module.vpc.aws_network_acl.private",
            "module.vpc.aws_network_acl.public",
            "module.vpc.aws_network_acl.redshift",
            "module.vpc.aws_network_acl_rule.database_inbound",
            "module.vpc.aws_network_acl_rule.database_outbound",
            "module.vpc.aws_network_acl_rule.elasticache_inbound",
            "module.vpc.aws_network_acl_rule.elasticache_outbound",
            "module.vpc.aws_network_acl_rule.intra_inbound",
            "module.vpc.aws_network_acl_rule.intra_outbound",
            "module.vpc.aws_network_acl_rule.outpost_inbound",
            "module.vpc.aws_network_acl_rule.outpost_outbound",
            "module.vpc.aws_network_acl_rule.private_inbound",
            "module.vpc.aws_network_acl_rule.private_outbound",
            "module.vpc.aws_network_acl_rule.public_inbound",
            "module.vpc.aws_network_acl_rule.public_outbound",
            "module.vpc.aws_network_acl_rule.redshift_inbound",
            "module.vpc.aws_network_acl_rule.redshift_outbound",
            "module.vpc.aws_redshift_subnet_group.redshift",
            "module.vpc.aws_route.database_internet_gateway",
            "module.vpc.aws_route.database_ipv6_egress",
            "module.vpc.aws_route.database_nat_gateway",
            "module.vpc.aws_route.private_ipv6_egress",
            "module.vpc.aws_route.private_nat_gateway",
            "module.vpc.aws_route.public_internet_gateway",
            "module.vpc.aws_route.public_internet_gateway_ipv6",
            "module.vpc.aws_route_table.database",
            "module.vpc.aws_route_table.elasticache",
            "module.vpc.aws_route_table.intra",
            "module.vpc.aws_route_table.private",
            "module.vpc.aws_route_table.public",
            "module.vpc.aws_route_table.redshift",
            "module.vpc.aws_route_table_association.database",
            "module.vpc.aws_route_table_association.elasticache",
            "module.vpc.aws_route_table_association.intra",
            "module.vpc.aws_route_table_association.outpost",
            "module.vpc.aws_route_table_association.private",
            "module.vpc.aws_route_table_association.public",
            "module.vpc.aws_route_table_association.redshift",
            "module.vpc.aws_route_table_association.redshift_public",
            "module.vpc.aws_subnet.database",
            "module.vpc.aws_subnet.elasticache",
            "module.vpc.aws_subnet.intra",
            "module.vpc.aws_subnet.outpost",
            "module.vpc.aws_subnet.private",
            "module.vpc.aws_subnet.public",
            "module.vpc.aws_subnet.redshift",
            "module.vpc.aws_vpc.this",
            "module.vpc.aws_vpc_dhcp_options.this",
            "module.vpc.aws_vpc_dhcp_options_association.this",
            "module.vpc.aws_vpc_ipv4_cidr_block_association.this",
            "module.vpc.aws_vpn_gateway.this",
            "module.vpc.aws_vpn_gateway_attachment.this",
            "module.vpc.aws_vpn_gateway_route_propagation.intra",
            "module.vpc.aws_vpn_gateway_route_propagation.private",
            "module.vpc.aws_vpn_gateway_route_propagation.public",
            "module.vpc.data.aws_iam_policy_document.flow_log_cloudwatch_assume_role",
            "module.vpc.data.aws_iam_policy_document.vpc_flow_log_cloudwatch"
          ],
          "create_before_destroy": true
        }
      ]
    },
    {
      "module": "module.project_eks_cluster",
      "mode": "managed",
      "type": "aws_eks_cluster",
      "name": "this",
      "provider": "provider[\"registry.terraform.io/hashicorp/aws\"]",
      "instances": [
        {
          "index_key": 0,
          "schema_version": 0,
          "attributes": {
            "arn": "arn:aws:eks:us-east-1:370365354210:cluster/project_eks_cluster_ginu-dev",
            "certificate_authority": [
              {
                "data": "LS0tLS1CRUdJTiBDRVJUSUZJQ0FURS0tLS0tCk1JSUMvakNDQWVhZ0F3SUJBZ0lCQURBTkJna3Foa2lHOXcwQkFRc0ZBREFWTVJNd0VRWURWUVFERXdwcmRXSmwKY201bGRHVnpNQjRYRFRJeU1URXlPREV6TkRJd01sb1hEVE15TVRFeU5URXpOREl3TWxvd0ZURVRNQkVHQTFVRQpBeE1LYTNWaVpYSnVaWFJsY3pDQ0FTSXdEUVlKS29aSWh2Y05BUUVCQlFBRGdnRVBBRENDQVFvQ2dnRUJBTEd0CkdnelpmbjJwdmlaSm9Obmk1N1lsSzhvdDE4SGUyRkNsREw5dm9GYTJIVy9PclZBS1BocjE2amNvSWhybHBCR00KUDdHYWFsY3N2MUZtVEd3aWRNdWVVUzhMTmpmYW5idWczWUpGQ0Y4KzlLU2w2YWN5NWwxTEV6VmtxNXljaS85TQpOQkE4Z2dBYzRqdUZ3NTNUOVEzbVhsT3M3cFkxNWNmNktvZnROQW13VFZkQjJwNDhTTlBoUTBaeEhFU1lmSEE4Cng3MXhPWVpXeklxbm9IbGd2OHRIcWlNMnhyeU1YamVWSjVNcWJxM1QvVk41TUFhZU1DREJhSVNIOVJZczFSSWMKdSs0aEMwQnRNL3BhNnBmcWVwQ08wRFg5SXBZbDlOWDRrWWcrODVvVGhROXFUc0ExUVRzYndUZW91UllRKzJRNApOTnczdlJndjAwalJXdE9EL0lzQ0F3RUFBYU5aTUZjd0RnWURWUjBQQVFIL0JBUURBZ0trTUE4R0ExVWRFd0VCCi93UUZNQU1CQWY4d0hRWURWUjBPQkJZRUZEalRpTzdkQklEUHlPOUZ3MEs0T2k0SEFoYy9NQlVHQTFVZEVRUU8KTUF5Q0NtdDFZbVZ5Ym1WMFpYTXdEUVlKS29aSWh2Y05BUUVMQlFBRGdnRUJBS2tPZ01GRTlubTRWYzVJV053TwovU1JHSm1PT2VCN2R0NTU5dUtibDhsdEVkN2Jmc2xEbjFhQm52VGxBSG5uUTQ3b2k1a3FGSzZlZlhJQThIK3N4ClFDMjM1RXUwL254WEVMQUhBUnByYVl2cHArY1BhTEp6SmlseFJxN2FDT3dJMFQxdld5V3JoelRZWUJTdzcyeHIKdmlESUtwUThQVS9FME1Cc2pyY0RUSjlBSFFqMFhiMnNxeENaRWc4NXdmNmpCcGxoUURXMVo0T0NRa0RnQnRNNQo5MHdTWnYzL1pDdFpBekxuRkExaHJWcEJtTkVKNzh3dzc3bE16Z3pNcjhkUlh6cSs3dWtBRENSUkw0WndvbGU5CjdHT0tHN2JZV2FmZFRJVnVLTGxweXYzclVuQjN5VXRpQlF0QTFGNkpvREVoMjhRemdUWnBlNm1UN1lnSkY2aEEKUkhzPQotLS0tLUVORCBDRVJUSUZJQ0FURS0tLS0tCg=="
              }
            ],
            "created_at": "2022-11-28 13:36:08.995 +0000 UTC",
            "enabled_cluster_log_types": [
              "api",
              "audit",
              "authenticator",
              "controllerManager",
              "scheduler"
            ],
            "encryption_config": [],
            "endpoint": "https://197C7D9443960B86BB046C989D6EC88B.gr7.us-east-1.eks.amazonaws.com",
            "id": "project_eks_cluster_ginu-dev",
            "identity": [
              {
                "oidc": [
                  {
                    "issuer": "https://oidc.eks.us-east-1.amazonaws.com/id/197C7D9443960B86BB046C989D6EC88B"
                  }
                ]
              }
            ],
            "kubernetes_network_config": [
              {
                "ip_family": "ipv4",
                "service_ipv4_cidr": "172.20.0.0/16",
                "service_ipv6_cidr": ""
              }
            ],
            "name": "project_eks_cluster_ginu-dev",
            "outpost_config": [],
            "platform_version": "eks.5",
            "role_arn": "arn:aws:iam::370365354210:role/project_eks_cluster_ginu-dev20221128133603484100000011",
            "status": "ACTIVE",
            "tags": {
              "Environment": "dev",
              "Owner": "Ginu",
              "Project": "xerris",
              "Terraform": "true"
            },
            "tags_all": {
              "Environment": "dev",
              "Owner": "Ginu",
              "Project": "xerris",
              "Terraform": "true"
            },
            "timeouts": {
              "create": "30m",
              "delete": "15m",
              "update": "60m"
            },
            "version": "1.23",
            "vpc_config": [
              {
                "cluster_security_group_id": "sg-0ed7f0276a80a8da4",
                "endpoint_private_access": false,
                "endpoint_public_access": true,
                "public_access_cidrs": [
                  "0.0.0.0/0"
                ],
                "security_group_ids": [
                  "sg-07b8a890f8aaa4c52"
                ],
                "subnet_ids": [
                  "subnet-01c09bcdee823354f",
                  "subnet-0c2cbcee5fcc0b71c"
                ],
                "vpc_id": "vpc-0efe14b6216100258"
              }
            ]
          },
          "sensitive_attributes": [],
          "private": "eyJlMmJmYjczMC1lY2FhLTExZTYtOGY4OC0zNDM2M2JjN2M0YzAiOnsiY3JlYXRlIjoxODAwMDAwMDAwMDAwLCJkZWxldGUiOjkwMDAwMDAwMDAwMCwidXBkYXRlIjozNjAwMDAwMDAwMDAwfX0=",
          "dependencies": [
            "aws_eip.nat",
            "aws_iam_group.K8sClusterAdmin-group",
            "aws_iam_group.K8sDeveloper-group",
            "aws_iam_group.K8sFullAdmin-group",
            "aws_iam_group_policy_attachment.K8sClusterAdmin-group-policy-attach",
            "aws_iam_group_policy_attachment.K8sDeveloper-group-policy-attach",
            "aws_iam_group_policy_attachment.K8sFullAdmin-group-policy-attach",
            "aws_iam_policy.K8sClusterAdmin-group-policy",
            "aws_iam_policy.K8sDeveloper-group-policy",
            "aws_iam_policy.K8sFullAdmin-group-policy",
            "data.aws_availability_zones.available",
            "data.aws_caller_identity.current",
            "module.project_eks_cluster.aws_cloudwatch_log_group.this",
            "module.project_eks_cluster.aws_iam_role.cluster",
            "module.project_eks_cluster.aws_iam_role_policy_attachment.cluster_AmazonEKSClusterPolicy",
            "module.project_eks_cluster.aws_iam_role_policy_attachment.cluster_AmazonEKSServicePolicy",
            "module.project_eks_cluster.aws_iam_role_policy_attachment.cluster_AmazonEKSVPCResourceControllerPolicy",
            "module.project_eks_cluster.aws_security_group.cluster",
            "module.project_eks_cluster.aws_security_group.workers",
            "module.project_eks_cluster.aws_security_group_rule.cluster_egress_internet",
            "module.project_eks_cluster.aws_security_group_rule.cluster_https_worker_ingress",
            "module.project_eks_cluster.data.aws_iam_policy_document.cluster_assume_role_policy",
            "module.project_eks_cluster.data.aws_iam_role.custom_cluster_iam_role",
            "module.project_eks_cluster.data.aws_partition.current",
            "module.vpc.aws_cloudwatch_log_group.flow_log",
            "module.vpc.aws_customer_gateway.this",
            "module.vpc.aws_db_subnet_group.database",
            "module.vpc.aws_default_network_acl.this",
            "module.vpc.aws_default_route_table.default",
            "module.vpc.aws_default_security_group.this",
            "module.vpc.aws_default_vpc.this",
            "module.vpc.aws_egress_only_internet_gateway.this",
            "module.vpc.aws_eip.nat",
            "module.vpc.aws_elasticache_subnet_group.elasticache",
            "module.vpc.aws_flow_log.this",
            "module.vpc.aws_iam_policy.vpc_flow_log_cloudwatch",
            "module.vpc.aws_iam_role.vpc_flow_log_cloudwatch",
            "module.vpc.aws_iam_role_policy_attachment.vpc_flow_log_cloudwatch",
            "module.vpc.aws_internet_gateway.this",
            "module.vpc.aws_nat_gateway.this",
            "module.vpc.aws_network_acl.database",
            "module.vpc.aws_network_acl.elasticache",
            "module.vpc.aws_network_acl.intra",
            "module.vpc.aws_network_acl.outpost",
            "module.vpc.aws_network_acl.private",
            "module.vpc.aws_network_acl.public",
            "module.vpc.aws_network_acl.redshift",
            "module.vpc.aws_network_acl_rule.database_inbound",
            "module.vpc.aws_network_acl_rule.database_outbound",
            "module.vpc.aws_network_acl_rule.elasticache_inbound",
            "module.vpc.aws_network_acl_rule.elasticache_outbound",
            "module.vpc.aws_network_acl_rule.intra_inbound",
            "module.vpc.aws_network_acl_rule.intra_outbound",
            "module.vpc.aws_network_acl_rule.outpost_inbound",
            "module.vpc.aws_network_acl_rule.outpost_outbound",
            "module.vpc.aws_network_acl_rule.private_inbound",
            "module.vpc.aws_network_acl_rule.private_outbound",
            "module.vpc.aws_network_acl_rule.public_inbound",
            "module.vpc.aws_network_acl_rule.public_outbound",
            "module.vpc.aws_network_acl_rule.redshift_inbound",
            "module.vpc.aws_network_acl_rule.redshift_outbound",
            "module.vpc.aws_redshift_subnet_group.redshift",
            "module.vpc.aws_route.database_internet_gateway",
            "module.vpc.aws_route.database_ipv6_egress",
            "module.vpc.aws_route.database_nat_gateway",
            "module.vpc.aws_route.private_ipv6_egress",
            "module.vpc.aws_route.private_nat_gateway",
            "module.vpc.aws_route.public_internet_gateway",
            "module.vpc.aws_route.public_internet_gateway_ipv6",
            "module.vpc.aws_route_table.database",
            "module.vpc.aws_route_table.elasticache",
            "module.vpc.aws_route_table.intra",
            "module.vpc.aws_route_table.private",
            "module.vpc.aws_route_table.public",
            "module.vpc.aws_route_table.redshift",
            "module.vpc.aws_route_table_association.database",
            "module.vpc.aws_route_table_association.elasticache",
            "module.vpc.aws_route_table_association.intra",
            "module.vpc.aws_route_table_association.outpost",
            "module.vpc.aws_route_table_association.private",
            "module.vpc.aws_route_table_association.public",
            "module.vpc.aws_route_table_association.redshift",
            "module.vpc.aws_route_table_association.redshift_public",
            "module.vpc.aws_subnet.database",
            "module.vpc.aws_subnet.elasticache",
            "module.vpc.aws_subnet.intra",
            "module.vpc.aws_subnet.outpost",
            "module.vpc.aws_subnet.private",
            "module.vpc.aws_subnet.public",
            "module.vpc.aws_subnet.redshift",
            "module.vpc.aws_vpc.this",
            "module.vpc.aws_vpc_dhcp_options.this",
            "module.vpc.aws_vpc_dhcp_options_association.this",
            "module.vpc.aws_vpc_ipv4_cidr_block_association.this",
            "module.vpc.aws_vpn_gateway.this",
            "module.vpc.aws_vpn_gateway_attachment.this",
            "module.vpc.aws_vpn_gateway_route_propagation.intra",
            "module.vpc.aws_vpn_gateway_route_propagation.private",
            "module.vpc.aws_vpn_gateway_route_propagation.public",
            "module.vpc.data.aws_iam_policy_document.flow_log_cloudwatch_assume_role",
            "module.vpc.data.aws_iam_policy_document.vpc_flow_log_cloudwatch"
          ],
          "create_before_destroy": true
        }
      ]
    },
    {
      "module": "module.project_eks_cluster",
      "mode": "managed",
      "type": "aws_iam_openid_connect_provider",
      "name": "oidc_provider",
      "provider": "provider[\"registry.terraform.io/hashicorp/aws\"]",
      "instances": [
        {
          "index_key": 0,
          "schema_version": 0,
          "attributes": {
            "arn": "arn:aws:iam::370365354210:oidc-provider/oidc.eks.us-east-1.amazonaws.com/id/197C7D9443960B86BB046C989D6EC88B",
            "client_id_list": [
              "sts.amazonaws.com"
            ],
            "id": "arn:aws:iam::370365354210:oidc-provider/oidc.eks.us-east-1.amazonaws.com/id/197C7D9443960B86BB046C989D6EC88B",
            "tags": {
              "Environment": "dev",
              "Name": "project_eks_cluster_ginu-dev-eks-irsa",
              "Owner": "Ginu",
              "Project": "xerris",
              "Terraform": "true"
            },
            "tags_all": {
              "Environment": "dev",
              "Name": "project_eks_cluster_ginu-dev-eks-irsa",
              "Owner": "Ginu",
              "Project": "xerris",
              "Terraform": "true"
            },
            "thumbprint_list": [
              "9e99a48a9960b14926bb7f3b02e22da2b0ab7280"
            ],
            "url": "oidc.eks.us-east-1.amazonaws.com/id/197C7D9443960B86BB046C989D6EC88B"
          },
          "sensitive_attributes": [],
          "private": "bnVsbA==",
          "dependencies": [
            "aws_eip.nat",
            "aws_iam_group.K8sClusterAdmin-group",
            "aws_iam_group.K8sDeveloper-group",
            "aws_iam_group.K8sFullAdmin-group",
            "aws_iam_group_policy_attachment.K8sClusterAdmin-group-policy-attach",
            "aws_iam_group_policy_attachment.K8sDeveloper-group-policy-attach",
            "aws_iam_group_policy_attachment.K8sFullAdmin-group-policy-attach",
            "aws_iam_policy.K8sClusterAdmin-group-policy",
            "aws_iam_policy.K8sDeveloper-group-policy",
            "aws_iam_policy.K8sFullAdmin-group-policy",
            "data.aws_availability_zones.available",
            "data.aws_caller_identity.current",
            "module.project_eks_cluster.aws_cloudwatch_log_group.this",
            "module.project_eks_cluster.aws_eks_cluster.this",
            "module.project_eks_cluster.aws_iam_role.cluster",
            "module.project_eks_cluster.aws_iam_role_policy_attachment.cluster_AmazonEKSClusterPolicy",
            "module.project_eks_cluster.aws_iam_role_policy_attachment.cluster_AmazonEKSServicePolicy",
            "module.project_eks_cluster.aws_iam_role_policy_attachment.cluster_AmazonEKSVPCResourceControllerPolicy",
            "module.project_eks_cluster.aws_security_group.cluster",
            "module.project_eks_cluster.aws_security_group.workers",
            "module.project_eks_cluster.aws_security_group_rule.cluster_egress_internet",
            "module.project_eks_cluster.aws_security_group_rule.cluster_https_worker_ingress",
            "module.project_eks_cluster.data.aws_iam_policy_document.cluster_assume_role_policy",
            "module.project_eks_cluster.data.aws_iam_role.custom_cluster_iam_role",
            "module.project_eks_cluster.data.aws_partition.current",
            "module.vpc.aws_cloudwatch_log_group.flow_log",
            "module.vpc.aws_customer_gateway.this",
            "module.vpc.aws_db_subnet_group.database",
            "module.vpc.aws_default_network_acl.this",
            "module.vpc.aws_default_route_table.default",
            "module.vpc.aws_default_security_group.this",
            "module.vpc.aws_default_vpc.this",
            "module.vpc.aws_egress_only_internet_gateway.this",
            "module.vpc.aws_eip.nat",
            "module.vpc.aws_elasticache_subnet_group.elasticache",
            "module.vpc.aws_flow_log.this",
            "module.vpc.aws_iam_policy.vpc_flow_log_cloudwatch",
            "module.vpc.aws_iam_role.vpc_flow_log_cloudwatch",
            "module.vpc.aws_iam_role_policy_attachment.vpc_flow_log_cloudwatch",
            "module.vpc.aws_internet_gateway.this",
            "module.vpc.aws_nat_gateway.this",
            "module.vpc.aws_network_acl.database",
            "module.vpc.aws_network_acl.elasticache",
            "module.vpc.aws_network_acl.intra",
            "module.vpc.aws_network_acl.outpost",
            "module.vpc.aws_network_acl.private",
            "module.vpc.aws_network_acl.public",
            "module.vpc.aws_network_acl.redshift",
            "module.vpc.aws_network_acl_rule.database_inbound",
            "module.vpc.aws_network_acl_rule.database_outbound",
            "module.vpc.aws_network_acl_rule.elasticache_inbound",
            "module.vpc.aws_network_acl_rule.elasticache_outbound",
            "module.vpc.aws_network_acl_rule.intra_inbound",
            "module.vpc.aws_network_acl_rule.intra_outbound",
            "module.vpc.aws_network_acl_rule.outpost_inbound",
            "module.vpc.aws_network_acl_rule.outpost_outbound",
            "module.vpc.aws_network_acl_rule.private_inbound",
            "module.vpc.aws_network_acl_rule.private_outbound",
            "module.vpc.aws_network_acl_rule.public_inbound",
            "module.vpc.aws_network_acl_rule.public_outbound",
            "module.vpc.aws_network_acl_rule.redshift_inbound",
            "module.vpc.aws_network_acl_rule.redshift_outbound",
            "module.vpc.aws_redshift_subnet_group.redshift",
            "module.vpc.aws_route.database_internet_gateway",
            "module.vpc.aws_route.database_ipv6_egress",
            "module.vpc.aws_route.database_nat_gateway",
            "module.vpc.aws_route.private_ipv6_egress",
            "module.vpc.aws_route.private_nat_gateway",
            "module.vpc.aws_route.public_internet_gateway",
            "module.vpc.aws_route.public_internet_gateway_ipv6",
            "module.vpc.aws_route_table.database",
            "module.vpc.aws_route_table.elasticache",
            "module.vpc.aws_route_table.intra",
            "module.vpc.aws_route_table.private",
            "module.vpc.aws_route_table.public",
            "module.vpc.aws_route_table.redshift",
            "module.vpc.aws_route_table_association.database",
            "module.vpc.aws_route_table_association.elasticache",
            "module.vpc.aws_route_table_association.intra",
            "module.vpc.aws_route_table_association.outpost",
            "module.vpc.aws_route_table_association.private",
            "module.vpc.aws_route_table_association.public",
            "module.vpc.aws_route_table_association.redshift",
            "module.vpc.aws_route_table_association.redshift_public",
            "module.vpc.aws_subnet.database",
            "module.vpc.aws_subnet.elasticache",
            "module.vpc.aws_subnet.intra",
            "module.vpc.aws_subnet.outpost",
            "module.vpc.aws_subnet.private",
            "module.vpc.aws_subnet.public",
            "module.vpc.aws_subnet.redshift",
            "module.vpc.aws_vpc.this",
            "module.vpc.aws_vpc_dhcp_options.this",
            "module.vpc.aws_vpc_dhcp_options_association.this",
            "module.vpc.aws_vpc_ipv4_cidr_block_association.this",
            "module.vpc.aws_vpn_gateway.this",
            "module.vpc.aws_vpn_gateway_attachment.this",
            "module.vpc.aws_vpn_gateway_route_propagation.intra",
            "module.vpc.aws_vpn_gateway_route_propagation.private",
            "module.vpc.aws_vpn_gateway_route_propagation.public",
            "module.vpc.data.aws_iam_policy_document.flow_log_cloudwatch_assume_role",
            "module.vpc.data.aws_iam_policy_document.vpc_flow_log_cloudwatch"
          ],
          "create_before_destroy": true
        }
      ]
    },
    {
      "module": "module.project_eks_cluster",
      "mode": "managed",
      "type": "aws_iam_policy",
      "name": "cluster_deny_log_group",
      "provider": "provider[\"registry.terraform.io/hashicorp/aws\"]",
      "instances": [
        {
          "index_key": 0,
          "schema_version": 0,
          "attributes": {
            "arn": "arn:aws:iam::370365354210:policy/project_eks_cluster_ginu-dev-deny-log-group2022112813360348350000000f",
            "description": "Deny CreateLogGroup",
            "id": "arn:aws:iam::370365354210:policy/project_eks_cluster_ginu-dev-deny-log-group2022112813360348350000000f",
            "name": "project_eks_cluster_ginu-dev-deny-log-group2022112813360348350000000f",
            "name_prefix": "project_eks_cluster_ginu-dev-deny-log-group",
            "path": "/",
            "policy": "{\"Statement\":[{\"Action\":\"logs:CreateLogGroup\",\"Effect\":\"Deny\",\"Resource\":\"*\",\"Sid\":\"\"}],\"Version\":\"2012-10-17\"}",
            "policy_id": "ANPAVMO362DRNSS6NWLPB",
            "tags": {
              "Environment": "dev",
              "Owner": "Ginu",
              "Project": "xerris",
              "Terraform": "true"
            },
            "tags_all": {
              "Environment": "dev",
              "Owner": "Ginu",
              "Project": "xerris",
              "Terraform": "true"
            }
          },
          "sensitive_attributes": [],
          "private": "bnVsbA==",
          "dependencies": [
            "aws_eip.nat",
            "aws_iam_group.K8sClusterAdmin-group",
            "aws_iam_group.K8sDeveloper-group",
            "aws_iam_group.K8sFullAdmin-group",
            "aws_iam_group_policy_attachment.K8sClusterAdmin-group-policy-attach",
            "aws_iam_group_policy_attachment.K8sDeveloper-group-policy-attach",
            "aws_iam_group_policy_attachment.K8sFullAdmin-group-policy-attach",
            "aws_iam_policy.K8sClusterAdmin-group-policy",
            "aws_iam_policy.K8sDeveloper-group-policy",
            "aws_iam_policy.K8sFullAdmin-group-policy",
            "data.aws_availability_zones.available",
            "data.aws_caller_identity.current",
            "module.project_eks_cluster.data.aws_iam_policy_document.cluster_deny_log_group",
            "module.vpc.aws_cloudwatch_log_group.flow_log",
            "module.vpc.aws_customer_gateway.this",
            "module.vpc.aws_db_subnet_group.database",
            "module.vpc.aws_default_network_acl.this",
            "module.vpc.aws_default_route_table.default",
            "module.vpc.aws_default_security_group.this",
            "module.vpc.aws_default_vpc.this",
            "module.vpc.aws_egress_only_internet_gateway.this",
            "module.vpc.aws_eip.nat",
            "module.vpc.aws_elasticache_subnet_group.elasticache",
            "module.vpc.aws_flow_log.this",
            "module.vpc.aws_iam_policy.vpc_flow_log_cloudwatch",
            "module.vpc.aws_iam_role.vpc_flow_log_cloudwatch",
            "module.vpc.aws_iam_role_policy_attachment.vpc_flow_log_cloudwatch",
            "module.vpc.aws_internet_gateway.this",
            "module.vpc.aws_nat_gateway.this",
            "module.vpc.aws_network_acl.database",
            "module.vpc.aws_network_acl.elasticache",
            "module.vpc.aws_network_acl.intra",
            "module.vpc.aws_network_acl.outpost",
            "module.vpc.aws_network_acl.private",
            "module.vpc.aws_network_acl.public",
            "module.vpc.aws_network_acl.redshift",
            "module.vpc.aws_network_acl_rule.database_inbound",
            "module.vpc.aws_network_acl_rule.database_outbound",
            "module.vpc.aws_network_acl_rule.elasticache_inbound",
            "module.vpc.aws_network_acl_rule.elasticache_outbound",
            "module.vpc.aws_network_acl_rule.intra_inbound",
            "module.vpc.aws_network_acl_rule.intra_outbound",
            "module.vpc.aws_network_acl_rule.outpost_inbound",
            "module.vpc.aws_network_acl_rule.outpost_outbound",
            "module.vpc.aws_network_acl_rule.private_inbound",
            "module.vpc.aws_network_acl_rule.private_outbound",
            "module.vpc.aws_network_acl_rule.public_inbound",
            "module.vpc.aws_network_acl_rule.public_outbound",
            "module.vpc.aws_network_acl_rule.redshift_inbound",
            "module.vpc.aws_network_acl_rule.redshift_outbound",
            "module.vpc.aws_redshift_subnet_group.redshift",
            "module.vpc.aws_route.database_internet_gateway",
            "module.vpc.aws_route.database_ipv6_egress",
            "module.vpc.aws_route.database_nat_gateway",
            "module.vpc.aws_route.private_ipv6_egress",
            "module.vpc.aws_route.private_nat_gateway",
            "module.vpc.aws_route.public_internet_gateway",
            "module.vpc.aws_route.public_internet_gateway_ipv6",
            "module.vpc.aws_route_table.database",
            "module.vpc.aws_route_table.elasticache",
            "module.vpc.aws_route_table.intra",
            "module.vpc.aws_route_table.private",
            "module.vpc.aws_route_table.public",
            "module.vpc.aws_route_table.redshift",
            "module.vpc.aws_route_table_association.database",
            "module.vpc.aws_route_table_association.elasticache",
            "module.vpc.aws_route_table_association.intra",
            "module.vpc.aws_route_table_association.outpost",
            "module.vpc.aws_route_table_association.private",
            "module.vpc.aws_route_table_association.public",
            "module.vpc.aws_route_table_association.redshift",
            "module.vpc.aws_route_table_association.redshift_public",
            "module.vpc.aws_subnet.database",
            "module.vpc.aws_subnet.elasticache",
            "module.vpc.aws_subnet.intra",
            "module.vpc.aws_subnet.outpost",
            "module.vpc.aws_subnet.private",
            "module.vpc.aws_subnet.public",
            "module.vpc.aws_subnet.redshift",
            "module.vpc.aws_vpc.this",
            "module.vpc.aws_vpc_dhcp_options.this",
            "module.vpc.aws_vpc_dhcp_options_association.this",
            "module.vpc.aws_vpc_ipv4_cidr_block_association.this",
            "module.vpc.aws_vpn_gateway.this",
            "module.vpc.aws_vpn_gateway_attachment.this",
            "module.vpc.aws_vpn_gateway_route_propagation.intra",
            "module.vpc.aws_vpn_gateway_route_propagation.private",
            "module.vpc.aws_vpn_gateway_route_propagation.public",
            "module.vpc.data.aws_iam_policy_document.flow_log_cloudwatch_assume_role",
            "module.vpc.data.aws_iam_policy_document.vpc_flow_log_cloudwatch"
          ],
          "create_before_destroy": true
        }
      ]
    },
    {
      "module": "module.project_eks_cluster",
      "mode": "managed",
      "type": "aws_iam_policy",
      "name": "cluster_elb_sl_role_creation",
      "provider": "provider[\"registry.terraform.io/hashicorp/aws\"]",
      "instances": [
        {
          "index_key": 0,
          "schema_version": 0,
          "attributes": {
            "arn": "arn:aws:iam::370365354210:policy/project_eks_cluster_ginu-dev-elb-sl-role-creation20221128133603483600000010",
            "description": "Permissions for EKS to create AWSServiceRoleForElasticLoadBalancing service-linked role",
            "id": "arn:aws:iam::370365354210:policy/project_eks_cluster_ginu-dev-elb-sl-role-creation20221128133603483600000010",
            "name": "project_eks_cluster_ginu-dev-elb-sl-role-creation20221128133603483600000010",
            "name_prefix": "project_eks_cluster_ginu-dev-elb-sl-role-creation",
            "path": "/",
            "policy": "{\"Statement\":[{\"Action\":[\"ec2:DescribeInternetGateways\",\"ec2:DescribeAddresses\",\"ec2:DescribeAccountAttributes\"],\"Effect\":\"Allow\",\"Resource\":\"*\",\"Sid\":\"\"}],\"Version\":\"2012-10-17\"}",
            "policy_id": "ANPAVMO362DRA4D5T7Q44",
            "tags": {
              "Environment": "dev",
              "Owner": "Ginu",
              "Project": "xerris",
              "Terraform": "true"
            },
            "tags_all": {
              "Environment": "dev",
              "Owner": "Ginu",
              "Project": "xerris",
              "Terraform": "true"
            }
          },
          "sensitive_attributes": [],
          "private": "bnVsbA==",
          "dependencies": [
            "aws_eip.nat",
            "aws_iam_group.K8sClusterAdmin-group",
            "aws_iam_group.K8sDeveloper-group",
            "aws_iam_group.K8sFullAdmin-group",
            "aws_iam_group_policy_attachment.K8sClusterAdmin-group-policy-attach",
            "aws_iam_group_policy_attachment.K8sDeveloper-group-policy-attach",
            "aws_iam_group_policy_attachment.K8sFullAdmin-group-policy-attach",
            "aws_iam_policy.K8sClusterAdmin-group-policy",
            "aws_iam_policy.K8sDeveloper-group-policy",
            "aws_iam_policy.K8sFullAdmin-group-policy",
            "data.aws_availability_zones.available",
            "data.aws_caller_identity.current",
            "module.project_eks_cluster.data.aws_iam_policy_document.cluster_elb_sl_role_creation",
            "module.vpc.aws_cloudwatch_log_group.flow_log",
            "module.vpc.aws_customer_gateway.this",
            "module.vpc.aws_db_subnet_group.database",
            "module.vpc.aws_default_network_acl.this",
            "module.vpc.aws_default_route_table.default",
            "module.vpc.aws_default_security_group.this",
            "module.vpc.aws_default_vpc.this",
            "module.vpc.aws_egress_only_internet_gateway.this",
            "module.vpc.aws_eip.nat",
            "module.vpc.aws_elasticache_subnet_group.elasticache",
            "module.vpc.aws_flow_log.this",
            "module.vpc.aws_iam_policy.vpc_flow_log_cloudwatch",
            "module.vpc.aws_iam_role.vpc_flow_log_cloudwatch",
            "module.vpc.aws_iam_role_policy_attachment.vpc_flow_log_cloudwatch",
            "module.vpc.aws_internet_gateway.this",
            "module.vpc.aws_nat_gateway.this",
            "module.vpc.aws_network_acl.database",
            "module.vpc.aws_network_acl.elasticache",
            "module.vpc.aws_network_acl.intra",
            "module.vpc.aws_network_acl.outpost",
            "module.vpc.aws_network_acl.private",
            "module.vpc.aws_network_acl.public",
            "module.vpc.aws_network_acl.redshift",
            "module.vpc.aws_network_acl_rule.database_inbound",
            "module.vpc.aws_network_acl_rule.database_outbound",
            "module.vpc.aws_network_acl_rule.elasticache_inbound",
            "module.vpc.aws_network_acl_rule.elasticache_outbound",
            "module.vpc.aws_network_acl_rule.intra_inbound",
            "module.vpc.aws_network_acl_rule.intra_outbound",
            "module.vpc.aws_network_acl_rule.outpost_inbound",
            "module.vpc.aws_network_acl_rule.outpost_outbound",
            "module.vpc.aws_network_acl_rule.private_inbound",
            "module.vpc.aws_network_acl_rule.private_outbound",
            "module.vpc.aws_network_acl_rule.public_inbound",
            "module.vpc.aws_network_acl_rule.public_outbound",
            "module.vpc.aws_network_acl_rule.redshift_inbound",
            "module.vpc.aws_network_acl_rule.redshift_outbound",
            "module.vpc.aws_redshift_subnet_group.redshift",
            "module.vpc.aws_route.database_internet_gateway",
            "module.vpc.aws_route.database_ipv6_egress",
            "module.vpc.aws_route.database_nat_gateway",
            "module.vpc.aws_route.private_ipv6_egress",
            "module.vpc.aws_route.private_nat_gateway",
            "module.vpc.aws_route.public_internet_gateway",
            "module.vpc.aws_route.public_internet_gateway_ipv6",
            "module.vpc.aws_route_table.database",
            "module.vpc.aws_route_table.elasticache",
            "module.vpc.aws_route_table.intra",
            "module.vpc.aws_route_table.private",
            "module.vpc.aws_route_table.public",
            "module.vpc.aws_route_table.redshift",
            "module.vpc.aws_route_table_association.database",
            "module.vpc.aws_route_table_association.elasticache",
            "module.vpc.aws_route_table_association.intra",
            "module.vpc.aws_route_table_association.outpost",
            "module.vpc.aws_route_table_association.private",
            "module.vpc.aws_route_table_association.public",
            "module.vpc.aws_route_table_association.redshift",
            "module.vpc.aws_route_table_association.redshift_public",
            "module.vpc.aws_subnet.database",
            "module.vpc.aws_subnet.elasticache",
            "module.vpc.aws_subnet.intra",
            "module.vpc.aws_subnet.outpost",
            "module.vpc.aws_subnet.private",
            "module.vpc.aws_subnet.public",
            "module.vpc.aws_subnet.redshift",
            "module.vpc.aws_vpc.this",
            "module.vpc.aws_vpc_dhcp_options.this",
            "module.vpc.aws_vpc_dhcp_options_association.this",
            "module.vpc.aws_vpc_ipv4_cidr_block_association.this",
            "module.vpc.aws_vpn_gateway.this",
            "module.vpc.aws_vpn_gateway_attachment.this",
            "module.vpc.aws_vpn_gateway_route_propagation.intra",
            "module.vpc.aws_vpn_gateway_route_propagation.private",
            "module.vpc.aws_vpn_gateway_route_propagation.public",
            "module.vpc.data.aws_iam_policy_document.flow_log_cloudwatch_assume_role",
            "module.vpc.data.aws_iam_policy_document.vpc_flow_log_cloudwatch"
          ],
          "create_before_destroy": true
        }
      ]
    },
    {
      "module": "module.project_eks_cluster",
      "mode": "managed",
      "type": "aws_iam_role",
      "name": "cluster",
      "provider": "provider[\"registry.terraform.io/hashicorp/aws\"]",
      "instances": [
        {
          "index_key": 0,
          "schema_version": 0,
          "attributes": {
            "arn": "arn:aws:iam::370365354210:role/project_eks_cluster_ginu-dev20221128133603484100000011",
            "assume_role_policy": "{\"Statement\":[{\"Action\":\"sts:AssumeRole\",\"Effect\":\"Allow\",\"Principal\":{\"Service\":\"eks.amazonaws.com\"},\"Sid\":\"EKSClusterAssumeRole\"}],\"Version\":\"2012-10-17\"}",
            "create_date": "2022-11-28T13:36:03Z",
            "description": "",
            "force_detach_policies": true,
            "id": "project_eks_cluster_ginu-dev20221128133603484100000011",
            "inline_policy": [],
            "managed_policy_arns": [],
            "max_session_duration": 3600,
            "name": "project_eks_cluster_ginu-dev20221128133603484100000011",
            "name_prefix": "project_eks_cluster_ginu-dev",
            "path": "/",
            "permissions_boundary": null,
            "tags": {
              "Environment": "dev",
              "Owner": "Ginu",
              "Project": "xerris",
              "Terraform": "true"
            },
            "tags_all": {
              "Environment": "dev",
              "Owner": "Ginu",
              "Project": "xerris",
              "Terraform": "true"
            },
            "unique_id": "AROAVMO362DRKANJMSODH"
          },
          "sensitive_attributes": [],
          "private": "bnVsbA==",
          "dependencies": [
            "aws_eip.nat",
            "aws_iam_group.K8sClusterAdmin-group",
            "aws_iam_group.K8sDeveloper-group",
            "aws_iam_group.K8sFullAdmin-group",
            "aws_iam_group_policy_attachment.K8sClusterAdmin-group-policy-attach",
            "aws_iam_group_policy_attachment.K8sDeveloper-group-policy-attach",
            "aws_iam_group_policy_attachment.K8sFullAdmin-group-policy-attach",
            "aws_iam_policy.K8sClusterAdmin-group-policy",
            "aws_iam_policy.K8sDeveloper-group-policy",
            "aws_iam_policy.K8sFullAdmin-group-policy",
            "data.aws_availability_zones.available",
            "data.aws_caller_identity.current",
            "module.project_eks_cluster.data.aws_iam_policy_document.cluster_assume_role_policy",
            "module.vpc.aws_cloudwatch_log_group.flow_log",
            "module.vpc.aws_customer_gateway.this",
            "module.vpc.aws_db_subnet_group.database",
            "module.vpc.aws_default_network_acl.this",
            "module.vpc.aws_default_route_table.default",
            "module.vpc.aws_default_security_group.this",
            "module.vpc.aws_default_vpc.this",
            "module.vpc.aws_egress_only_internet_gateway.this",
            "module.vpc.aws_eip.nat",
            "module.vpc.aws_elasticache_subnet_group.elasticache",
            "module.vpc.aws_flow_log.this",
            "module.vpc.aws_iam_policy.vpc_flow_log_cloudwatch",
            "module.vpc.aws_iam_role.vpc_flow_log_cloudwatch",
            "module.vpc.aws_iam_role_policy_attachment.vpc_flow_log_cloudwatch",
            "module.vpc.aws_internet_gateway.this",
            "module.vpc.aws_nat_gateway.this",
            "module.vpc.aws_network_acl.database",
            "module.vpc.aws_network_acl.elasticache",
            "module.vpc.aws_network_acl.intra",
            "module.vpc.aws_network_acl.outpost",
            "module.vpc.aws_network_acl.private",
            "module.vpc.aws_network_acl.public",
            "module.vpc.aws_network_acl.redshift",
            "module.vpc.aws_network_acl_rule.database_inbound",
            "module.vpc.aws_network_acl_rule.database_outbound",
            "module.vpc.aws_network_acl_rule.elasticache_inbound",
            "module.vpc.aws_network_acl_rule.elasticache_outbound",
            "module.vpc.aws_network_acl_rule.intra_inbound",
            "module.vpc.aws_network_acl_rule.intra_outbound",
            "module.vpc.aws_network_acl_rule.outpost_inbound",
            "module.vpc.aws_network_acl_rule.outpost_outbound",
            "module.vpc.aws_network_acl_rule.private_inbound",
            "module.vpc.aws_network_acl_rule.private_outbound",
            "module.vpc.aws_network_acl_rule.public_inbound",
            "module.vpc.aws_network_acl_rule.public_outbound",
            "module.vpc.aws_network_acl_rule.redshift_inbound",
            "module.vpc.aws_network_acl_rule.redshift_outbound",
            "module.vpc.aws_redshift_subnet_group.redshift",
            "module.vpc.aws_route.database_internet_gateway",
            "module.vpc.aws_route.database_ipv6_egress",
            "module.vpc.aws_route.database_nat_gateway",
            "module.vpc.aws_route.private_ipv6_egress",
            "module.vpc.aws_route.private_nat_gateway",
            "module.vpc.aws_route.public_internet_gateway",
            "module.vpc.aws_route.public_internet_gateway_ipv6",
            "module.vpc.aws_route_table.database",
            "module.vpc.aws_route_table.elasticache",
            "module.vpc.aws_route_table.intra",
            "module.vpc.aws_route_table.private",
            "module.vpc.aws_route_table.public",
            "module.vpc.aws_route_table.redshift",
            "module.vpc.aws_route_table_association.database",
            "module.vpc.aws_route_table_association.elasticache",
            "module.vpc.aws_route_table_association.intra",
            "module.vpc.aws_route_table_association.outpost",
            "module.vpc.aws_route_table_association.private",
            "module.vpc.aws_route_table_association.public",
            "module.vpc.aws_route_table_association.redshift",
            "module.vpc.aws_route_table_association.redshift_public",
            "module.vpc.aws_subnet.database",
            "module.vpc.aws_subnet.elasticache",
            "module.vpc.aws_subnet.intra",
            "module.vpc.aws_subnet.outpost",
            "module.vpc.aws_subnet.private",
            "module.vpc.aws_subnet.public",
            "module.vpc.aws_subnet.redshift",
            "module.vpc.aws_vpc.this",
            "module.vpc.aws_vpc_dhcp_options.this",
            "module.vpc.aws_vpc_dhcp_options_association.this",
            "module.vpc.aws_vpc_ipv4_cidr_block_association.this",
            "module.vpc.aws_vpn_gateway.this",
            "module.vpc.aws_vpn_gateway_attachment.this",
            "module.vpc.aws_vpn_gateway_route_propagation.intra",
            "module.vpc.aws_vpn_gateway_route_propagation.private",
            "module.vpc.aws_vpn_gateway_route_propagation.public",
            "module.vpc.data.aws_iam_policy_document.flow_log_cloudwatch_assume_role",
            "module.vpc.data.aws_iam_policy_document.vpc_flow_log_cloudwatch"
          ],
          "create_before_destroy": true
        }
      ]
    },
    {
      "module": "module.project_eks_cluster",
      "mode": "managed",
      "type": "aws_iam_role",
      "name": "workers",
      "provider": "provider[\"registry.terraform.io/hashicorp/aws\"]",
      "instances": [
        {
          "index_key": 0,
          "schema_version": 0,
          "attributes": {
            "arn": "arn:aws:iam::370365354210:role/project_eks_cluster_ginu-dev20221128134646075800000017",
            "assume_role_policy": "{\"Statement\":[{\"Action\":\"sts:AssumeRole\",\"Effect\":\"Allow\",\"Principal\":{\"Service\":\"ec2.amazonaws.com\"},\"Sid\":\"EKSWorkerAssumeRole\"}],\"Version\":\"2012-10-17\"}",
            "create_date": "2022-11-28T13:46:46Z",
            "description": "",
            "force_detach_policies": true,
            "id": "project_eks_cluster_ginu-dev20221128134646075800000017",
            "inline_policy": [],
            "managed_policy_arns": [],
            "max_session_duration": 3600,
            "name": "project_eks_cluster_ginu-dev20221128134646075800000017",
            "name_prefix": "project_eks_cluster_ginu-dev",
            "path": "/",
            "permissions_boundary": null,
            "tags": {
              "Environment": "dev",
              "Owner": "Ginu",
              "Project": "xerris",
              "Terraform": "true"
            },
            "tags_all": {
              "Environment": "dev",
              "Owner": "Ginu",
              "Project": "xerris",
              "Terraform": "true"
            },
            "unique_id": "AROAVMO362DRJMF2MQAF6"
          },
          "sensitive_attributes": [],
          "private": "bnVsbA==",
          "dependencies": [
            "aws_eip.nat",
            "aws_iam_group.K8sClusterAdmin-group",
            "aws_iam_group.K8sDeveloper-group",
            "aws_iam_group.K8sFullAdmin-group",
            "aws_iam_group_policy_attachment.K8sClusterAdmin-group-policy-attach",
            "aws_iam_group_policy_attachment.K8sDeveloper-group-policy-attach",
            "aws_iam_group_policy_attachment.K8sFullAdmin-group-policy-attach",
            "aws_iam_policy.K8sClusterAdmin-group-policy",
            "aws_iam_policy.K8sDeveloper-group-policy",
            "aws_iam_policy.K8sFullAdmin-group-policy",
            "data.aws_availability_zones.available",
            "data.aws_caller_identity.current",
            "module.project_eks_cluster.aws_cloudwatch_log_group.this",
            "module.project_eks_cluster.aws_eks_cluster.this",
            "module.project_eks_cluster.aws_iam_role.cluster",
            "module.project_eks_cluster.aws_iam_role_policy_attachment.cluster_AmazonEKSClusterPolicy",
            "module.project_eks_cluster.aws_iam_role_policy_attachment.cluster_AmazonEKSServicePolicy",
            "module.project_eks_cluster.aws_iam_role_policy_attachment.cluster_AmazonEKSVPCResourceControllerPolicy",
            "module.project_eks_cluster.aws_security_group.cluster",
            "module.project_eks_cluster.aws_security_group.workers",
            "module.project_eks_cluster.aws_security_group_rule.cluster_egress_internet",
            "module.project_eks_cluster.aws_security_group_rule.cluster_https_worker_ingress",
            "module.project_eks_cluster.data.aws_iam_policy_document.cluster_assume_role_policy",
            "module.project_eks_cluster.data.aws_iam_policy_document.workers_assume_role_policy",
            "module.project_eks_cluster.data.aws_iam_role.custom_cluster_iam_role",
            "module.project_eks_cluster.data.aws_partition.current",
            "module.vpc.aws_cloudwatch_log_group.flow_log",
            "module.vpc.aws_customer_gateway.this",
            "module.vpc.aws_db_subnet_group.database",
            "module.vpc.aws_default_network_acl.this",
            "module.vpc.aws_default_route_table.default",
            "module.vpc.aws_default_security_group.this",
            "module.vpc.aws_default_vpc.this",
            "module.vpc.aws_egress_only_internet_gateway.this",
            "module.vpc.aws_eip.nat",
            "module.vpc.aws_elasticache_subnet_group.elasticache",
            "module.vpc.aws_flow_log.this",
            "module.vpc.aws_iam_policy.vpc_flow_log_cloudwatch",
            "module.vpc.aws_iam_role.vpc_flow_log_cloudwatch",
            "module.vpc.aws_iam_role_policy_attachment.vpc_flow_log_cloudwatch",
            "module.vpc.aws_internet_gateway.this",
            "module.vpc.aws_nat_gateway.this",
            "module.vpc.aws_network_acl.database",
            "module.vpc.aws_network_acl.elasticache",
            "module.vpc.aws_network_acl.intra",
            "module.vpc.aws_network_acl.outpost",
            "module.vpc.aws_network_acl.private",
            "module.vpc.aws_network_acl.public",
            "module.vpc.aws_network_acl.redshift",
            "module.vpc.aws_network_acl_rule.database_inbound",
            "module.vpc.aws_network_acl_rule.database_outbound",
            "module.vpc.aws_network_acl_rule.elasticache_inbound",
            "module.vpc.aws_network_acl_rule.elasticache_outbound",
            "module.vpc.aws_network_acl_rule.intra_inbound",
            "module.vpc.aws_network_acl_rule.intra_outbound",
            "module.vpc.aws_network_acl_rule.outpost_inbound",
            "module.vpc.aws_network_acl_rule.outpost_outbound",
            "module.vpc.aws_network_acl_rule.private_inbound",
            "module.vpc.aws_network_acl_rule.private_outbound",
            "module.vpc.aws_network_acl_rule.public_inbound",
            "module.vpc.aws_network_acl_rule.public_outbound",
            "module.vpc.aws_network_acl_rule.redshift_inbound",
            "module.vpc.aws_network_acl_rule.redshift_outbound",
            "module.vpc.aws_redshift_subnet_group.redshift",
            "module.vpc.aws_route.database_internet_gateway",
            "module.vpc.aws_route.database_ipv6_egress",
            "module.vpc.aws_route.database_nat_gateway",
            "module.vpc.aws_route.private_ipv6_egress",
            "module.vpc.aws_route.private_nat_gateway",
            "module.vpc.aws_route.public_internet_gateway",
            "module.vpc.aws_route.public_internet_gateway_ipv6",
            "module.vpc.aws_route_table.database",
            "module.vpc.aws_route_table.elasticache",
            "module.vpc.aws_route_table.intra",
            "module.vpc.aws_route_table.private",
            "module.vpc.aws_route_table.public",
            "module.vpc.aws_route_table.redshift",
            "module.vpc.aws_route_table_association.database",
            "module.vpc.aws_route_table_association.elasticache",
            "module.vpc.aws_route_table_association.intra",
            "module.vpc.aws_route_table_association.outpost",
            "module.vpc.aws_route_table_association.private",
            "module.vpc.aws_route_table_association.public",
            "module.vpc.aws_route_table_association.redshift",
            "module.vpc.aws_route_table_association.redshift_public",
            "module.vpc.aws_subnet.database",
            "module.vpc.aws_subnet.elasticache",
            "module.vpc.aws_subnet.intra",
            "module.vpc.aws_subnet.outpost",
            "module.vpc.aws_subnet.private",
            "module.vpc.aws_subnet.public",
            "module.vpc.aws_subnet.redshift",
            "module.vpc.aws_vpc.this",
            "module.vpc.aws_vpc_dhcp_options.this",
            "module.vpc.aws_vpc_dhcp_options_association.this",
            "module.vpc.aws_vpc_ipv4_cidr_block_association.this",
            "module.vpc.aws_vpn_gateway.this",
            "module.vpc.aws_vpn_gateway_attachment.this",
            "module.vpc.aws_vpn_gateway_route_propagation.intra",
            "module.vpc.aws_vpn_gateway_route_propagation.private",
            "module.vpc.aws_vpn_gateway_route_propagation.public",
            "module.vpc.data.aws_iam_policy_document.flow_log_cloudwatch_assume_role",
            "module.vpc.data.aws_iam_policy_document.vpc_flow_log_cloudwatch"
          ],
          "create_before_destroy": true
        }
      ]
    },
    {
      "module": "module.project_eks_cluster",
      "mode": "managed",
      "type": "aws_iam_role_policy_attachment",
      "name": "cluster_AmazonEKSClusterPolicy",
      "provider": "provider[\"registry.terraform.io/hashicorp/aws\"]",
      "instances": [
        {
          "index_key": 0,
          "schema_version": 0,
          "attributes": {
            "id": "project_eks_cluster_ginu-dev20221128133603484100000011-20221128133604684300000016",
            "policy_arn": "arn:aws:iam::aws:policy/AmazonEKSClusterPolicy",
            "role": "project_eks_cluster_ginu-dev20221128133603484100000011"
          },
          "sensitive_attributes": [],
          "private": "bnVsbA==",
          "dependencies": [
            "aws_eip.nat",
            "aws_iam_group.K8sClusterAdmin-group",
            "aws_iam_group.K8sDeveloper-group",
            "aws_iam_group.K8sFullAdmin-group",
            "aws_iam_group_policy_attachment.K8sClusterAdmin-group-policy-attach",
            "aws_iam_group_policy_attachment.K8sDeveloper-group-policy-attach",
            "aws_iam_group_policy_attachment.K8sFullAdmin-group-policy-attach",
            "aws_iam_policy.K8sClusterAdmin-group-policy",
            "aws_iam_policy.K8sDeveloper-group-policy",
            "aws_iam_policy.K8sFullAdmin-group-policy",
            "data.aws_availability_zones.available",
            "data.aws_caller_identity.current",
            "module.project_eks_cluster.aws_iam_role.cluster",
            "module.project_eks_cluster.data.aws_iam_policy_document.cluster_assume_role_policy",
            "module.project_eks_cluster.data.aws_partition.current",
            "module.vpc.aws_cloudwatch_log_group.flow_log",
            "module.vpc.aws_customer_gateway.this",
            "module.vpc.aws_db_subnet_group.database",
            "module.vpc.aws_default_network_acl.this",
            "module.vpc.aws_default_route_table.default",
            "module.vpc.aws_default_security_group.this",
            "module.vpc.aws_default_vpc.this",
            "module.vpc.aws_egress_only_internet_gateway.this",
            "module.vpc.aws_eip.nat",
            "module.vpc.aws_elasticache_subnet_group.elasticache",
            "module.vpc.aws_flow_log.this",
            "module.vpc.aws_iam_policy.vpc_flow_log_cloudwatch",
            "module.vpc.aws_iam_role.vpc_flow_log_cloudwatch",
            "module.vpc.aws_iam_role_policy_attachment.vpc_flow_log_cloudwatch",
            "module.vpc.aws_internet_gateway.this",
            "module.vpc.aws_nat_gateway.this",
            "module.vpc.aws_network_acl.database",
            "module.vpc.aws_network_acl.elasticache",
            "module.vpc.aws_network_acl.intra",
            "module.vpc.aws_network_acl.outpost",
            "module.vpc.aws_network_acl.private",
            "module.vpc.aws_network_acl.public",
            "module.vpc.aws_network_acl.redshift",
            "module.vpc.aws_network_acl_rule.database_inbound",
            "module.vpc.aws_network_acl_rule.database_outbound",
            "module.vpc.aws_network_acl_rule.elasticache_inbound",
            "module.vpc.aws_network_acl_rule.elasticache_outbound",
            "module.vpc.aws_network_acl_rule.intra_inbound",
            "module.vpc.aws_network_acl_rule.intra_outbound",
            "module.vpc.aws_network_acl_rule.outpost_inbound",
            "module.vpc.aws_network_acl_rule.outpost_outbound",
            "module.vpc.aws_network_acl_rule.private_inbound",
            "module.vpc.aws_network_acl_rule.private_outbound",
            "module.vpc.aws_network_acl_rule.public_inbound",
            "module.vpc.aws_network_acl_rule.public_outbound",
            "module.vpc.aws_network_acl_rule.redshift_inbound",
            "module.vpc.aws_network_acl_rule.redshift_outbound",
            "module.vpc.aws_redshift_subnet_group.redshift",
            "module.vpc.aws_route.database_internet_gateway",
            "module.vpc.aws_route.database_ipv6_egress",
            "module.vpc.aws_route.database_nat_gateway",
            "module.vpc.aws_route.private_ipv6_egress",
            "module.vpc.aws_route.private_nat_gateway",
            "module.vpc.aws_route.public_internet_gateway",
            "module.vpc.aws_route.public_internet_gateway_ipv6",
            "module.vpc.aws_route_table.database",
            "module.vpc.aws_route_table.elasticache",
            "module.vpc.aws_route_table.intra",
            "module.vpc.aws_route_table.private",
            "module.vpc.aws_route_table.public",
            "module.vpc.aws_route_table.redshift",
            "module.vpc.aws_route_table_association.database",
            "module.vpc.aws_route_table_association.elasticache",
            "module.vpc.aws_route_table_association.intra",
            "module.vpc.aws_route_table_association.outpost",
            "module.vpc.aws_route_table_association.private",
            "module.vpc.aws_route_table_association.public",
            "module.vpc.aws_route_table_association.redshift",
            "module.vpc.aws_route_table_association.redshift_public",
            "module.vpc.aws_subnet.database",
            "module.vpc.aws_subnet.elasticache",
            "module.vpc.aws_subnet.intra",
            "module.vpc.aws_subnet.outpost",
            "module.vpc.aws_subnet.private",
            "module.vpc.aws_subnet.public",
            "module.vpc.aws_subnet.redshift",
            "module.vpc.aws_vpc.this",
            "module.vpc.aws_vpc_dhcp_options.this",
            "module.vpc.aws_vpc_dhcp_options_association.this",
            "module.vpc.aws_vpc_ipv4_cidr_block_association.this",
            "module.vpc.aws_vpn_gateway.this",
            "module.vpc.aws_vpn_gateway_attachment.this",
            "module.vpc.aws_vpn_gateway_route_propagation.intra",
            "module.vpc.aws_vpn_gateway_route_propagation.private",
            "module.vpc.aws_vpn_gateway_route_propagation.public",
            "module.vpc.data.aws_iam_policy_document.flow_log_cloudwatch_assume_role",
            "module.vpc.data.aws_iam_policy_document.vpc_flow_log_cloudwatch"
          ],
          "create_before_destroy": true
        }
      ]
    },
    {
      "module": "module.project_eks_cluster",
      "mode": "managed",
      "type": "aws_iam_role_policy_attachment",
      "name": "cluster_AmazonEKSServicePolicy",
      "provider": "provider[\"registry.terraform.io/hashicorp/aws\"]",
      "instances": [
        {
          "index_key": 0,
          "schema_version": 0,
          "attributes": {
            "id": "project_eks_cluster_ginu-dev20221128133603484100000011-20221128133604577400000014",
            "policy_arn": "arn:aws:iam::aws:policy/AmazonEKSServicePolicy",
            "role": "project_eks_cluster_ginu-dev20221128133603484100000011"
          },
          "sensitive_attributes": [],
          "private": "bnVsbA==",
          "dependencies": [
            "aws_eip.nat",
            "aws_iam_group.K8sClusterAdmin-group",
            "aws_iam_group.K8sDeveloper-group",
            "aws_iam_group.K8sFullAdmin-group",
            "aws_iam_group_policy_attachment.K8sClusterAdmin-group-policy-attach",
            "aws_iam_group_policy_attachment.K8sDeveloper-group-policy-attach",
            "aws_iam_group_policy_attachment.K8sFullAdmin-group-policy-attach",
            "aws_iam_policy.K8sClusterAdmin-group-policy",
            "aws_iam_policy.K8sDeveloper-group-policy",
            "aws_iam_policy.K8sFullAdmin-group-policy",
            "data.aws_availability_zones.available",
            "data.aws_caller_identity.current",
            "module.project_eks_cluster.aws_iam_role.cluster",
            "module.project_eks_cluster.data.aws_iam_policy_document.cluster_assume_role_policy",
            "module.project_eks_cluster.data.aws_partition.current",
            "module.vpc.aws_cloudwatch_log_group.flow_log",
            "module.vpc.aws_customer_gateway.this",
            "module.vpc.aws_db_subnet_group.database",
            "module.vpc.aws_default_network_acl.this",
            "module.vpc.aws_default_route_table.default",
            "module.vpc.aws_default_security_group.this",
            "module.vpc.aws_default_vpc.this",
            "module.vpc.aws_egress_only_internet_gateway.this",
            "module.vpc.aws_eip.nat",
            "module.vpc.aws_elasticache_subnet_group.elasticache",
            "module.vpc.aws_flow_log.this",
            "module.vpc.aws_iam_policy.vpc_flow_log_cloudwatch",
            "module.vpc.aws_iam_role.vpc_flow_log_cloudwatch",
            "module.vpc.aws_iam_role_policy_attachment.vpc_flow_log_cloudwatch",
            "module.vpc.aws_internet_gateway.this",
            "module.vpc.aws_nat_gateway.this",
            "module.vpc.aws_network_acl.database",
            "module.vpc.aws_network_acl.elasticache",
            "module.vpc.aws_network_acl.intra",
            "module.vpc.aws_network_acl.outpost",
            "module.vpc.aws_network_acl.private",
            "module.vpc.aws_network_acl.public",
            "module.vpc.aws_network_acl.redshift",
            "module.vpc.aws_network_acl_rule.database_inbound",
            "module.vpc.aws_network_acl_rule.database_outbound",
            "module.vpc.aws_network_acl_rule.elasticache_inbound",
            "module.vpc.aws_network_acl_rule.elasticache_outbound",
            "module.vpc.aws_network_acl_rule.intra_inbound",
            "module.vpc.aws_network_acl_rule.intra_outbound",
            "module.vpc.aws_network_acl_rule.outpost_inbound",
            "module.vpc.aws_network_acl_rule.outpost_outbound",
            "module.vpc.aws_network_acl_rule.private_inbound",
            "module.vpc.aws_network_acl_rule.private_outbound",
            "module.vpc.aws_network_acl_rule.public_inbound",
            "module.vpc.aws_network_acl_rule.public_outbound",
            "module.vpc.aws_network_acl_rule.redshift_inbound",
            "module.vpc.aws_network_acl_rule.redshift_outbound",
            "module.vpc.aws_redshift_subnet_group.redshift",
            "module.vpc.aws_route.database_internet_gateway",
            "module.vpc.aws_route.database_ipv6_egress",
            "module.vpc.aws_route.database_nat_gateway",
            "module.vpc.aws_route.private_ipv6_egress",
            "module.vpc.aws_route.private_nat_gateway",
            "module.vpc.aws_route.public_internet_gateway",
            "module.vpc.aws_route.public_internet_gateway_ipv6",
            "module.vpc.aws_route_table.database",
            "module.vpc.aws_route_table.elasticache",
            "module.vpc.aws_route_table.intra",
            "module.vpc.aws_route_table.private",
            "module.vpc.aws_route_table.public",
            "module.vpc.aws_route_table.redshift",
            "module.vpc.aws_route_table_association.database",
            "module.vpc.aws_route_table_association.elasticache",
            "module.vpc.aws_route_table_association.intra",
            "module.vpc.aws_route_table_association.outpost",
            "module.vpc.aws_route_table_association.private",
            "module.vpc.aws_route_table_association.public",
            "module.vpc.aws_route_table_association.redshift",
            "module.vpc.aws_route_table_association.redshift_public",
            "module.vpc.aws_subnet.database",
            "module.vpc.aws_subnet.elasticache",
            "module.vpc.aws_subnet.intra",
            "module.vpc.aws_subnet.outpost",
            "module.vpc.aws_subnet.private",
            "module.vpc.aws_subnet.public",
            "module.vpc.aws_subnet.redshift",
            "module.vpc.aws_vpc.this",
            "module.vpc.aws_vpc_dhcp_options.this",
            "module.vpc.aws_vpc_dhcp_options_association.this",
            "module.vpc.aws_vpc_ipv4_cidr_block_association.this",
            "module.vpc.aws_vpn_gateway.this",
            "module.vpc.aws_vpn_gateway_attachment.this",
            "module.vpc.aws_vpn_gateway_route_propagation.intra",
            "module.vpc.aws_vpn_gateway_route_propagation.private",
            "module.vpc.aws_vpn_gateway_route_propagation.public",
            "module.vpc.data.aws_iam_policy_document.flow_log_cloudwatch_assume_role",
            "module.vpc.data.aws_iam_policy_document.vpc_flow_log_cloudwatch"
          ],
          "create_before_destroy": true
        }
      ]
    },
    {
      "module": "module.project_eks_cluster",
      "mode": "managed",
      "type": "aws_iam_role_policy_attachment",
      "name": "cluster_AmazonEKSVPCResourceControllerPolicy",
      "provider": "provider[\"registry.terraform.io/hashicorp/aws\"]",
      "instances": [
        {
          "index_key": 0,
          "schema_version": 0,
          "attributes": {
            "id": "project_eks_cluster_ginu-dev20221128133603484100000011-20221128133604526800000012",
            "policy_arn": "arn:aws:iam::aws:policy/AmazonEKSVPCResourceController",
            "role": "project_eks_cluster_ginu-dev20221128133603484100000011"
          },
          "sensitive_attributes": [],
          "private": "bnVsbA==",
          "dependencies": [
            "aws_eip.nat",
            "aws_iam_group.K8sClusterAdmin-group",
            "aws_iam_group.K8sDeveloper-group",
            "aws_iam_group.K8sFullAdmin-group",
            "aws_iam_group_policy_attachment.K8sClusterAdmin-group-policy-attach",
            "aws_iam_group_policy_attachment.K8sDeveloper-group-policy-attach",
            "aws_iam_group_policy_attachment.K8sFullAdmin-group-policy-attach",
            "aws_iam_policy.K8sClusterAdmin-group-policy",
            "aws_iam_policy.K8sDeveloper-group-policy",
            "aws_iam_policy.K8sFullAdmin-group-policy",
            "data.aws_availability_zones.available",
            "data.aws_caller_identity.current",
            "module.project_eks_cluster.aws_iam_role.cluster",
            "module.project_eks_cluster.data.aws_iam_policy_document.cluster_assume_role_policy",
            "module.project_eks_cluster.data.aws_partition.current",
            "module.vpc.aws_cloudwatch_log_group.flow_log",
            "module.vpc.aws_customer_gateway.this",
            "module.vpc.aws_db_subnet_group.database",
            "module.vpc.aws_default_network_acl.this",
            "module.vpc.aws_default_route_table.default",
            "module.vpc.aws_default_security_group.this",
            "module.vpc.aws_default_vpc.this",
            "module.vpc.aws_egress_only_internet_gateway.this",
            "module.vpc.aws_eip.nat",
            "module.vpc.aws_elasticache_subnet_group.elasticache",
            "module.vpc.aws_flow_log.this",
            "module.vpc.aws_iam_policy.vpc_flow_log_cloudwatch",
            "module.vpc.aws_iam_role.vpc_flow_log_cloudwatch",
            "module.vpc.aws_iam_role_policy_attachment.vpc_flow_log_cloudwatch",
            "module.vpc.aws_internet_gateway.this",
            "module.vpc.aws_nat_gateway.this",
            "module.vpc.aws_network_acl.database",
            "module.vpc.aws_network_acl.elasticache",
            "module.vpc.aws_network_acl.intra",
            "module.vpc.aws_network_acl.outpost",
            "module.vpc.aws_network_acl.private",
            "module.vpc.aws_network_acl.public",
            "module.vpc.aws_network_acl.redshift",
            "module.vpc.aws_network_acl_rule.database_inbound",
            "module.vpc.aws_network_acl_rule.database_outbound",
            "module.vpc.aws_network_acl_rule.elasticache_inbound",
            "module.vpc.aws_network_acl_rule.elasticache_outbound",
            "module.vpc.aws_network_acl_rule.intra_inbound",
            "module.vpc.aws_network_acl_rule.intra_outbound",
            "module.vpc.aws_network_acl_rule.outpost_inbound",
            "module.vpc.aws_network_acl_rule.outpost_outbound",
            "module.vpc.aws_network_acl_rule.private_inbound",
            "module.vpc.aws_network_acl_rule.private_outbound",
            "module.vpc.aws_network_acl_rule.public_inbound",
            "module.vpc.aws_network_acl_rule.public_outbound",
            "module.vpc.aws_network_acl_rule.redshift_inbound",
            "module.vpc.aws_network_acl_rule.redshift_outbound",
            "module.vpc.aws_redshift_subnet_group.redshift",
            "module.vpc.aws_route.database_internet_gateway",
            "module.vpc.aws_route.database_ipv6_egress",
            "module.vpc.aws_route.database_nat_gateway",
            "module.vpc.aws_route.private_ipv6_egress",
            "module.vpc.aws_route.private_nat_gateway",
            "module.vpc.aws_route.public_internet_gateway",
            "module.vpc.aws_route.public_internet_gateway_ipv6",
            "module.vpc.aws_route_table.database",
            "module.vpc.aws_route_table.elasticache",
            "module.vpc.aws_route_table.intra",
            "module.vpc.aws_route_table.private",
            "module.vpc.aws_route_table.public",
            "module.vpc.aws_route_table.redshift",
            "module.vpc.aws_route_table_association.database",
            "module.vpc.aws_route_table_association.elasticache",
            "module.vpc.aws_route_table_association.intra",
            "module.vpc.aws_route_table_association.outpost",
            "module.vpc.aws_route_table_association.private",
            "module.vpc.aws_route_table_association.public",
            "module.vpc.aws_route_table_association.redshift",
            "module.vpc.aws_route_table_association.redshift_public",
            "module.vpc.aws_subnet.database",
            "module.vpc.aws_subnet.elasticache",
            "module.vpc.aws_subnet.intra",
            "module.vpc.aws_subnet.outpost",
            "module.vpc.aws_subnet.private",
            "module.vpc.aws_subnet.public",
            "module.vpc.aws_subnet.redshift",
            "module.vpc.aws_vpc.this",
            "module.vpc.aws_vpc_dhcp_options.this",
            "module.vpc.aws_vpc_dhcp_options_association.this",
            "module.vpc.aws_vpc_ipv4_cidr_block_association.this",
            "module.vpc.aws_vpn_gateway.this",
            "module.vpc.aws_vpn_gateway_attachment.this",
            "module.vpc.aws_vpn_gateway_route_propagation.intra",
            "module.vpc.aws_vpn_gateway_route_propagation.private",
            "module.vpc.aws_vpn_gateway_route_propagation.public",
            "module.vpc.data.aws_iam_policy_document.flow_log_cloudwatch_assume_role",
            "module.vpc.data.aws_iam_policy_document.vpc_flow_log_cloudwatch"
          ],
          "create_before_destroy": true
        }
      ]
    },
    {
      "module": "module.project_eks_cluster",
      "mode": "managed",
      "type": "aws_iam_role_policy_attachment",
      "name": "cluster_deny_log_group",
      "provider": "provider[\"registry.terraform.io/hashicorp/aws\"]",
      "instances": [
        {
          "index_key": 0,
          "schema_version": 0,
          "attributes": {
            "id": "project_eks_cluster_ginu-dev20221128133603484100000011-20221128133604624300000015",
            "policy_arn": "arn:aws:iam::370365354210:policy/project_eks_cluster_ginu-dev-deny-log-group2022112813360348350000000f",
            "role": "project_eks_cluster_ginu-dev20221128133603484100000011"
          },
          "sensitive_attributes": [],
          "private": "bnVsbA==",
          "dependencies": [
            "aws_eip.nat",
            "aws_iam_group.K8sClusterAdmin-group",
            "aws_iam_group.K8sDeveloper-group",
            "aws_iam_group.K8sFullAdmin-group",
            "aws_iam_group_policy_attachment.K8sClusterAdmin-group-policy-attach",
            "aws_iam_group_policy_attachment.K8sDeveloper-group-policy-attach",
            "aws_iam_group_policy_attachment.K8sFullAdmin-group-policy-attach",
            "aws_iam_policy.K8sClusterAdmin-group-policy",
            "aws_iam_policy.K8sDeveloper-group-policy",
            "aws_iam_policy.K8sFullAdmin-group-policy",
            "data.aws_availability_zones.available",
            "data.aws_caller_identity.current",
            "module.project_eks_cluster.aws_iam_policy.cluster_deny_log_group",
            "module.project_eks_cluster.aws_iam_role.cluster",
            "module.project_eks_cluster.data.aws_iam_policy_document.cluster_assume_role_policy",
            "module.project_eks_cluster.data.aws_iam_policy_document.cluster_deny_log_group",
            "module.vpc.aws_cloudwatch_log_group.flow_log",
            "module.vpc.aws_customer_gateway.this",
            "module.vpc.aws_db_subnet_group.database",
            "module.vpc.aws_default_network_acl.this",
            "module.vpc.aws_default_route_table.default",
            "module.vpc.aws_default_security_group.this",
            "module.vpc.aws_default_vpc.this",
            "module.vpc.aws_egress_only_internet_gateway.this",
            "module.vpc.aws_eip.nat",
            "module.vpc.aws_elasticache_subnet_group.elasticache",
            "module.vpc.aws_flow_log.this",
            "module.vpc.aws_iam_policy.vpc_flow_log_cloudwatch",
            "module.vpc.aws_iam_role.vpc_flow_log_cloudwatch",
            "module.vpc.aws_iam_role_policy_attachment.vpc_flow_log_cloudwatch",
            "module.vpc.aws_internet_gateway.this",
            "module.vpc.aws_nat_gateway.this",
            "module.vpc.aws_network_acl.database",
            "module.vpc.aws_network_acl.elasticache",
            "module.vpc.aws_network_acl.intra",
            "module.vpc.aws_network_acl.outpost",
            "module.vpc.aws_network_acl.private",
            "module.vpc.aws_network_acl.public",
            "module.vpc.aws_network_acl.redshift",
            "module.vpc.aws_network_acl_rule.database_inbound",
            "module.vpc.aws_network_acl_rule.database_outbound",
            "module.vpc.aws_network_acl_rule.elasticache_inbound",
            "module.vpc.aws_network_acl_rule.elasticache_outbound",
            "module.vpc.aws_network_acl_rule.intra_inbound",
            "module.vpc.aws_network_acl_rule.intra_outbound",
            "module.vpc.aws_network_acl_rule.outpost_inbound",
            "module.vpc.aws_network_acl_rule.outpost_outbound",
            "module.vpc.aws_network_acl_rule.private_inbound",
            "module.vpc.aws_network_acl_rule.private_outbound",
            "module.vpc.aws_network_acl_rule.public_inbound",
            "module.vpc.aws_network_acl_rule.public_outbound",
            "module.vpc.aws_network_acl_rule.redshift_inbound",
            "module.vpc.aws_network_acl_rule.redshift_outbound",
            "module.vpc.aws_redshift_subnet_group.redshift",
            "module.vpc.aws_route.database_internet_gateway",
            "module.vpc.aws_route.database_ipv6_egress",
            "module.vpc.aws_route.database_nat_gateway",
            "module.vpc.aws_route.private_ipv6_egress",
            "module.vpc.aws_route.private_nat_gateway",
            "module.vpc.aws_route.public_internet_gateway",
            "module.vpc.aws_route.public_internet_gateway_ipv6",
            "module.vpc.aws_route_table.database",
            "module.vpc.aws_route_table.elasticache",
            "module.vpc.aws_route_table.intra",
            "module.vpc.aws_route_table.private",
            "module.vpc.aws_route_table.public",
            "module.vpc.aws_route_table.redshift",
            "module.vpc.aws_route_table_association.database",
            "module.vpc.aws_route_table_association.elasticache",
            "module.vpc.aws_route_table_association.intra",
            "module.vpc.aws_route_table_association.outpost",
            "module.vpc.aws_route_table_association.private",
            "module.vpc.aws_route_table_association.public",
            "module.vpc.aws_route_table_association.redshift",
            "module.vpc.aws_route_table_association.redshift_public",
            "module.vpc.aws_subnet.database",
            "module.vpc.aws_subnet.elasticache",
            "module.vpc.aws_subnet.intra",
            "module.vpc.aws_subnet.outpost",
            "module.vpc.aws_subnet.private",
            "module.vpc.aws_subnet.public",
            "module.vpc.aws_subnet.redshift",
            "module.vpc.aws_vpc.this",
            "module.vpc.aws_vpc_dhcp_options.this",
            "module.vpc.aws_vpc_dhcp_options_association.this",
            "module.vpc.aws_vpc_ipv4_cidr_block_association.this",
            "module.vpc.aws_vpn_gateway.this",
            "module.vpc.aws_vpn_gateway_attachment.this",
            "module.vpc.aws_vpn_gateway_route_propagation.intra",
            "module.vpc.aws_vpn_gateway_route_propagation.private",
            "module.vpc.aws_vpn_gateway_route_propagation.public",
            "module.vpc.data.aws_iam_policy_document.flow_log_cloudwatch_assume_role",
            "module.vpc.data.aws_iam_policy_document.vpc_flow_log_cloudwatch"
          ],
          "create_before_destroy": true
        }
      ]
    },
    {
      "module": "module.project_eks_cluster",
      "mode": "managed",
      "type": "aws_iam_role_policy_attachment",
      "name": "cluster_elb_sl_role_creation",
      "provider": "provider[\"registry.terraform.io/hashicorp/aws\"]",
      "instances": [
        {
          "index_key": 0,
          "schema_version": 0,
          "attributes": {
            "id": "project_eks_cluster_ginu-dev20221128133603484100000011-20221128133604538100000013",
            "policy_arn": "arn:aws:iam::370365354210:policy/project_eks_cluster_ginu-dev-elb-sl-role-creation20221128133603483600000010",
            "role": "project_eks_cluster_ginu-dev20221128133603484100000011"
          },
          "sensitive_attributes": [],
          "private": "bnVsbA==",
          "dependencies": [
            "aws_eip.nat",
            "aws_iam_group.K8sClusterAdmin-group",
            "aws_iam_group.K8sDeveloper-group",
            "aws_iam_group.K8sFullAdmin-group",
            "aws_iam_group_policy_attachment.K8sClusterAdmin-group-policy-attach",
            "aws_iam_group_policy_attachment.K8sDeveloper-group-policy-attach",
            "aws_iam_group_policy_attachment.K8sFullAdmin-group-policy-attach",
            "aws_iam_policy.K8sClusterAdmin-group-policy",
            "aws_iam_policy.K8sDeveloper-group-policy",
            "aws_iam_policy.K8sFullAdmin-group-policy",
            "data.aws_availability_zones.available",
            "data.aws_caller_identity.current",
            "module.project_eks_cluster.aws_iam_policy.cluster_elb_sl_role_creation",
            "module.project_eks_cluster.aws_iam_role.cluster",
            "module.project_eks_cluster.data.aws_iam_policy_document.cluster_assume_role_policy",
            "module.project_eks_cluster.data.aws_iam_policy_document.cluster_elb_sl_role_creation",
            "module.vpc.aws_cloudwatch_log_group.flow_log",
            "module.vpc.aws_customer_gateway.this",
            "module.vpc.aws_db_subnet_group.database",
            "module.vpc.aws_default_network_acl.this",
            "module.vpc.aws_default_route_table.default",
            "module.vpc.aws_default_security_group.this",
            "module.vpc.aws_default_vpc.this",
            "module.vpc.aws_egress_only_internet_gateway.this",
            "module.vpc.aws_eip.nat",
            "module.vpc.aws_elasticache_subnet_group.elasticache",
            "module.vpc.aws_flow_log.this",
            "module.vpc.aws_iam_policy.vpc_flow_log_cloudwatch",
            "module.vpc.aws_iam_role.vpc_flow_log_cloudwatch",
            "module.vpc.aws_iam_role_policy_attachment.vpc_flow_log_cloudwatch",
            "module.vpc.aws_internet_gateway.this",
            "module.vpc.aws_nat_gateway.this",
            "module.vpc.aws_network_acl.database",
            "module.vpc.aws_network_acl.elasticache",
            "module.vpc.aws_network_acl.intra",
            "module.vpc.aws_network_acl.outpost",
            "module.vpc.aws_network_acl.private",
            "module.vpc.aws_network_acl.public",
            "module.vpc.aws_network_acl.redshift",
            "module.vpc.aws_network_acl_rule.database_inbound",
            "module.vpc.aws_network_acl_rule.database_outbound",
            "module.vpc.aws_network_acl_rule.elasticache_inbound",
            "module.vpc.aws_network_acl_rule.elasticache_outbound",
            "module.vpc.aws_network_acl_rule.intra_inbound",
            "module.vpc.aws_network_acl_rule.intra_outbound",
            "module.vpc.aws_network_acl_rule.outpost_inbound",
            "module.vpc.aws_network_acl_rule.outpost_outbound",
            "module.vpc.aws_network_acl_rule.private_inbound",
            "module.vpc.aws_network_acl_rule.private_outbound",
            "module.vpc.aws_network_acl_rule.public_inbound",
            "module.vpc.aws_network_acl_rule.public_outbound",
            "module.vpc.aws_network_acl_rule.redshift_inbound",
            "module.vpc.aws_network_acl_rule.redshift_outbound",
            "module.vpc.aws_redshift_subnet_group.redshift",
            "module.vpc.aws_route.database_internet_gateway",
            "module.vpc.aws_route.database_ipv6_egress",
            "module.vpc.aws_route.database_nat_gateway",
            "module.vpc.aws_route.private_ipv6_egress",
            "module.vpc.aws_route.private_nat_gateway",
            "module.vpc.aws_route.public_internet_gateway",
            "module.vpc.aws_route.public_internet_gateway_ipv6",
            "module.vpc.aws_route_table.database",
            "module.vpc.aws_route_table.elasticache",
            "module.vpc.aws_route_table.intra",
            "module.vpc.aws_route_table.private",
            "module.vpc.aws_route_table.public",
            "module.vpc.aws_route_table.redshift",
            "module.vpc.aws_route_table_association.database",
            "module.vpc.aws_route_table_association.elasticache",
            "module.vpc.aws_route_table_association.intra",
            "module.vpc.aws_route_table_association.outpost",
            "module.vpc.aws_route_table_association.private",
            "module.vpc.aws_route_table_association.public",
            "module.vpc.aws_route_table_association.redshift",
            "module.vpc.aws_route_table_association.redshift_public",
            "module.vpc.aws_subnet.database",
            "module.vpc.aws_subnet.elasticache",
            "module.vpc.aws_subnet.intra",
            "module.vpc.aws_subnet.outpost",
            "module.vpc.aws_subnet.private",
            "module.vpc.aws_subnet.public",
            "module.vpc.aws_subnet.redshift",
            "module.vpc.aws_vpc.this",
            "module.vpc.aws_vpc_dhcp_options.this",
            "module.vpc.aws_vpc_dhcp_options_association.this",
            "module.vpc.aws_vpc_ipv4_cidr_block_association.this",
            "module.vpc.aws_vpn_gateway.this",
            "module.vpc.aws_vpn_gateway_attachment.this",
            "module.vpc.aws_vpn_gateway_route_propagation.intra",
            "module.vpc.aws_vpn_gateway_route_propagation.private",
            "module.vpc.aws_vpn_gateway_route_propagation.public",
            "module.vpc.data.aws_iam_policy_document.flow_log_cloudwatch_assume_role",
            "module.vpc.data.aws_iam_policy_document.vpc_flow_log_cloudwatch"
          ],
          "create_before_destroy": true
        }
      ]
    },
    {
      "module": "module.project_eks_cluster",
      "mode": "managed",
      "type": "aws_iam_role_policy_attachment",
      "name": "workers_AmazonEC2ContainerRegistryReadOnly",
      "provider": "provider[\"registry.terraform.io/hashicorp/aws\"]",
      "instances": [
        {
          "index_key": 0,
          "schema_version": 0,
          "attributes": {
            "id": "project_eks_cluster_ginu-dev20221128134646075800000017-20221128134647111200000019",
            "policy_arn": "arn:aws:iam::aws:policy/AmazonEC2ContainerRegistryReadOnly",
            "role": "project_eks_cluster_ginu-dev20221128134646075800000017"
          },
          "sensitive_attributes": [],
          "private": "bnVsbA==",
          "dependencies": [
            "aws_eip.nat",
            "aws_iam_group.K8sClusterAdmin-group",
            "aws_iam_group.K8sDeveloper-group",
            "aws_iam_group.K8sFullAdmin-group",
            "aws_iam_group_policy_attachment.K8sClusterAdmin-group-policy-attach",
            "aws_iam_group_policy_attachment.K8sDeveloper-group-policy-attach",
            "aws_iam_group_policy_attachment.K8sFullAdmin-group-policy-attach",
            "aws_iam_policy.K8sClusterAdmin-group-policy",
            "aws_iam_policy.K8sDeveloper-group-policy",
            "aws_iam_policy.K8sFullAdmin-group-policy",
            "data.aws_availability_zones.available",
            "data.aws_caller_identity.current",
            "module.project_eks_cluster.aws_cloudwatch_log_group.this",
            "module.project_eks_cluster.aws_eks_cluster.this",
            "module.project_eks_cluster.aws_iam_role.cluster",
            "module.project_eks_cluster.aws_iam_role.workers",
            "module.project_eks_cluster.aws_iam_role_policy_attachment.cluster_AmazonEKSClusterPolicy",
            "module.project_eks_cluster.aws_iam_role_policy_attachment.cluster_AmazonEKSServicePolicy",
            "module.project_eks_cluster.aws_iam_role_policy_attachment.cluster_AmazonEKSVPCResourceControllerPolicy",
            "module.project_eks_cluster.aws_security_group.cluster",
            "module.project_eks_cluster.aws_security_group.workers",
            "module.project_eks_cluster.aws_security_group_rule.cluster_egress_internet",
            "module.project_eks_cluster.aws_security_group_rule.cluster_https_worker_ingress",
            "module.project_eks_cluster.data.aws_iam_policy_document.cluster_assume_role_policy",
            "module.project_eks_cluster.data.aws_iam_policy_document.workers_assume_role_policy",
            "module.project_eks_cluster.data.aws_iam_role.custom_cluster_iam_role",
            "module.project_eks_cluster.data.aws_partition.current",
            "module.vpc.aws_cloudwatch_log_group.flow_log",
            "module.vpc.aws_customer_gateway.this",
            "module.vpc.aws_db_subnet_group.database",
            "module.vpc.aws_default_network_acl.this",
            "module.vpc.aws_default_route_table.default",
            "module.vpc.aws_default_security_group.this",
            "module.vpc.aws_default_vpc.this",
            "module.vpc.aws_egress_only_internet_gateway.this",
            "module.vpc.aws_eip.nat",
            "module.vpc.aws_elasticache_subnet_group.elasticache",
            "module.vpc.aws_flow_log.this",
            "module.vpc.aws_iam_policy.vpc_flow_log_cloudwatch",
            "module.vpc.aws_iam_role.vpc_flow_log_cloudwatch",
            "module.vpc.aws_iam_role_policy_attachment.vpc_flow_log_cloudwatch",
            "module.vpc.aws_internet_gateway.this",
            "module.vpc.aws_nat_gateway.this",
            "module.vpc.aws_network_acl.database",
            "module.vpc.aws_network_acl.elasticache",
            "module.vpc.aws_network_acl.intra",
            "module.vpc.aws_network_acl.outpost",
            "module.vpc.aws_network_acl.private",
            "module.vpc.aws_network_acl.public",
            "module.vpc.aws_network_acl.redshift",
            "module.vpc.aws_network_acl_rule.database_inbound",
            "module.vpc.aws_network_acl_rule.database_outbound",
            "module.vpc.aws_network_acl_rule.elasticache_inbound",
            "module.vpc.aws_network_acl_rule.elasticache_outbound",
            "module.vpc.aws_network_acl_rule.intra_inbound",
            "module.vpc.aws_network_acl_rule.intra_outbound",
            "module.vpc.aws_network_acl_rule.outpost_inbound",
            "module.vpc.aws_network_acl_rule.outpost_outbound",
            "module.vpc.aws_network_acl_rule.private_inbound",
            "module.vpc.aws_network_acl_rule.private_outbound",
            "module.vpc.aws_network_acl_rule.public_inbound",
            "module.vpc.aws_network_acl_rule.public_outbound",
            "module.vpc.aws_network_acl_rule.redshift_inbound",
            "module.vpc.aws_network_acl_rule.redshift_outbound",
            "module.vpc.aws_redshift_subnet_group.redshift",
            "module.vpc.aws_route.database_internet_gateway",
            "module.vpc.aws_route.database_ipv6_egress",
            "module.vpc.aws_route.database_nat_gateway",
            "module.vpc.aws_route.private_ipv6_egress",
            "module.vpc.aws_route.private_nat_gateway",
            "module.vpc.aws_route.public_internet_gateway",
            "module.vpc.aws_route.public_internet_gateway_ipv6",
            "module.vpc.aws_route_table.database",
            "module.vpc.aws_route_table.elasticache",
            "module.vpc.aws_route_table.intra",
            "module.vpc.aws_route_table.private",
            "module.vpc.aws_route_table.public",
            "module.vpc.aws_route_table.redshift",
            "module.vpc.aws_route_table_association.database",
            "module.vpc.aws_route_table_association.elasticache",
            "module.vpc.aws_route_table_association.intra",
            "module.vpc.aws_route_table_association.outpost",
            "module.vpc.aws_route_table_association.private",
            "module.vpc.aws_route_table_association.public",
            "module.vpc.aws_route_table_association.redshift",
            "module.vpc.aws_route_table_association.redshift_public",
            "module.vpc.aws_subnet.database",
            "module.vpc.aws_subnet.elasticache",
            "module.vpc.aws_subnet.intra",
            "module.vpc.aws_subnet.outpost",
            "module.vpc.aws_subnet.private",
            "module.vpc.aws_subnet.public",
            "module.vpc.aws_subnet.redshift",
            "module.vpc.aws_vpc.this",
            "module.vpc.aws_vpc_dhcp_options.this",
            "module.vpc.aws_vpc_dhcp_options_association.this",
            "module.vpc.aws_vpc_ipv4_cidr_block_association.this",
            "module.vpc.aws_vpn_gateway.this",
            "module.vpc.aws_vpn_gateway_attachment.this",
            "module.vpc.aws_vpn_gateway_route_propagation.intra",
            "module.vpc.aws_vpn_gateway_route_propagation.private",
            "module.vpc.aws_vpn_gateway_route_propagation.public",
            "module.vpc.data.aws_iam_policy_document.flow_log_cloudwatch_assume_role",
            "module.vpc.data.aws_iam_policy_document.vpc_flow_log_cloudwatch"
          ],
          "create_before_destroy": true
        }
      ]
    },
    {
      "module": "module.project_eks_cluster",
      "mode": "managed",
      "type": "aws_iam_role_policy_attachment",
      "name": "workers_AmazonEKSWorkerNodePolicy",
      "provider": "provider[\"registry.terraform.io/hashicorp/aws\"]",
      "instances": [
        {
          "index_key": 0,
          "schema_version": 0,
          "attributes": {
            "id": "project_eks_cluster_ginu-dev20221128134646075800000017-2022112813464722090000001a",
            "policy_arn": "arn:aws:iam::aws:policy/AmazonEKSWorkerNodePolicy",
            "role": "project_eks_cluster_ginu-dev20221128134646075800000017"
          },
          "sensitive_attributes": [],
          "private": "bnVsbA==",
          "dependencies": [
            "aws_eip.nat",
            "aws_iam_group.K8sClusterAdmin-group",
            "aws_iam_group.K8sDeveloper-group",
            "aws_iam_group.K8sFullAdmin-group",
            "aws_iam_group_policy_attachment.K8sClusterAdmin-group-policy-attach",
            "aws_iam_group_policy_attachment.K8sDeveloper-group-policy-attach",
            "aws_iam_group_policy_attachment.K8sFullAdmin-group-policy-attach",
            "aws_iam_policy.K8sClusterAdmin-group-policy",
            "aws_iam_policy.K8sDeveloper-group-policy",
            "aws_iam_policy.K8sFullAdmin-group-policy",
            "data.aws_availability_zones.available",
            "data.aws_caller_identity.current",
            "module.project_eks_cluster.aws_cloudwatch_log_group.this",
            "module.project_eks_cluster.aws_eks_cluster.this",
            "module.project_eks_cluster.aws_iam_role.cluster",
            "module.project_eks_cluster.aws_iam_role.workers",
            "module.project_eks_cluster.aws_iam_role_policy_attachment.cluster_AmazonEKSClusterPolicy",
            "module.project_eks_cluster.aws_iam_role_policy_attachment.cluster_AmazonEKSServicePolicy",
            "module.project_eks_cluster.aws_iam_role_policy_attachment.cluster_AmazonEKSVPCResourceControllerPolicy",
            "module.project_eks_cluster.aws_security_group.cluster",
            "module.project_eks_cluster.aws_security_group.workers",
            "module.project_eks_cluster.aws_security_group_rule.cluster_egress_internet",
            "module.project_eks_cluster.aws_security_group_rule.cluster_https_worker_ingress",
            "module.project_eks_cluster.data.aws_iam_policy_document.cluster_assume_role_policy",
            "module.project_eks_cluster.data.aws_iam_policy_document.workers_assume_role_policy",
            "module.project_eks_cluster.data.aws_iam_role.custom_cluster_iam_role",
            "module.project_eks_cluster.data.aws_partition.current",
            "module.vpc.aws_cloudwatch_log_group.flow_log",
            "module.vpc.aws_customer_gateway.this",
            "module.vpc.aws_db_subnet_group.database",
            "module.vpc.aws_default_network_acl.this",
            "module.vpc.aws_default_route_table.default",
            "module.vpc.aws_default_security_group.this",
            "module.vpc.aws_default_vpc.this",
            "module.vpc.aws_egress_only_internet_gateway.this",
            "module.vpc.aws_eip.nat",
            "module.vpc.aws_elasticache_subnet_group.elasticache",
            "module.vpc.aws_flow_log.this",
            "module.vpc.aws_iam_policy.vpc_flow_log_cloudwatch",
            "module.vpc.aws_iam_role.vpc_flow_log_cloudwatch",
            "module.vpc.aws_iam_role_policy_attachment.vpc_flow_log_cloudwatch",
            "module.vpc.aws_internet_gateway.this",
            "module.vpc.aws_nat_gateway.this",
            "module.vpc.aws_network_acl.database",
            "module.vpc.aws_network_acl.elasticache",
            "module.vpc.aws_network_acl.intra",
            "module.vpc.aws_network_acl.outpost",
            "module.vpc.aws_network_acl.private",
            "module.vpc.aws_network_acl.public",
            "module.vpc.aws_network_acl.redshift",
            "module.vpc.aws_network_acl_rule.database_inbound",
            "module.vpc.aws_network_acl_rule.database_outbound",
            "module.vpc.aws_network_acl_rule.elasticache_inbound",
            "module.vpc.aws_network_acl_rule.elasticache_outbound",
            "module.vpc.aws_network_acl_rule.intra_inbound",
            "module.vpc.aws_network_acl_rule.intra_outbound",
            "module.vpc.aws_network_acl_rule.outpost_inbound",
            "module.vpc.aws_network_acl_rule.outpost_outbound",
            "module.vpc.aws_network_acl_rule.private_inbound",
            "module.vpc.aws_network_acl_rule.private_outbound",
            "module.vpc.aws_network_acl_rule.public_inbound",
            "module.vpc.aws_network_acl_rule.public_outbound",
            "module.vpc.aws_network_acl_rule.redshift_inbound",
            "module.vpc.aws_network_acl_rule.redshift_outbound",
            "module.vpc.aws_redshift_subnet_group.redshift",
            "module.vpc.aws_route.database_internet_gateway",
            "module.vpc.aws_route.database_ipv6_egress",
            "module.vpc.aws_route.database_nat_gateway",
            "module.vpc.aws_route.private_ipv6_egress",
            "module.vpc.aws_route.private_nat_gateway",
            "module.vpc.aws_route.public_internet_gateway",
            "module.vpc.aws_route.public_internet_gateway_ipv6",
            "module.vpc.aws_route_table.database",
            "module.vpc.aws_route_table.elasticache",
            "module.vpc.aws_route_table.intra",
            "module.vpc.aws_route_table.private",
            "module.vpc.aws_route_table.public",
            "module.vpc.aws_route_table.redshift",
            "module.vpc.aws_route_table_association.database",
            "module.vpc.aws_route_table_association.elasticache",
            "module.vpc.aws_route_table_association.intra",
            "module.vpc.aws_route_table_association.outpost",
            "module.vpc.aws_route_table_association.private",
            "module.vpc.aws_route_table_association.public",
            "module.vpc.aws_route_table_association.redshift",
            "module.vpc.aws_route_table_association.redshift_public",
            "module.vpc.aws_subnet.database",
            "module.vpc.aws_subnet.elasticache",
            "module.vpc.aws_subnet.intra",
            "module.vpc.aws_subnet.outpost",
            "module.vpc.aws_subnet.private",
            "module.vpc.aws_subnet.public",
            "module.vpc.aws_subnet.redshift",
            "module.vpc.aws_vpc.this",
            "module.vpc.aws_vpc_dhcp_options.this",
            "module.vpc.aws_vpc_dhcp_options_association.this",
            "module.vpc.aws_vpc_ipv4_cidr_block_association.this",
            "module.vpc.aws_vpn_gateway.this",
            "module.vpc.aws_vpn_gateway_attachment.this",
            "module.vpc.aws_vpn_gateway_route_propagation.intra",
            "module.vpc.aws_vpn_gateway_route_propagation.private",
            "module.vpc.aws_vpn_gateway_route_propagation.public",
            "module.vpc.data.aws_iam_policy_document.flow_log_cloudwatch_assume_role",
            "module.vpc.data.aws_iam_policy_document.vpc_flow_log_cloudwatch"
          ],
          "create_before_destroy": true
        }
      ]
    },
    {
      "module": "module.project_eks_cluster",
      "mode": "managed",
      "type": "aws_iam_role_policy_attachment",
      "name": "workers_AmazonEKS_CNI_Policy",
      "provider": "provider[\"registry.terraform.io/hashicorp/aws\"]",
      "instances": [
        {
          "index_key": 0,
          "schema_version": 0,
          "attributes": {
            "id": "project_eks_cluster_ginu-dev20221128134646075800000017-20221128134647105500000018",
            "policy_arn": "arn:aws:iam::aws:policy/AmazonEKS_CNI_Policy",
            "role": "project_eks_cluster_ginu-dev20221128134646075800000017"
          },
          "sensitive_attributes": [],
          "private": "bnVsbA==",
          "dependencies": [
            "aws_eip.nat",
            "aws_iam_group.K8sClusterAdmin-group",
            "aws_iam_group.K8sDeveloper-group",
            "aws_iam_group.K8sFullAdmin-group",
            "aws_iam_group_policy_attachment.K8sClusterAdmin-group-policy-attach",
            "aws_iam_group_policy_attachment.K8sDeveloper-group-policy-attach",
            "aws_iam_group_policy_attachment.K8sFullAdmin-group-policy-attach",
            "aws_iam_policy.K8sClusterAdmin-group-policy",
            "aws_iam_policy.K8sDeveloper-group-policy",
            "aws_iam_policy.K8sFullAdmin-group-policy",
            "data.aws_availability_zones.available",
            "data.aws_caller_identity.current",
            "module.project_eks_cluster.aws_cloudwatch_log_group.this",
            "module.project_eks_cluster.aws_eks_cluster.this",
            "module.project_eks_cluster.aws_iam_role.cluster",
            "module.project_eks_cluster.aws_iam_role.workers",
            "module.project_eks_cluster.aws_iam_role_policy_attachment.cluster_AmazonEKSClusterPolicy",
            "module.project_eks_cluster.aws_iam_role_policy_attachment.cluster_AmazonEKSServicePolicy",
            "module.project_eks_cluster.aws_iam_role_policy_attachment.cluster_AmazonEKSVPCResourceControllerPolicy",
            "module.project_eks_cluster.aws_security_group.cluster",
            "module.project_eks_cluster.aws_security_group.workers",
            "module.project_eks_cluster.aws_security_group_rule.cluster_egress_internet",
            "module.project_eks_cluster.aws_security_group_rule.cluster_https_worker_ingress",
            "module.project_eks_cluster.data.aws_iam_policy_document.cluster_assume_role_policy",
            "module.project_eks_cluster.data.aws_iam_policy_document.workers_assume_role_policy",
            "module.project_eks_cluster.data.aws_iam_role.custom_cluster_iam_role",
            "module.project_eks_cluster.data.aws_partition.current",
            "module.vpc.aws_cloudwatch_log_group.flow_log",
            "module.vpc.aws_customer_gateway.this",
            "module.vpc.aws_db_subnet_group.database",
            "module.vpc.aws_default_network_acl.this",
            "module.vpc.aws_default_route_table.default",
            "module.vpc.aws_default_security_group.this",
            "module.vpc.aws_default_vpc.this",
            "module.vpc.aws_egress_only_internet_gateway.this",
            "module.vpc.aws_eip.nat",
            "module.vpc.aws_elasticache_subnet_group.elasticache",
            "module.vpc.aws_flow_log.this",
            "module.vpc.aws_iam_policy.vpc_flow_log_cloudwatch",
            "module.vpc.aws_iam_role.vpc_flow_log_cloudwatch",
            "module.vpc.aws_iam_role_policy_attachment.vpc_flow_log_cloudwatch",
            "module.vpc.aws_internet_gateway.this",
            "module.vpc.aws_nat_gateway.this",
            "module.vpc.aws_network_acl.database",
            "module.vpc.aws_network_acl.elasticache",
            "module.vpc.aws_network_acl.intra",
            "module.vpc.aws_network_acl.outpost",
            "module.vpc.aws_network_acl.private",
            "module.vpc.aws_network_acl.public",
            "module.vpc.aws_network_acl.redshift",
            "module.vpc.aws_network_acl_rule.database_inbound",
            "module.vpc.aws_network_acl_rule.database_outbound",
            "module.vpc.aws_network_acl_rule.elasticache_inbound",
            "module.vpc.aws_network_acl_rule.elasticache_outbound",
            "module.vpc.aws_network_acl_rule.intra_inbound",
            "module.vpc.aws_network_acl_rule.intra_outbound",
            "module.vpc.aws_network_acl_rule.outpost_inbound",
            "module.vpc.aws_network_acl_rule.outpost_outbound",
            "module.vpc.aws_network_acl_rule.private_inbound",
            "module.vpc.aws_network_acl_rule.private_outbound",
            "module.vpc.aws_network_acl_rule.public_inbound",
            "module.vpc.aws_network_acl_rule.public_outbound",
            "module.vpc.aws_network_acl_rule.redshift_inbound",
            "module.vpc.aws_network_acl_rule.redshift_outbound",
            "module.vpc.aws_redshift_subnet_group.redshift",
            "module.vpc.aws_route.database_internet_gateway",
            "module.vpc.aws_route.database_ipv6_egress",
            "module.vpc.aws_route.database_nat_gateway",
            "module.vpc.aws_route.private_ipv6_egress",
            "module.vpc.aws_route.private_nat_gateway",
            "module.vpc.aws_route.public_internet_gateway",
            "module.vpc.aws_route.public_internet_gateway_ipv6",
            "module.vpc.aws_route_table.database",
            "module.vpc.aws_route_table.elasticache",
            "module.vpc.aws_route_table.intra",
            "module.vpc.aws_route_table.private",
            "module.vpc.aws_route_table.public",
            "module.vpc.aws_route_table.redshift",
            "module.vpc.aws_route_table_association.database",
            "module.vpc.aws_route_table_association.elasticache",
            "module.vpc.aws_route_table_association.intra",
            "module.vpc.aws_route_table_association.outpost",
            "module.vpc.aws_route_table_association.private",
            "module.vpc.aws_route_table_association.public",
            "module.vpc.aws_route_table_association.redshift",
            "module.vpc.aws_route_table_association.redshift_public",
            "module.vpc.aws_subnet.database",
            "module.vpc.aws_subnet.elasticache",
            "module.vpc.aws_subnet.intra",
            "module.vpc.aws_subnet.outpost",
            "module.vpc.aws_subnet.private",
            "module.vpc.aws_subnet.public",
            "module.vpc.aws_subnet.redshift",
            "module.vpc.aws_vpc.this",
            "module.vpc.aws_vpc_dhcp_options.this",
            "module.vpc.aws_vpc_dhcp_options_association.this",
            "module.vpc.aws_vpc_ipv4_cidr_block_association.this",
            "module.vpc.aws_vpn_gateway.this",
            "module.vpc.aws_vpn_gateway_attachment.this",
            "module.vpc.aws_vpn_gateway_route_propagation.intra",
            "module.vpc.aws_vpn_gateway_route_propagation.private",
            "module.vpc.aws_vpn_gateway_route_propagation.public",
            "module.vpc.data.aws_iam_policy_document.flow_log_cloudwatch_assume_role",
            "module.vpc.data.aws_iam_policy_document.vpc_flow_log_cloudwatch"
          ],
          "create_before_destroy": true
        }
      ]
    },
    {
      "module": "module.project_eks_cluster",
      "mode": "managed",
      "type": "aws_security_group",
      "name": "cluster",
      "provider": "provider[\"registry.terraform.io/hashicorp/aws\"]",
      "instances": [
        {
          "index_key": 0,
          "schema_version": 1,
          "attributes": {
            "arn": "arn:aws:ec2:us-east-1:370365354210:security-group/sg-07b8a890f8aaa4c52",
            "description": "EKS cluster security group.",
            "egress": [],
            "id": "sg-07b8a890f8aaa4c52",
            "ingress": [],
            "name": "project_eks_cluster_ginu-dev2022112813360348150000000d",
            "name_prefix": "project_eks_cluster_ginu-dev",
            "owner_id": "370365354210",
            "revoke_rules_on_delete": false,
            "tags": {
              "Environment": "dev",
              "Name": "project_eks_cluster_ginu-dev-eks_cluster_sg",
              "Owner": "Ginu",
              "Project": "xerris",
              "Terraform": "true"
            },
            "tags_all": {
              "Environment": "dev",
              "Name": "project_eks_cluster_ginu-dev-eks_cluster_sg",
              "Owner": "Ginu",
              "Project": "xerris",
              "Terraform": "true"
            },
            "timeouts": null,
            "vpc_id": "vpc-0efe14b6216100258"
          },
          "sensitive_attributes": [],
          "private": "eyJlMmJmYjczMC1lY2FhLTExZTYtOGY4OC0zNDM2M2JjN2M0YzAiOnsiY3JlYXRlIjo2MDAwMDAwMDAwMDAsImRlbGV0ZSI6OTAwMDAwMDAwMDAwfSwic2NoZW1hX3ZlcnNpb24iOiIxIn0=",
          "dependencies": [
            "aws_eip.nat",
            "aws_iam_group.K8sClusterAdmin-group",
            "aws_iam_group.K8sDeveloper-group",
            "aws_iam_group.K8sFullAdmin-group",
            "aws_iam_group_policy_attachment.K8sClusterAdmin-group-policy-attach",
            "aws_iam_group_policy_attachment.K8sDeveloper-group-policy-attach",
            "aws_iam_group_policy_attachment.K8sFullAdmin-group-policy-attach",
            "aws_iam_policy.K8sClusterAdmin-group-policy",
            "aws_iam_policy.K8sDeveloper-group-policy",
            "aws_iam_policy.K8sFullAdmin-group-policy",
            "data.aws_availability_zones.available",
            "data.aws_caller_identity.current",
            "module.vpc.aws_cloudwatch_log_group.flow_log",
            "module.vpc.aws_customer_gateway.this",
            "module.vpc.aws_db_subnet_group.database",
            "module.vpc.aws_default_network_acl.this",
            "module.vpc.aws_default_route_table.default",
            "module.vpc.aws_default_security_group.this",
            "module.vpc.aws_default_vpc.this",
            "module.vpc.aws_egress_only_internet_gateway.this",
            "module.vpc.aws_eip.nat",
            "module.vpc.aws_elasticache_subnet_group.elasticache",
            "module.vpc.aws_flow_log.this",
            "module.vpc.aws_iam_policy.vpc_flow_log_cloudwatch",
            "module.vpc.aws_iam_role.vpc_flow_log_cloudwatch",
            "module.vpc.aws_iam_role_policy_attachment.vpc_flow_log_cloudwatch",
            "module.vpc.aws_internet_gateway.this",
            "module.vpc.aws_nat_gateway.this",
            "module.vpc.aws_network_acl.database",
            "module.vpc.aws_network_acl.elasticache",
            "module.vpc.aws_network_acl.intra",
            "module.vpc.aws_network_acl.outpost",
            "module.vpc.aws_network_acl.private",
            "module.vpc.aws_network_acl.public",
            "module.vpc.aws_network_acl.redshift",
            "module.vpc.aws_network_acl_rule.database_inbound",
            "module.vpc.aws_network_acl_rule.database_outbound",
            "module.vpc.aws_network_acl_rule.elasticache_inbound",
            "module.vpc.aws_network_acl_rule.elasticache_outbound",
            "module.vpc.aws_network_acl_rule.intra_inbound",
            "module.vpc.aws_network_acl_rule.intra_outbound",
            "module.vpc.aws_network_acl_rule.outpost_inbound",
            "module.vpc.aws_network_acl_rule.outpost_outbound",
            "module.vpc.aws_network_acl_rule.private_inbound",
            "module.vpc.aws_network_acl_rule.private_outbound",
            "module.vpc.aws_network_acl_rule.public_inbound",
            "module.vpc.aws_network_acl_rule.public_outbound",
            "module.vpc.aws_network_acl_rule.redshift_inbound",
            "module.vpc.aws_network_acl_rule.redshift_outbound",
            "module.vpc.aws_redshift_subnet_group.redshift",
            "module.vpc.aws_route.database_internet_gateway",
            "module.vpc.aws_route.database_ipv6_egress",
            "module.vpc.aws_route.database_nat_gateway",
            "module.vpc.aws_route.private_ipv6_egress",
            "module.vpc.aws_route.private_nat_gateway",
            "module.vpc.aws_route.public_internet_gateway",
            "module.vpc.aws_route.public_internet_gateway_ipv6",
            "module.vpc.aws_route_table.database",
            "module.vpc.aws_route_table.elasticache",
            "module.vpc.aws_route_table.intra",
            "module.vpc.aws_route_table.private",
            "module.vpc.aws_route_table.public",
            "module.vpc.aws_route_table.redshift",
            "module.vpc.aws_route_table_association.database",
            "module.vpc.aws_route_table_association.elasticache",
            "module.vpc.aws_route_table_association.intra",
            "module.vpc.aws_route_table_association.outpost",
            "module.vpc.aws_route_table_association.private",
            "module.vpc.aws_route_table_association.public",
            "module.vpc.aws_route_table_association.redshift",
            "module.vpc.aws_route_table_association.redshift_public",
            "module.vpc.aws_subnet.database",
            "module.vpc.aws_subnet.elasticache",
            "module.vpc.aws_subnet.intra",
            "module.vpc.aws_subnet.outpost",
            "module.vpc.aws_subnet.private",
            "module.vpc.aws_subnet.public",
            "module.vpc.aws_subnet.redshift",
            "module.vpc.aws_vpc.this",
            "module.vpc.aws_vpc_dhcp_options.this",
            "module.vpc.aws_vpc_dhcp_options_association.this",
            "module.vpc.aws_vpc_ipv4_cidr_block_association.this",
            "module.vpc.aws_vpn_gateway.this",
            "module.vpc.aws_vpn_gateway_attachment.this",
            "module.vpc.aws_vpn_gateway_route_propagation.intra",
            "module.vpc.aws_vpn_gateway_route_propagation.private",
            "module.vpc.aws_vpn_gateway_route_propagation.public",
            "module.vpc.data.aws_iam_policy_document.flow_log_cloudwatch_assume_role",
            "module.vpc.data.aws_iam_policy_document.vpc_flow_log_cloudwatch"
          ],
          "create_before_destroy": true
        }
      ]
    },
    {
      "module": "module.project_eks_cluster",
      "mode": "managed",
      "type": "aws_security_group",
      "name": "workers",
      "provider": "provider[\"registry.terraform.io/hashicorp/aws\"]",
      "instances": [
        {
          "index_key": 0,
          "schema_version": 1,
          "attributes": {
            "arn": "arn:aws:ec2:us-east-1:370365354210:security-group/sg-0be1d493c28fb0668",
            "description": "Security group for all nodes in the cluster.",
            "egress": [],
            "id": "sg-0be1d493c28fb0668",
            "ingress": [],
            "name": "project_eks_cluster_ginu-dev2022112813360348190000000e",
            "name_prefix": "project_eks_cluster_ginu-dev",
            "owner_id": "370365354210",
            "revoke_rules_on_delete": false,
            "tags": {
              "Environment": "dev",
              "Name": "project_eks_cluster_ginu-dev-eks_worker_sg",
              "Owner": "Ginu",
              "Project": "xerris",
              "Terraform": "true",
              "kubernetes.io/cluster/project_eks_cluster_ginu-dev": "owned"
            },
            "tags_all": {
              "Environment": "dev",
              "Name": "project_eks_cluster_ginu-dev-eks_worker_sg",
              "Owner": "Ginu",
              "Project": "xerris",
              "Terraform": "true",
              "kubernetes.io/cluster/project_eks_cluster_ginu-dev": "owned"
            },
            "timeouts": null,
            "vpc_id": "vpc-0efe14b6216100258"
          },
          "sensitive_attributes": [],
          "private": "eyJlMmJmYjczMC1lY2FhLTExZTYtOGY4OC0zNDM2M2JjN2M0YzAiOnsiY3JlYXRlIjo2MDAwMDAwMDAwMDAsImRlbGV0ZSI6OTAwMDAwMDAwMDAwfSwic2NoZW1hX3ZlcnNpb24iOiIxIn0=",
          "dependencies": [
            "aws_eip.nat",
            "aws_iam_group.K8sClusterAdmin-group",
            "aws_iam_group.K8sDeveloper-group",
            "aws_iam_group.K8sFullAdmin-group",
            "aws_iam_group_policy_attachment.K8sClusterAdmin-group-policy-attach",
            "aws_iam_group_policy_attachment.K8sDeveloper-group-policy-attach",
            "aws_iam_group_policy_attachment.K8sFullAdmin-group-policy-attach",
            "aws_iam_policy.K8sClusterAdmin-group-policy",
            "aws_iam_policy.K8sDeveloper-group-policy",
            "aws_iam_policy.K8sFullAdmin-group-policy",
            "data.aws_availability_zones.available",
            "data.aws_caller_identity.current",
            "module.vpc.aws_cloudwatch_log_group.flow_log",
            "module.vpc.aws_customer_gateway.this",
            "module.vpc.aws_db_subnet_group.database",
            "module.vpc.aws_default_network_acl.this",
            "module.vpc.aws_default_route_table.default",
            "module.vpc.aws_default_security_group.this",
            "module.vpc.aws_default_vpc.this",
            "module.vpc.aws_egress_only_internet_gateway.this",
            "module.vpc.aws_eip.nat",
            "module.vpc.aws_elasticache_subnet_group.elasticache",
            "module.vpc.aws_flow_log.this",
            "module.vpc.aws_iam_policy.vpc_flow_log_cloudwatch",
            "module.vpc.aws_iam_role.vpc_flow_log_cloudwatch",
            "module.vpc.aws_iam_role_policy_attachment.vpc_flow_log_cloudwatch",
            "module.vpc.aws_internet_gateway.this",
            "module.vpc.aws_nat_gateway.this",
            "module.vpc.aws_network_acl.database",
            "module.vpc.aws_network_acl.elasticache",
            "module.vpc.aws_network_acl.intra",
            "module.vpc.aws_network_acl.outpost",
            "module.vpc.aws_network_acl.private",
            "module.vpc.aws_network_acl.public",
            "module.vpc.aws_network_acl.redshift",
            "module.vpc.aws_network_acl_rule.database_inbound",
            "module.vpc.aws_network_acl_rule.database_outbound",
            "module.vpc.aws_network_acl_rule.elasticache_inbound",
            "module.vpc.aws_network_acl_rule.elasticache_outbound",
            "module.vpc.aws_network_acl_rule.intra_inbound",
            "module.vpc.aws_network_acl_rule.intra_outbound",
            "module.vpc.aws_network_acl_rule.outpost_inbound",
            "module.vpc.aws_network_acl_rule.outpost_outbound",
            "module.vpc.aws_network_acl_rule.private_inbound",
            "module.vpc.aws_network_acl_rule.private_outbound",
            "module.vpc.aws_network_acl_rule.public_inbound",
            "module.vpc.aws_network_acl_rule.public_outbound",
            "module.vpc.aws_network_acl_rule.redshift_inbound",
            "module.vpc.aws_network_acl_rule.redshift_outbound",
            "module.vpc.aws_redshift_subnet_group.redshift",
            "module.vpc.aws_route.database_internet_gateway",
            "module.vpc.aws_route.database_ipv6_egress",
            "module.vpc.aws_route.database_nat_gateway",
            "module.vpc.aws_route.private_ipv6_egress",
            "module.vpc.aws_route.private_nat_gateway",
            "module.vpc.aws_route.public_internet_gateway",
            "module.vpc.aws_route.public_internet_gateway_ipv6",
            "module.vpc.aws_route_table.database",
            "module.vpc.aws_route_table.elasticache",
            "module.vpc.aws_route_table.intra",
            "module.vpc.aws_route_table.private",
            "module.vpc.aws_route_table.public",
            "module.vpc.aws_route_table.redshift",
            "module.vpc.aws_route_table_association.database",
            "module.vpc.aws_route_table_association.elasticache",
            "module.vpc.aws_route_table_association.intra",
            "module.vpc.aws_route_table_association.outpost",
            "module.vpc.aws_route_table_association.private",
            "module.vpc.aws_route_table_association.public",
            "module.vpc.aws_route_table_association.redshift",
            "module.vpc.aws_route_table_association.redshift_public",
            "module.vpc.aws_subnet.database",
            "module.vpc.aws_subnet.elasticache",
            "module.vpc.aws_subnet.intra",
            "module.vpc.aws_subnet.outpost",
            "module.vpc.aws_subnet.private",
            "module.vpc.aws_subnet.public",
            "module.vpc.aws_subnet.redshift",
            "module.vpc.aws_vpc.this",
            "module.vpc.aws_vpc_dhcp_options.this",
            "module.vpc.aws_vpc_dhcp_options_association.this",
            "module.vpc.aws_vpc_ipv4_cidr_block_association.this",
            "module.vpc.aws_vpn_gateway.this",
            "module.vpc.aws_vpn_gateway_attachment.this",
            "module.vpc.aws_vpn_gateway_route_propagation.intra",
            "module.vpc.aws_vpn_gateway_route_propagation.private",
            "module.vpc.aws_vpn_gateway_route_propagation.public",
            "module.vpc.data.aws_iam_policy_document.flow_log_cloudwatch_assume_role",
            "module.vpc.data.aws_iam_policy_document.vpc_flow_log_cloudwatch"
          ],
          "create_before_destroy": true
        }
      ]
    },
    {
      "module": "module.project_eks_cluster",
      "mode": "managed",
      "type": "aws_security_group_rule",
      "name": "cluster_egress_internet",
      "provider": "provider[\"registry.terraform.io/hashicorp/aws\"]",
      "instances": [
        {
          "index_key": 0,
          "schema_version": 2,
          "attributes": {
            "cidr_blocks": [
              "0.0.0.0/0"
            ],
            "description": "Allow cluster egress access to the Internet.",
            "from_port": 0,
            "id": "sgrule-884130082",
            "ipv6_cidr_blocks": null,
            "prefix_list_ids": null,
            "protocol": "-1",
            "security_group_id": "sg-07b8a890f8aaa4c52",
            "security_group_rule_id": "sgr-00e158baf11d97dd8",
            "self": false,
            "source_security_group_id": null,
            "timeouts": null,
            "to_port": 0,
            "type": "egress"
          },
          "sensitive_attributes": [],
          "private": "eyJlMmJmYjczMC1lY2FhLTExZTYtOGY4OC0zNDM2M2JjN2M0YzAiOnsiY3JlYXRlIjozMDAwMDAwMDAwMDB9LCJzY2hlbWFfdmVyc2lvbiI6IjIifQ==",
          "dependencies": [
            "aws_eip.nat",
            "aws_iam_group.K8sClusterAdmin-group",
            "aws_iam_group.K8sDeveloper-group",
            "aws_iam_group.K8sFullAdmin-group",
            "aws_iam_group_policy_attachment.K8sClusterAdmin-group-policy-attach",
            "aws_iam_group_policy_attachment.K8sDeveloper-group-policy-attach",
            "aws_iam_group_policy_attachment.K8sFullAdmin-group-policy-attach",
            "aws_iam_policy.K8sClusterAdmin-group-policy",
            "aws_iam_policy.K8sDeveloper-group-policy",
            "aws_iam_policy.K8sFullAdmin-group-policy",
            "data.aws_availability_zones.available",
            "data.aws_caller_identity.current",
            "module.project_eks_cluster.aws_security_group.cluster",
            "module.vpc.aws_cloudwatch_log_group.flow_log",
            "module.vpc.aws_customer_gateway.this",
            "module.vpc.aws_db_subnet_group.database",
            "module.vpc.aws_default_network_acl.this",
            "module.vpc.aws_default_route_table.default",
            "module.vpc.aws_default_security_group.this",
            "module.vpc.aws_default_vpc.this",
            "module.vpc.aws_egress_only_internet_gateway.this",
            "module.vpc.aws_eip.nat",
            "module.vpc.aws_elasticache_subnet_group.elasticache",
            "module.vpc.aws_flow_log.this",
            "module.vpc.aws_iam_policy.vpc_flow_log_cloudwatch",
            "module.vpc.aws_iam_role.vpc_flow_log_cloudwatch",
            "module.vpc.aws_iam_role_policy_attachment.vpc_flow_log_cloudwatch",
            "module.vpc.aws_internet_gateway.this",
            "module.vpc.aws_nat_gateway.this",
            "module.vpc.aws_network_acl.database",
            "module.vpc.aws_network_acl.elasticache",
            "module.vpc.aws_network_acl.intra",
            "module.vpc.aws_network_acl.outpost",
            "module.vpc.aws_network_acl.private",
            "module.vpc.aws_network_acl.public",
            "module.vpc.aws_network_acl.redshift",
            "module.vpc.aws_network_acl_rule.database_inbound",
            "module.vpc.aws_network_acl_rule.database_outbound",
            "module.vpc.aws_network_acl_rule.elasticache_inbound",
            "module.vpc.aws_network_acl_rule.elasticache_outbound",
            "module.vpc.aws_network_acl_rule.intra_inbound",
            "module.vpc.aws_network_acl_rule.intra_outbound",
            "module.vpc.aws_network_acl_rule.outpost_inbound",
            "module.vpc.aws_network_acl_rule.outpost_outbound",
            "module.vpc.aws_network_acl_rule.private_inbound",
            "module.vpc.aws_network_acl_rule.private_outbound",
            "module.vpc.aws_network_acl_rule.public_inbound",
            "module.vpc.aws_network_acl_rule.public_outbound",
            "module.vpc.aws_network_acl_rule.redshift_inbound",
            "module.vpc.aws_network_acl_rule.redshift_outbound",
            "module.vpc.aws_redshift_subnet_group.redshift",
            "module.vpc.aws_route.database_internet_gateway",
            "module.vpc.aws_route.database_ipv6_egress",
            "module.vpc.aws_route.database_nat_gateway",
            "module.vpc.aws_route.private_ipv6_egress",
            "module.vpc.aws_route.private_nat_gateway",
            "module.vpc.aws_route.public_internet_gateway",
            "module.vpc.aws_route.public_internet_gateway_ipv6",
            "module.vpc.aws_route_table.database",
            "module.vpc.aws_route_table.elasticache",
            "module.vpc.aws_route_table.intra",
            "module.vpc.aws_route_table.private",
            "module.vpc.aws_route_table.public",
            "module.vpc.aws_route_table.redshift",
            "module.vpc.aws_route_table_association.database",
            "module.vpc.aws_route_table_association.elasticache",
            "module.vpc.aws_route_table_association.intra",
            "module.vpc.aws_route_table_association.outpost",
            "module.vpc.aws_route_table_association.private",
            "module.vpc.aws_route_table_association.public",
            "module.vpc.aws_route_table_association.redshift",
            "module.vpc.aws_route_table_association.redshift_public",
            "module.vpc.aws_subnet.database",
            "module.vpc.aws_subnet.elasticache",
            "module.vpc.aws_subnet.intra",
            "module.vpc.aws_subnet.outpost",
            "module.vpc.aws_subnet.private",
            "module.vpc.aws_subnet.public",
            "module.vpc.aws_subnet.redshift",
            "module.vpc.aws_vpc.this",
            "module.vpc.aws_vpc_dhcp_options.this",
            "module.vpc.aws_vpc_dhcp_options_association.this",
            "module.vpc.aws_vpc_ipv4_cidr_block_association.this",
            "module.vpc.aws_vpn_gateway.this",
            "module.vpc.aws_vpn_gateway_attachment.this",
            "module.vpc.aws_vpn_gateway_route_propagation.intra",
            "module.vpc.aws_vpn_gateway_route_propagation.private",
            "module.vpc.aws_vpn_gateway_route_propagation.public",
            "module.vpc.data.aws_iam_policy_document.flow_log_cloudwatch_assume_role",
            "module.vpc.data.aws_iam_policy_document.vpc_flow_log_cloudwatch"
          ],
          "create_before_destroy": true
        }
      ]
    },
    {
      "module": "module.project_eks_cluster",
      "mode": "managed",
      "type": "aws_security_group_rule",
      "name": "cluster_https_worker_ingress",
      "provider": "provider[\"registry.terraform.io/hashicorp/aws\"]",
      "instances": [
        {
          "index_key": 0,
          "schema_version": 2,
          "attributes": {
            "cidr_blocks": null,
            "description": "Allow pods to communicate with the EKS cluster API.",
            "from_port": 443,
            "id": "sgrule-2950712981",
            "ipv6_cidr_blocks": null,
            "prefix_list_ids": null,
            "protocol": "tcp",
            "security_group_id": "sg-07b8a890f8aaa4c52",
            "security_group_rule_id": "sgr-056b04ccf0dc1e390",
            "self": false,
            "source_security_group_id": "sg-0be1d493c28fb0668",
            "timeouts": null,
            "to_port": 443,
            "type": "ingress"
          },
          "sensitive_attributes": [],
          "private": "eyJlMmJmYjczMC1lY2FhLTExZTYtOGY4OC0zNDM2M2JjN2M0YzAiOnsiY3JlYXRlIjozMDAwMDAwMDAwMDB9LCJzY2hlbWFfdmVyc2lvbiI6IjIifQ==",
          "dependencies": [
            "aws_eip.nat",
            "aws_iam_group.K8sClusterAdmin-group",
            "aws_iam_group.K8sDeveloper-group",
            "aws_iam_group.K8sFullAdmin-group",
            "aws_iam_group_policy_attachment.K8sClusterAdmin-group-policy-attach",
            "aws_iam_group_policy_attachment.K8sDeveloper-group-policy-attach",
            "aws_iam_group_policy_attachment.K8sFullAdmin-group-policy-attach",
            "aws_iam_policy.K8sClusterAdmin-group-policy",
            "aws_iam_policy.K8sDeveloper-group-policy",
            "aws_iam_policy.K8sFullAdmin-group-policy",
            "data.aws_availability_zones.available",
            "data.aws_caller_identity.current",
            "module.project_eks_cluster.aws_security_group.cluster",
            "module.project_eks_cluster.aws_security_group.workers",
            "module.vpc.aws_cloudwatch_log_group.flow_log",
            "module.vpc.aws_customer_gateway.this",
            "module.vpc.aws_db_subnet_group.database",
            "module.vpc.aws_default_network_acl.this",
            "module.vpc.aws_default_route_table.default",
            "module.vpc.aws_default_security_group.this",
            "module.vpc.aws_default_vpc.this",
            "module.vpc.aws_egress_only_internet_gateway.this",
            "module.vpc.aws_eip.nat",
            "module.vpc.aws_elasticache_subnet_group.elasticache",
            "module.vpc.aws_flow_log.this",
            "module.vpc.aws_iam_policy.vpc_flow_log_cloudwatch",
            "module.vpc.aws_iam_role.vpc_flow_log_cloudwatch",
            "module.vpc.aws_iam_role_policy_attachment.vpc_flow_log_cloudwatch",
            "module.vpc.aws_internet_gateway.this",
            "module.vpc.aws_nat_gateway.this",
            "module.vpc.aws_network_acl.database",
            "module.vpc.aws_network_acl.elasticache",
            "module.vpc.aws_network_acl.intra",
            "module.vpc.aws_network_acl.outpost",
            "module.vpc.aws_network_acl.private",
            "module.vpc.aws_network_acl.public",
            "module.vpc.aws_network_acl.redshift",
            "module.vpc.aws_network_acl_rule.database_inbound",
            "module.vpc.aws_network_acl_rule.database_outbound",
            "module.vpc.aws_network_acl_rule.elasticache_inbound",
            "module.vpc.aws_network_acl_rule.elasticache_outbound",
            "module.vpc.aws_network_acl_rule.intra_inbound",
            "module.vpc.aws_network_acl_rule.intra_outbound",
            "module.vpc.aws_network_acl_rule.outpost_inbound",
            "module.vpc.aws_network_acl_rule.outpost_outbound",
            "module.vpc.aws_network_acl_rule.private_inbound",
            "module.vpc.aws_network_acl_rule.private_outbound",
            "module.vpc.aws_network_acl_rule.public_inbound",
            "module.vpc.aws_network_acl_rule.public_outbound",
            "module.vpc.aws_network_acl_rule.redshift_inbound",
            "module.vpc.aws_network_acl_rule.redshift_outbound",
            "module.vpc.aws_redshift_subnet_group.redshift",
            "module.vpc.aws_route.database_internet_gateway",
            "module.vpc.aws_route.database_ipv6_egress",
            "module.vpc.aws_route.database_nat_gateway",
            "module.vpc.aws_route.private_ipv6_egress",
            "module.vpc.aws_route.private_nat_gateway",
            "module.vpc.aws_route.public_internet_gateway",
            "module.vpc.aws_route.public_internet_gateway_ipv6",
            "module.vpc.aws_route_table.database",
            "module.vpc.aws_route_table.elasticache",
            "module.vpc.aws_route_table.intra",
            "module.vpc.aws_route_table.private",
            "module.vpc.aws_route_table.public",
            "module.vpc.aws_route_table.redshift",
            "module.vpc.aws_route_table_association.database",
            "module.vpc.aws_route_table_association.elasticache",
            "module.vpc.aws_route_table_association.intra",
            "module.vpc.aws_route_table_association.outpost",
            "module.vpc.aws_route_table_association.private",
            "module.vpc.aws_route_table_association.public",
            "module.vpc.aws_route_table_association.redshift",
            "module.vpc.aws_route_table_association.redshift_public",
            "module.vpc.aws_subnet.database",
            "module.vpc.aws_subnet.elasticache",
            "module.vpc.aws_subnet.intra",
            "module.vpc.aws_subnet.outpost",
            "module.vpc.aws_subnet.private",
            "module.vpc.aws_subnet.public",
            "module.vpc.aws_subnet.redshift",
            "module.vpc.aws_vpc.this",
            "module.vpc.aws_vpc_dhcp_options.this",
            "module.vpc.aws_vpc_dhcp_options_association.this",
            "module.vpc.aws_vpc_ipv4_cidr_block_association.this",
            "module.vpc.aws_vpn_gateway.this",
            "module.vpc.aws_vpn_gateway_attachment.this",
            "module.vpc.aws_vpn_gateway_route_propagation.intra",
            "module.vpc.aws_vpn_gateway_route_propagation.private",
            "module.vpc.aws_vpn_gateway_route_propagation.public",
            "module.vpc.data.aws_iam_policy_document.flow_log_cloudwatch_assume_role",
            "module.vpc.data.aws_iam_policy_document.vpc_flow_log_cloudwatch"
          ],
          "create_before_destroy": true
        }
      ]
    },
    {
      "module": "module.project_eks_cluster",
      "mode": "managed",
      "type": "aws_security_group_rule",
      "name": "workers_egress_internet",
      "provider": "provider[\"registry.terraform.io/hashicorp/aws\"]",
      "instances": [
        {
          "index_key": 0,
          "schema_version": 2,
          "attributes": {
            "cidr_blocks": [
              "0.0.0.0/0"
            ],
            "description": "Allow nodes all egress to the Internet.",
            "from_port": 0,
            "id": "sgrule-4095541705",
            "ipv6_cidr_blocks": null,
            "prefix_list_ids": null,
            "protocol": "-1",
            "security_group_id": "sg-0be1d493c28fb0668",
            "security_group_rule_id": "sgr-0b9c6a3d9e8836896",
            "self": false,
            "source_security_group_id": null,
            "timeouts": null,
            "to_port": 0,
            "type": "egress"
          },
          "sensitive_attributes": [],
          "private": "eyJlMmJmYjczMC1lY2FhLTExZTYtOGY4OC0zNDM2M2JjN2M0YzAiOnsiY3JlYXRlIjozMDAwMDAwMDAwMDB9LCJzY2hlbWFfdmVyc2lvbiI6IjIifQ==",
          "dependencies": [
            "aws_eip.nat",
            "aws_iam_group.K8sClusterAdmin-group",
            "aws_iam_group.K8sDeveloper-group",
            "aws_iam_group.K8sFullAdmin-group",
            "aws_iam_group_policy_attachment.K8sClusterAdmin-group-policy-attach",
            "aws_iam_group_policy_attachment.K8sDeveloper-group-policy-attach",
            "aws_iam_group_policy_attachment.K8sFullAdmin-group-policy-attach",
            "aws_iam_policy.K8sClusterAdmin-group-policy",
            "aws_iam_policy.K8sDeveloper-group-policy",
            "aws_iam_policy.K8sFullAdmin-group-policy",
            "data.aws_availability_zones.available",
            "data.aws_caller_identity.current",
            "module.project_eks_cluster.aws_security_group.workers",
            "module.vpc.aws_cloudwatch_log_group.flow_log",
            "module.vpc.aws_customer_gateway.this",
            "module.vpc.aws_db_subnet_group.database",
            "module.vpc.aws_default_network_acl.this",
            "module.vpc.aws_default_route_table.default",
            "module.vpc.aws_default_security_group.this",
            "module.vpc.aws_default_vpc.this",
            "module.vpc.aws_egress_only_internet_gateway.this",
            "module.vpc.aws_eip.nat",
            "module.vpc.aws_elasticache_subnet_group.elasticache",
            "module.vpc.aws_flow_log.this",
            "module.vpc.aws_iam_policy.vpc_flow_log_cloudwatch",
            "module.vpc.aws_iam_role.vpc_flow_log_cloudwatch",
            "module.vpc.aws_iam_role_policy_attachment.vpc_flow_log_cloudwatch",
            "module.vpc.aws_internet_gateway.this",
            "module.vpc.aws_nat_gateway.this",
            "module.vpc.aws_network_acl.database",
            "module.vpc.aws_network_acl.elasticache",
            "module.vpc.aws_network_acl.intra",
            "module.vpc.aws_network_acl.outpost",
            "module.vpc.aws_network_acl.private",
            "module.vpc.aws_network_acl.public",
            "module.vpc.aws_network_acl.redshift",
            "module.vpc.aws_network_acl_rule.database_inbound",
            "module.vpc.aws_network_acl_rule.database_outbound",
            "module.vpc.aws_network_acl_rule.elasticache_inbound",
            "module.vpc.aws_network_acl_rule.elasticache_outbound",
            "module.vpc.aws_network_acl_rule.intra_inbound",
            "module.vpc.aws_network_acl_rule.intra_outbound",
            "module.vpc.aws_network_acl_rule.outpost_inbound",
            "module.vpc.aws_network_acl_rule.outpost_outbound",
            "module.vpc.aws_network_acl_rule.private_inbound",
            "module.vpc.aws_network_acl_rule.private_outbound",
            "module.vpc.aws_network_acl_rule.public_inbound",
            "module.vpc.aws_network_acl_rule.public_outbound",
            "module.vpc.aws_network_acl_rule.redshift_inbound",
            "module.vpc.aws_network_acl_rule.redshift_outbound",
            "module.vpc.aws_redshift_subnet_group.redshift",
            "module.vpc.aws_route.database_internet_gateway",
            "module.vpc.aws_route.database_ipv6_egress",
            "module.vpc.aws_route.database_nat_gateway",
            "module.vpc.aws_route.private_ipv6_egress",
            "module.vpc.aws_route.private_nat_gateway",
            "module.vpc.aws_route.public_internet_gateway",
            "module.vpc.aws_route.public_internet_gateway_ipv6",
            "module.vpc.aws_route_table.database",
            "module.vpc.aws_route_table.elasticache",
            "module.vpc.aws_route_table.intra",
            "module.vpc.aws_route_table.private",
            "module.vpc.aws_route_table.public",
            "module.vpc.aws_route_table.redshift",
            "module.vpc.aws_route_table_association.database",
            "module.vpc.aws_route_table_association.elasticache",
            "module.vpc.aws_route_table_association.intra",
            "module.vpc.aws_route_table_association.outpost",
            "module.vpc.aws_route_table_association.private",
            "module.vpc.aws_route_table_association.public",
            "module.vpc.aws_route_table_association.redshift",
            "module.vpc.aws_route_table_association.redshift_public",
            "module.vpc.aws_subnet.database",
            "module.vpc.aws_subnet.elasticache",
            "module.vpc.aws_subnet.intra",
            "module.vpc.aws_subnet.outpost",
            "module.vpc.aws_subnet.private",
            "module.vpc.aws_subnet.public",
            "module.vpc.aws_subnet.redshift",
            "module.vpc.aws_vpc.this",
            "module.vpc.aws_vpc_dhcp_options.this",
            "module.vpc.aws_vpc_dhcp_options_association.this",
            "module.vpc.aws_vpc_ipv4_cidr_block_association.this",
            "module.vpc.aws_vpn_gateway.this",
            "module.vpc.aws_vpn_gateway_attachment.this",
            "module.vpc.aws_vpn_gateway_route_propagation.intra",
            "module.vpc.aws_vpn_gateway_route_propagation.private",
            "module.vpc.aws_vpn_gateway_route_propagation.public",
            "module.vpc.data.aws_iam_policy_document.flow_log_cloudwatch_assume_role",
            "module.vpc.data.aws_iam_policy_document.vpc_flow_log_cloudwatch"
          ],
          "create_before_destroy": true
        }
      ]
    },
    {
      "module": "module.project_eks_cluster",
      "mode": "managed",
      "type": "aws_security_group_rule",
      "name": "workers_ingress_cluster",
      "provider": "provider[\"registry.terraform.io/hashicorp/aws\"]",
      "instances": [
        {
          "index_key": 0,
          "schema_version": 2,
          "attributes": {
            "cidr_blocks": null,
            "description": "Allow workers pods to receive communication from the cluster control plane.",
            "from_port": 1025,
            "id": "sgrule-2174836589",
            "ipv6_cidr_blocks": null,
            "prefix_list_ids": null,
            "protocol": "tcp",
            "security_group_id": "sg-0be1d493c28fb0668",
            "security_group_rule_id": "sgr-0c7cb4b6b23013956",
            "self": false,
            "source_security_group_id": "sg-07b8a890f8aaa4c52",
            "timeouts": null,
            "to_port": 65535,
            "type": "ingress"
          },
          "sensitive_attributes": [],
          "private": "eyJlMmJmYjczMC1lY2FhLTExZTYtOGY4OC0zNDM2M2JjN2M0YzAiOnsiY3JlYXRlIjozMDAwMDAwMDAwMDB9LCJzY2hlbWFfdmVyc2lvbiI6IjIifQ==",
          "dependencies": [
            "aws_eip.nat",
            "aws_iam_group.K8sClusterAdmin-group",
            "aws_iam_group.K8sDeveloper-group",
            "aws_iam_group.K8sFullAdmin-group",
            "aws_iam_group_policy_attachment.K8sClusterAdmin-group-policy-attach",
            "aws_iam_group_policy_attachment.K8sDeveloper-group-policy-attach",
            "aws_iam_group_policy_attachment.K8sFullAdmin-group-policy-attach",
            "aws_iam_policy.K8sClusterAdmin-group-policy",
            "aws_iam_policy.K8sDeveloper-group-policy",
            "aws_iam_policy.K8sFullAdmin-group-policy",
            "data.aws_availability_zones.available",
            "data.aws_caller_identity.current",
            "module.project_eks_cluster.aws_security_group.cluster",
            "module.project_eks_cluster.aws_security_group.workers",
            "module.vpc.aws_cloudwatch_log_group.flow_log",
            "module.vpc.aws_customer_gateway.this",
            "module.vpc.aws_db_subnet_group.database",
            "module.vpc.aws_default_network_acl.this",
            "module.vpc.aws_default_route_table.default",
            "module.vpc.aws_default_security_group.this",
            "module.vpc.aws_default_vpc.this",
            "module.vpc.aws_egress_only_internet_gateway.this",
            "module.vpc.aws_eip.nat",
            "module.vpc.aws_elasticache_subnet_group.elasticache",
            "module.vpc.aws_flow_log.this",
            "module.vpc.aws_iam_policy.vpc_flow_log_cloudwatch",
            "module.vpc.aws_iam_role.vpc_flow_log_cloudwatch",
            "module.vpc.aws_iam_role_policy_attachment.vpc_flow_log_cloudwatch",
            "module.vpc.aws_internet_gateway.this",
            "module.vpc.aws_nat_gateway.this",
            "module.vpc.aws_network_acl.database",
            "module.vpc.aws_network_acl.elasticache",
            "module.vpc.aws_network_acl.intra",
            "module.vpc.aws_network_acl.outpost",
            "module.vpc.aws_network_acl.private",
            "module.vpc.aws_network_acl.public",
            "module.vpc.aws_network_acl.redshift",
            "module.vpc.aws_network_acl_rule.database_inbound",
            "module.vpc.aws_network_acl_rule.database_outbound",
            "module.vpc.aws_network_acl_rule.elasticache_inbound",
            "module.vpc.aws_network_acl_rule.elasticache_outbound",
            "module.vpc.aws_network_acl_rule.intra_inbound",
            "module.vpc.aws_network_acl_rule.intra_outbound",
            "module.vpc.aws_network_acl_rule.outpost_inbound",
            "module.vpc.aws_network_acl_rule.outpost_outbound",
            "module.vpc.aws_network_acl_rule.private_inbound",
            "module.vpc.aws_network_acl_rule.private_outbound",
            "module.vpc.aws_network_acl_rule.public_inbound",
            "module.vpc.aws_network_acl_rule.public_outbound",
            "module.vpc.aws_network_acl_rule.redshift_inbound",
            "module.vpc.aws_network_acl_rule.redshift_outbound",
            "module.vpc.aws_redshift_subnet_group.redshift",
            "module.vpc.aws_route.database_internet_gateway",
            "module.vpc.aws_route.database_ipv6_egress",
            "module.vpc.aws_route.database_nat_gateway",
            "module.vpc.aws_route.private_ipv6_egress",
            "module.vpc.aws_route.private_nat_gateway",
            "module.vpc.aws_route.public_internet_gateway",
            "module.vpc.aws_route.public_internet_gateway_ipv6",
            "module.vpc.aws_route_table.database",
            "module.vpc.aws_route_table.elasticache",
            "module.vpc.aws_route_table.intra",
            "module.vpc.aws_route_table.private",
            "module.vpc.aws_route_table.public",
            "module.vpc.aws_route_table.redshift",
            "module.vpc.aws_route_table_association.database",
            "module.vpc.aws_route_table_association.elasticache",
            "module.vpc.aws_route_table_association.intra",
            "module.vpc.aws_route_table_association.outpost",
            "module.vpc.aws_route_table_association.private",
            "module.vpc.aws_route_table_association.public",
            "module.vpc.aws_route_table_association.redshift",
            "module.vpc.aws_route_table_association.redshift_public",
            "module.vpc.aws_subnet.database",
            "module.vpc.aws_subnet.elasticache",
            "module.vpc.aws_subnet.intra",
            "module.vpc.aws_subnet.outpost",
            "module.vpc.aws_subnet.private",
            "module.vpc.aws_subnet.public",
            "module.vpc.aws_subnet.redshift",
            "module.vpc.aws_vpc.this",
            "module.vpc.aws_vpc_dhcp_options.this",
            "module.vpc.aws_vpc_dhcp_options_association.this",
            "module.vpc.aws_vpc_ipv4_cidr_block_association.this",
            "module.vpc.aws_vpn_gateway.this",
            "module.vpc.aws_vpn_gateway_attachment.this",
            "module.vpc.aws_vpn_gateway_route_propagation.intra",
            "module.vpc.aws_vpn_gateway_route_propagation.private",
            "module.vpc.aws_vpn_gateway_route_propagation.public",
            "module.vpc.data.aws_iam_policy_document.flow_log_cloudwatch_assume_role",
            "module.vpc.data.aws_iam_policy_document.vpc_flow_log_cloudwatch"
          ],
          "create_before_destroy": true
        }
      ]
    },
    {
      "module": "module.project_eks_cluster",
      "mode": "managed",
      "type": "aws_security_group_rule",
      "name": "workers_ingress_cluster_https",
      "provider": "provider[\"registry.terraform.io/hashicorp/aws\"]",
      "instances": [
        {
          "index_key": 0,
          "schema_version": 2,
          "attributes": {
            "cidr_blocks": null,
            "description": "Allow pods running extension API servers on port 443 to receive communication from cluster control plane.",
            "from_port": 443,
            "id": "sgrule-705070041",
            "ipv6_cidr_blocks": null,
            "prefix_list_ids": null,
            "protocol": "tcp",
            "security_group_id": "sg-0be1d493c28fb0668",
            "security_group_rule_id": "sgr-0472991e305740c4e",
            "self": false,
            "source_security_group_id": "sg-07b8a890f8aaa4c52",
            "timeouts": null,
            "to_port": 443,
            "type": "ingress"
          },
          "sensitive_attributes": [],
          "private": "eyJlMmJmYjczMC1lY2FhLTExZTYtOGY4OC0zNDM2M2JjN2M0YzAiOnsiY3JlYXRlIjozMDAwMDAwMDAwMDB9LCJzY2hlbWFfdmVyc2lvbiI6IjIifQ==",
          "dependencies": [
            "aws_eip.nat",
            "aws_iam_group.K8sClusterAdmin-group",
            "aws_iam_group.K8sDeveloper-group",
            "aws_iam_group.K8sFullAdmin-group",
            "aws_iam_group_policy_attachment.K8sClusterAdmin-group-policy-attach",
            "aws_iam_group_policy_attachment.K8sDeveloper-group-policy-attach",
            "aws_iam_group_policy_attachment.K8sFullAdmin-group-policy-attach",
            "aws_iam_policy.K8sClusterAdmin-group-policy",
            "aws_iam_policy.K8sDeveloper-group-policy",
            "aws_iam_policy.K8sFullAdmin-group-policy",
            "data.aws_availability_zones.available",
            "data.aws_caller_identity.current",
            "module.project_eks_cluster.aws_security_group.cluster",
            "module.project_eks_cluster.aws_security_group.workers",
            "module.vpc.aws_cloudwatch_log_group.flow_log",
            "module.vpc.aws_customer_gateway.this",
            "module.vpc.aws_db_subnet_group.database",
            "module.vpc.aws_default_network_acl.this",
            "module.vpc.aws_default_route_table.default",
            "module.vpc.aws_default_security_group.this",
            "module.vpc.aws_default_vpc.this",
            "module.vpc.aws_egress_only_internet_gateway.this",
            "module.vpc.aws_eip.nat",
            "module.vpc.aws_elasticache_subnet_group.elasticache",
            "module.vpc.aws_flow_log.this",
            "module.vpc.aws_iam_policy.vpc_flow_log_cloudwatch",
            "module.vpc.aws_iam_role.vpc_flow_log_cloudwatch",
            "module.vpc.aws_iam_role_policy_attachment.vpc_flow_log_cloudwatch",
            "module.vpc.aws_internet_gateway.this",
            "module.vpc.aws_nat_gateway.this",
            "module.vpc.aws_network_acl.database",
            "module.vpc.aws_network_acl.elasticache",
            "module.vpc.aws_network_acl.intra",
            "module.vpc.aws_network_acl.outpost",
            "module.vpc.aws_network_acl.private",
            "module.vpc.aws_network_acl.public",
            "module.vpc.aws_network_acl.redshift",
            "module.vpc.aws_network_acl_rule.database_inbound",
            "module.vpc.aws_network_acl_rule.database_outbound",
            "module.vpc.aws_network_acl_rule.elasticache_inbound",
            "module.vpc.aws_network_acl_rule.elasticache_outbound",
            "module.vpc.aws_network_acl_rule.intra_inbound",
            "module.vpc.aws_network_acl_rule.intra_outbound",
            "module.vpc.aws_network_acl_rule.outpost_inbound",
            "module.vpc.aws_network_acl_rule.outpost_outbound",
            "module.vpc.aws_network_acl_rule.private_inbound",
            "module.vpc.aws_network_acl_rule.private_outbound",
            "module.vpc.aws_network_acl_rule.public_inbound",
            "module.vpc.aws_network_acl_rule.public_outbound",
            "module.vpc.aws_network_acl_rule.redshift_inbound",
            "module.vpc.aws_network_acl_rule.redshift_outbound",
            "module.vpc.aws_redshift_subnet_group.redshift",
            "module.vpc.aws_route.database_internet_gateway",
            "module.vpc.aws_route.database_ipv6_egress",
            "module.vpc.aws_route.database_nat_gateway",
            "module.vpc.aws_route.private_ipv6_egress",
            "module.vpc.aws_route.private_nat_gateway",
            "module.vpc.aws_route.public_internet_gateway",
            "module.vpc.aws_route.public_internet_gateway_ipv6",
            "module.vpc.aws_route_table.database",
            "module.vpc.aws_route_table.elasticache",
            "module.vpc.aws_route_table.intra",
            "module.vpc.aws_route_table.private",
            "module.vpc.aws_route_table.public",
            "module.vpc.aws_route_table.redshift",
            "module.vpc.aws_route_table_association.database",
            "module.vpc.aws_route_table_association.elasticache",
            "module.vpc.aws_route_table_association.intra",
            "module.vpc.aws_route_table_association.outpost",
            "module.vpc.aws_route_table_association.private",
            "module.vpc.aws_route_table_association.public",
            "module.vpc.aws_route_table_association.redshift",
            "module.vpc.aws_route_table_association.redshift_public",
            "module.vpc.aws_subnet.database",
            "module.vpc.aws_subnet.elasticache",
            "module.vpc.aws_subnet.intra",
            "module.vpc.aws_subnet.outpost",
            "module.vpc.aws_subnet.private",
            "module.vpc.aws_subnet.public",
            "module.vpc.aws_subnet.redshift",
            "module.vpc.aws_vpc.this",
            "module.vpc.aws_vpc_dhcp_options.this",
            "module.vpc.aws_vpc_dhcp_options_association.this",
            "module.vpc.aws_vpc_ipv4_cidr_block_association.this",
            "module.vpc.aws_vpn_gateway.this",
            "module.vpc.aws_vpn_gateway_attachment.this",
            "module.vpc.aws_vpn_gateway_route_propagation.intra",
            "module.vpc.aws_vpn_gateway_route_propagation.private",
            "module.vpc.aws_vpn_gateway_route_propagation.public",
            "module.vpc.data.aws_iam_policy_document.flow_log_cloudwatch_assume_role",
            "module.vpc.data.aws_iam_policy_document.vpc_flow_log_cloudwatch"
          ],
          "create_before_destroy": true
        }
      ]
    },
    {
      "module": "module.project_eks_cluster",
      "mode": "managed",
      "type": "aws_security_group_rule",
      "name": "workers_ingress_self",
      "provider": "provider[\"registry.terraform.io/hashicorp/aws\"]",
      "instances": [
        {
          "index_key": 0,
          "schema_version": 2,
          "attributes": {
            "cidr_blocks": null,
            "description": "Allow node to communicate with each other.",
            "from_port": 0,
            "id": "sgrule-1100193350",
            "ipv6_cidr_blocks": null,
            "prefix_list_ids": null,
            "protocol": "-1",
            "security_group_id": "sg-0be1d493c28fb0668",
            "security_group_rule_id": "sgr-06199bd6cd796ccb0",
            "self": false,
            "source_security_group_id": "sg-0be1d493c28fb0668",
            "timeouts": null,
            "to_port": 65535,
            "type": "ingress"
          },
          "sensitive_attributes": [],
          "private": "eyJlMmJmYjczMC1lY2FhLTExZTYtOGY4OC0zNDM2M2JjN2M0YzAiOnsiY3JlYXRlIjozMDAwMDAwMDAwMDB9LCJzY2hlbWFfdmVyc2lvbiI6IjIifQ==",
          "dependencies": [
            "aws_eip.nat",
            "aws_iam_group.K8sClusterAdmin-group",
            "aws_iam_group.K8sDeveloper-group",
            "aws_iam_group.K8sFullAdmin-group",
            "aws_iam_group_policy_attachment.K8sClusterAdmin-group-policy-attach",
            "aws_iam_group_policy_attachment.K8sDeveloper-group-policy-attach",
            "aws_iam_group_policy_attachment.K8sFullAdmin-group-policy-attach",
            "aws_iam_policy.K8sClusterAdmin-group-policy",
            "aws_iam_policy.K8sDeveloper-group-policy",
            "aws_iam_policy.K8sFullAdmin-group-policy",
            "data.aws_availability_zones.available",
            "data.aws_caller_identity.current",
            "module.project_eks_cluster.aws_security_group.workers",
            "module.vpc.aws_cloudwatch_log_group.flow_log",
            "module.vpc.aws_customer_gateway.this",
            "module.vpc.aws_db_subnet_group.database",
            "module.vpc.aws_default_network_acl.this",
            "module.vpc.aws_default_route_table.default",
            "module.vpc.aws_default_security_group.this",
            "module.vpc.aws_default_vpc.this",
            "module.vpc.aws_egress_only_internet_gateway.this",
            "module.vpc.aws_eip.nat",
            "module.vpc.aws_elasticache_subnet_group.elasticache",
            "module.vpc.aws_flow_log.this",
            "module.vpc.aws_iam_policy.vpc_flow_log_cloudwatch",
            "module.vpc.aws_iam_role.vpc_flow_log_cloudwatch",
            "module.vpc.aws_iam_role_policy_attachment.vpc_flow_log_cloudwatch",
            "module.vpc.aws_internet_gateway.this",
            "module.vpc.aws_nat_gateway.this",
            "module.vpc.aws_network_acl.database",
            "module.vpc.aws_network_acl.elasticache",
            "module.vpc.aws_network_acl.intra",
            "module.vpc.aws_network_acl.outpost",
            "module.vpc.aws_network_acl.private",
            "module.vpc.aws_network_acl.public",
            "module.vpc.aws_network_acl.redshift",
            "module.vpc.aws_network_acl_rule.database_inbound",
            "module.vpc.aws_network_acl_rule.database_outbound",
            "module.vpc.aws_network_acl_rule.elasticache_inbound",
            "module.vpc.aws_network_acl_rule.elasticache_outbound",
            "module.vpc.aws_network_acl_rule.intra_inbound",
            "module.vpc.aws_network_acl_rule.intra_outbound",
            "module.vpc.aws_network_acl_rule.outpost_inbound",
            "module.vpc.aws_network_acl_rule.outpost_outbound",
            "module.vpc.aws_network_acl_rule.private_inbound",
            "module.vpc.aws_network_acl_rule.private_outbound",
            "module.vpc.aws_network_acl_rule.public_inbound",
            "module.vpc.aws_network_acl_rule.public_outbound",
            "module.vpc.aws_network_acl_rule.redshift_inbound",
            "module.vpc.aws_network_acl_rule.redshift_outbound",
            "module.vpc.aws_redshift_subnet_group.redshift",
            "module.vpc.aws_route.database_internet_gateway",
            "module.vpc.aws_route.database_ipv6_egress",
            "module.vpc.aws_route.database_nat_gateway",
            "module.vpc.aws_route.private_ipv6_egress",
            "module.vpc.aws_route.private_nat_gateway",
            "module.vpc.aws_route.public_internet_gateway",
            "module.vpc.aws_route.public_internet_gateway_ipv6",
            "module.vpc.aws_route_table.database",
            "module.vpc.aws_route_table.elasticache",
            "module.vpc.aws_route_table.intra",
            "module.vpc.aws_route_table.private",
            "module.vpc.aws_route_table.public",
            "module.vpc.aws_route_table.redshift",
            "module.vpc.aws_route_table_association.database",
            "module.vpc.aws_route_table_association.elasticache",
            "module.vpc.aws_route_table_association.intra",
            "module.vpc.aws_route_table_association.outpost",
            "module.vpc.aws_route_table_association.private",
            "module.vpc.aws_route_table_association.public",
            "module.vpc.aws_route_table_association.redshift",
            "module.vpc.aws_route_table_association.redshift_public",
            "module.vpc.aws_subnet.database",
            "module.vpc.aws_subnet.elasticache",
            "module.vpc.aws_subnet.intra",
            "module.vpc.aws_subnet.outpost",
            "module.vpc.aws_subnet.private",
            "module.vpc.aws_subnet.public",
            "module.vpc.aws_subnet.redshift",
            "module.vpc.aws_vpc.this",
            "module.vpc.aws_vpc_dhcp_options.this",
            "module.vpc.aws_vpc_dhcp_options_association.this",
            "module.vpc.aws_vpc_ipv4_cidr_block_association.this",
            "module.vpc.aws_vpn_gateway.this",
            "module.vpc.aws_vpn_gateway_attachment.this",
            "module.vpc.aws_vpn_gateway_route_propagation.intra",
            "module.vpc.aws_vpn_gateway_route_propagation.private",
            "module.vpc.aws_vpn_gateway_route_propagation.public",
            "module.vpc.data.aws_iam_policy_document.flow_log_cloudwatch_assume_role",
            "module.vpc.data.aws_iam_policy_document.vpc_flow_log_cloudwatch"
          ],
          "create_before_destroy": true
        }
      ]
    },
    {
      "module": "module.project_eks_cluster",
      "mode": "managed",
      "type": "kubernetes_config_map",
      "name": "aws_auth",
      "provider": "provider[\"registry.terraform.io/hashicorp/kubernetes\"]",
      "instances": [
        {
          "index_key": 0,
          "schema_version": 0,
          "attributes": {
            "binary_data": null,
            "data": {
              "mapAccounts": "[]\n",
              "mapRoles": "- \"groups\":\n  - \"system:bootstrappers\"\n  - \"system:nodes\"\n  \"rolearn\": \"arn:aws:iam::370365354210:role/project_eks_cluster_ginu-dev-eks-default-role\"\n  \"username\": \"system:node:{{EC2PrivateDNSName}}\"\n- \"groups\":\n  - \"system:masters\"\n  \"rolearn\": \"arn:aws:iam::370365354210:role/aws-service-role/eks.amazonaws.com/AWSServiceRoleForAmazonEKS\"\n  \"username\": \"AWSServiceRoleForAmazonEKS\"\n- \"groups\":\n  - \"system:masters\"\n  \"rolearn\": \"arn:aws:iam::370365354210:role/project_eks_cluster-dev-K8sFullAdmin\"\n  \"username\": \"project_eks_cluster-dev-K8sFullAdmin\"\n- \"groups\":\n  - \"ad-cluster-admins\"\n  \"rolearn\": \"arn:aws:iam::370365354210:role/project_eks_cluster-dev-K8sClusterAdmin\"\n  \"username\": \"adminuser:{{SessionName}}\"\n- \"groups\":\n  - \"ad-cluster-devs\"\n  \"rolearn\": \"arn:aws:iam::370365354210:role/project_eks_cluster-dev-K8sDeveloper\"\n  \"username\": \"devuser:{{SessionName}}\"\n",
              "mapUsers": "- \"groups\":\n  - \"system:masters\"\n  \"userarn\": \"arn:aws:iam::370365354210:user/deployment-user\"\n  \"username\": \"kubernetes-service-account\"\n- \"groups\":\n  - \"system:masters\"\n  \"userarn\": \"arn:aws:iam::370365354210:user/andres\"\n  \"username\": \"observability_eks_cluster-dev-K8sFullAdmin\"\n"
            },
            "id": "kube-system/aws-auth",
            "immutable": false,
            "metadata": [
              {
                "annotations": null,
                "generate_name": "",
                "generation": 0,
                "labels": {
                  "app.kubernetes.io/managed-by": "Terraform",
                  "terraform.io/module": "terraform-aws-modules.eks.aws"
                },
                "name": "aws-auth",
                "namespace": "kube-system",
                "resource_version": "1156",
                "uid": "5fc1cfa1-9968-4ed6-bd14-48103fb24d6d"
              }
            ]
          },
          "sensitive_attributes": [],
          "private": "bnVsbA==",
          "dependencies": [
            "aws_eip.nat",
            "aws_iam_group.K8sClusterAdmin-group",
            "aws_iam_group.K8sDeveloper-group",
            "aws_iam_group.K8sFullAdmin-group",
            "aws_iam_group_policy_attachment.K8sClusterAdmin-group-policy-attach",
            "aws_iam_group_policy_attachment.K8sDeveloper-group-policy-attach",
            "aws_iam_group_policy_attachment.K8sFullAdmin-group-policy-attach",
            "aws_iam_policy.K8sClusterAdmin-group-policy",
            "aws_iam_policy.K8sDeveloper-group-policy",
            "aws_iam_policy.K8sFullAdmin-group-policy",
            "aws_iam_role.eks-default-role",
            "data.aws_availability_zones.available",
            "data.aws_caller_identity.current",
            "data.aws_eks_cluster.cluster",
            "data.aws_eks_cluster_auth.cluster",
            "module.project_eks_cluster.aws_cloudwatch_log_group.this",
            "module.project_eks_cluster.aws_eks_cluster.this",
            "module.project_eks_cluster.aws_iam_instance_profile.workers",
            "module.project_eks_cluster.aws_iam_instance_profile.workers_launch_template",
            "module.project_eks_cluster.aws_iam_role.cluster",
            "module.project_eks_cluster.aws_iam_role.workers",
            "module.project_eks_cluster.aws_iam_role_policy_attachment.cluster_AmazonEKSClusterPolicy",
            "module.project_eks_cluster.aws_iam_role_policy_attachment.cluster_AmazonEKSServicePolicy",
            "module.project_eks_cluster.aws_iam_role_policy_attachment.cluster_AmazonEKSVPCResourceControllerPolicy",
            "module.project_eks_cluster.aws_iam_role_policy_attachment.workers_AmazonEC2ContainerRegistryReadOnly",
            "module.project_eks_cluster.aws_iam_role_policy_attachment.workers_AmazonEKSWorkerNodePolicy",
            "module.project_eks_cluster.aws_iam_role_policy_attachment.workers_AmazonEKS_CNI_Policy",
            "module.project_eks_cluster.aws_security_group.cluster",
            "module.project_eks_cluster.aws_security_group.workers",
            "module.project_eks_cluster.aws_security_group_rule.cluster_egress_internet",
            "module.project_eks_cluster.aws_security_group_rule.cluster_https_worker_ingress",
            "module.project_eks_cluster.aws_security_group_rule.cluster_private_access_cidrs_source",
            "module.project_eks_cluster.aws_security_group_rule.cluster_private_access_sg_source",
            "module.project_eks_cluster.data.aws_ami.eks_worker",
            "module.project_eks_cluster.data.aws_ami.eks_worker_windows",
            "module.project_eks_cluster.data.aws_caller_identity.current",
            "module.project_eks_cluster.data.aws_iam_instance_profile.custom_worker_group_iam_instance_profile",
            "module.project_eks_cluster.data.aws_iam_instance_profile.custom_worker_group_launch_template_iam_instance_profile",
            "module.project_eks_cluster.data.aws_iam_policy_document.cluster_assume_role_policy",
            "module.project_eks_cluster.data.aws_iam_policy_document.workers_assume_role_policy",
            "module.project_eks_cluster.data.aws_iam_role.custom_cluster_iam_role",
            "module.project_eks_cluster.data.aws_partition.current",
            "module.project_eks_cluster.data.http.wait_for_cluster",
            "module.project_eks_cluster.module.fargate.aws_iam_role.eks_fargate_pod",
            "module.project_eks_cluster.module.fargate.data.aws_iam_role.custom_fargate_iam_role",
            "module.vpc.aws_cloudwatch_log_group.flow_log",
            "module.vpc.aws_customer_gateway.this",
            "module.vpc.aws_db_subnet_group.database",
            "module.vpc.aws_default_network_acl.this",
            "module.vpc.aws_default_route_table.default",
            "module.vpc.aws_default_security_group.this",
            "module.vpc.aws_default_vpc.this",
            "module.vpc.aws_egress_only_internet_gateway.this",
            "module.vpc.aws_eip.nat",
            "module.vpc.aws_elasticache_subnet_group.elasticache",
            "module.vpc.aws_flow_log.this",
            "module.vpc.aws_iam_policy.vpc_flow_log_cloudwatch",
            "module.vpc.aws_iam_role.vpc_flow_log_cloudwatch",
            "module.vpc.aws_iam_role_policy_attachment.vpc_flow_log_cloudwatch",
            "module.vpc.aws_internet_gateway.this",
            "module.vpc.aws_nat_gateway.this",
            "module.vpc.aws_network_acl.database",
            "module.vpc.aws_network_acl.elasticache",
            "module.vpc.aws_network_acl.intra",
            "module.vpc.aws_network_acl.outpost",
            "module.vpc.aws_network_acl.private",
            "module.vpc.aws_network_acl.public",
            "module.vpc.aws_network_acl.redshift",
            "module.vpc.aws_network_acl_rule.database_inbound",
            "module.vpc.aws_network_acl_rule.database_outbound",
            "module.vpc.aws_network_acl_rule.elasticache_inbound",
            "module.vpc.aws_network_acl_rule.elasticache_outbound",
            "module.vpc.aws_network_acl_rule.intra_inbound",
            "module.vpc.aws_network_acl_rule.intra_outbound",
            "module.vpc.aws_network_acl_rule.outpost_inbound",
            "module.vpc.aws_network_acl_rule.outpost_outbound",
            "module.vpc.aws_network_acl_rule.private_inbound",
            "module.vpc.aws_network_acl_rule.private_outbound",
            "module.vpc.aws_network_acl_rule.public_inbound",
            "module.vpc.aws_network_acl_rule.public_outbound",
            "module.vpc.aws_network_acl_rule.redshift_inbound",
            "module.vpc.aws_network_acl_rule.redshift_outbound",
            "module.vpc.aws_redshift_subnet_group.redshift",
            "module.vpc.aws_route.database_internet_gateway",
            "module.vpc.aws_route.database_ipv6_egress",
            "module.vpc.aws_route.database_nat_gateway",
            "module.vpc.aws_route.private_ipv6_egress",
            "module.vpc.aws_route.private_nat_gateway",
            "module.vpc.aws_route.public_internet_gateway",
            "module.vpc.aws_route.public_internet_gateway_ipv6",
            "module.vpc.aws_route_table.database",
            "module.vpc.aws_route_table.elasticache",
            "module.vpc.aws_route_table.intra",
            "module.vpc.aws_route_table.private",
            "module.vpc.aws_route_table.public",
            "module.vpc.aws_route_table.redshift",
            "module.vpc.aws_route_table_association.database",
            "module.vpc.aws_route_table_association.elasticache",
            "module.vpc.aws_route_table_association.intra",
            "module.vpc.aws_route_table_association.outpost",
            "module.vpc.aws_route_table_association.private",
            "module.vpc.aws_route_table_association.public",
            "module.vpc.aws_route_table_association.redshift",
            "module.vpc.aws_route_table_association.redshift_public",
            "module.vpc.aws_subnet.database",
            "module.vpc.aws_subnet.elasticache",
            "module.vpc.aws_subnet.intra",
            "module.vpc.aws_subnet.outpost",
            "module.vpc.aws_subnet.private",
            "module.vpc.aws_subnet.public",
            "module.vpc.aws_subnet.redshift",
            "module.vpc.aws_vpc.this",
            "module.vpc.aws_vpc_dhcp_options.this",
            "module.vpc.aws_vpc_dhcp_options_association.this",
            "module.vpc.aws_vpc_ipv4_cidr_block_association.this",
            "module.vpc.aws_vpn_gateway.this",
            "module.vpc.aws_vpn_gateway_attachment.this",
            "module.vpc.aws_vpn_gateway_route_propagation.intra",
            "module.vpc.aws_vpn_gateway_route_propagation.private",
            "module.vpc.aws_vpn_gateway_route_propagation.public",
            "module.vpc.data.aws_iam_policy_document.flow_log_cloudwatch_assume_role",
            "module.vpc.data.aws_iam_policy_document.vpc_flow_log_cloudwatch"
          ],
          "create_before_destroy": true
        }
      ]
    },
    {
      "module": "module.project_eks_cluster",
      "mode": "managed",
      "type": "local_file",
      "name": "kubeconfig",
      "provider": "provider[\"registry.terraform.io/hashicorp/local\"]",
      "instances": [
        {
          "index_key": 0,
          "schema_version": 0,
          "attributes": {
            "content": "apiVersion: v1\npreferences: {}\nkind: Config\n\nclusters:\n- cluster:\n    server: https://197C7D9443960B86BB046C989D6EC88B.gr7.us-east-1.eks.amazonaws.com\n    certificate-authority-data: LS0tLS1CRUdJTiBDRVJUSUZJQ0FURS0tLS0tCk1JSUMvakNDQWVhZ0F3SUJBZ0lCQURBTkJna3Foa2lHOXcwQkFRc0ZBREFWTVJNd0VRWURWUVFERXdwcmRXSmwKY201bGRHVnpNQjRYRFRJeU1URXlPREV6TkRJd01sb1hEVE15TVRFeU5URXpOREl3TWxvd0ZURVRNQkVHQTFVRQpBeE1LYTNWaVpYSnVaWFJsY3pDQ0FTSXdEUVlKS29aSWh2Y05BUUVCQlFBRGdnRVBBRENDQVFvQ2dnRUJBTEd0CkdnelpmbjJwdmlaSm9Obmk1N1lsSzhvdDE4SGUyRkNsREw5dm9GYTJIVy9PclZBS1BocjE2amNvSWhybHBCR00KUDdHYWFsY3N2MUZtVEd3aWRNdWVVUzhMTmpmYW5idWczWUpGQ0Y4KzlLU2w2YWN5NWwxTEV6VmtxNXljaS85TQpOQkE4Z2dBYzRqdUZ3NTNUOVEzbVhsT3M3cFkxNWNmNktvZnROQW13VFZkQjJwNDhTTlBoUTBaeEhFU1lmSEE4Cng3MXhPWVpXeklxbm9IbGd2OHRIcWlNMnhyeU1YamVWSjVNcWJxM1QvVk41TUFhZU1DREJhSVNIOVJZczFSSWMKdSs0aEMwQnRNL3BhNnBmcWVwQ08wRFg5SXBZbDlOWDRrWWcrODVvVGhROXFUc0ExUVRzYndUZW91UllRKzJRNApOTnczdlJndjAwalJXdE9EL0lzQ0F3RUFBYU5aTUZjd0RnWURWUjBQQVFIL0JBUURBZ0trTUE4R0ExVWRFd0VCCi93UUZNQU1CQWY4d0hRWURWUjBPQkJZRUZEalRpTzdkQklEUHlPOUZ3MEs0T2k0SEFoYy9NQlVHQTFVZEVRUU8KTUF5Q0NtdDFZbVZ5Ym1WMFpYTXdEUVlKS29aSWh2Y05BUUVMQlFBRGdnRUJBS2tPZ01GRTlubTRWYzVJV053TwovU1JHSm1PT2VCN2R0NTU5dUtibDhsdEVkN2Jmc2xEbjFhQm52VGxBSG5uUTQ3b2k1a3FGSzZlZlhJQThIK3N4ClFDMjM1RXUwL254WEVMQUhBUnByYVl2cHArY1BhTEp6SmlseFJxN2FDT3dJMFQxdld5V3JoelRZWUJTdzcyeHIKdmlESUtwUThQVS9FME1Cc2pyY0RUSjlBSFFqMFhiMnNxeENaRWc4NXdmNmpCcGxoUURXMVo0T0NRa0RnQnRNNQo5MHdTWnYzL1pDdFpBekxuRkExaHJWcEJtTkVKNzh3dzc3bE16Z3pNcjhkUlh6cSs3dWtBRENSUkw0WndvbGU5CjdHT0tHN2JZV2FmZFRJVnVLTGxweXYzclVuQjN5VXRpQlF0QTFGNkpvREVoMjhRemdUWnBlNm1UN1lnSkY2aEEKUkhzPQotLS0tLUVORCBDRVJUSUZJQ0FURS0tLS0tCg==\n  name: eks_project_eks_cluster_ginu-dev\n\ncontexts:\n- context:\n    cluster: eks_project_eks_cluster_ginu-dev\n    user: eks_project_eks_cluster_ginu-dev\n  name: eks_project_eks_cluster_ginu-dev\n\ncurrent-context: eks_project_eks_cluster_ginu-dev\n\nusers:\n- name: eks_project_eks_cluster_ginu-dev\n  user:\n    exec:\n      apiVersion: client.authentication.k8s.io/v1alpha1\n      command: aws-iam-authenticator\n      args:\n        - \"token\"\n        - \"-i\"\n        - \"project_eks_cluster_ginu-dev\"\n",
            "content_base64": null,
            "directory_permission": "0755",
            "file_permission": "0600",
            "filename": "./kubeconfig_project_eks_cluster_ginu-dev",
            "id": "9cf521a62faba72f80115f8080ee3f5428f1f560",
            "sensitive_content": null,
            "source": null
          },
          "sensitive_attributes": [],
          "private": "bnVsbA==",
          "dependencies": [
            "aws_eip.nat",
            "aws_iam_group.K8sClusterAdmin-group",
            "aws_iam_group.K8sDeveloper-group",
            "aws_iam_group.K8sFullAdmin-group",
            "aws_iam_group_policy_attachment.K8sClusterAdmin-group-policy-attach",
            "aws_iam_group_policy_attachment.K8sDeveloper-group-policy-attach",
            "aws_iam_group_policy_attachment.K8sFullAdmin-group-policy-attach",
            "aws_iam_policy.K8sClusterAdmin-group-policy",
            "aws_iam_policy.K8sDeveloper-group-policy",
            "aws_iam_policy.K8sFullAdmin-group-policy",
            "data.aws_availability_zones.available",
            "data.aws_caller_identity.current",
            "module.project_eks_cluster.aws_cloudwatch_log_group.this",
            "module.project_eks_cluster.aws_eks_cluster.this",
            "module.project_eks_cluster.aws_iam_role.cluster",
            "module.project_eks_cluster.aws_iam_role_policy_attachment.cluster_AmazonEKSClusterPolicy",
            "module.project_eks_cluster.aws_iam_role_policy_attachment.cluster_AmazonEKSServicePolicy",
            "module.project_eks_cluster.aws_iam_role_policy_attachment.cluster_AmazonEKSVPCResourceControllerPolicy",
            "module.project_eks_cluster.aws_security_group.cluster",
            "module.project_eks_cluster.aws_security_group.workers",
            "module.project_eks_cluster.aws_security_group_rule.cluster_egress_internet",
            "module.project_eks_cluster.aws_security_group_rule.cluster_https_worker_ingress",
            "module.project_eks_cluster.data.aws_iam_policy_document.cluster_assume_role_policy",
            "module.project_eks_cluster.data.aws_iam_role.custom_cluster_iam_role",
            "module.project_eks_cluster.data.aws_partition.current",
            "module.vpc.aws_cloudwatch_log_group.flow_log",
            "module.vpc.aws_customer_gateway.this",
            "module.vpc.aws_db_subnet_group.database",
            "module.vpc.aws_default_network_acl.this",
            "module.vpc.aws_default_route_table.default",
            "module.vpc.aws_default_security_group.this",
            "module.vpc.aws_default_vpc.this",
            "module.vpc.aws_egress_only_internet_gateway.this",
            "module.vpc.aws_eip.nat",
            "module.vpc.aws_elasticache_subnet_group.elasticache",
            "module.vpc.aws_flow_log.this",
            "module.vpc.aws_iam_policy.vpc_flow_log_cloudwatch",
            "module.vpc.aws_iam_role.vpc_flow_log_cloudwatch",
            "module.vpc.aws_iam_role_policy_attachment.vpc_flow_log_cloudwatch",
            "module.vpc.aws_internet_gateway.this",
            "module.vpc.aws_nat_gateway.this",
            "module.vpc.aws_network_acl.database",
            "module.vpc.aws_network_acl.elasticache",
            "module.vpc.aws_network_acl.intra",
            "module.vpc.aws_network_acl.outpost",
            "module.vpc.aws_network_acl.private",
            "module.vpc.aws_network_acl.public",
            "module.vpc.aws_network_acl.redshift",
            "module.vpc.aws_network_acl_rule.database_inbound",
            "module.vpc.aws_network_acl_rule.database_outbound",
            "module.vpc.aws_network_acl_rule.elasticache_inbound",
            "module.vpc.aws_network_acl_rule.elasticache_outbound",
            "module.vpc.aws_network_acl_rule.intra_inbound",
            "module.vpc.aws_network_acl_rule.intra_outbound",
            "module.vpc.aws_network_acl_rule.outpost_inbound",
            "module.vpc.aws_network_acl_rule.outpost_outbound",
            "module.vpc.aws_network_acl_rule.private_inbound",
            "module.vpc.aws_network_acl_rule.private_outbound",
            "module.vpc.aws_network_acl_rule.public_inbound",
            "module.vpc.aws_network_acl_rule.public_outbound",
            "module.vpc.aws_network_acl_rule.redshift_inbound",
            "module.vpc.aws_network_acl_rule.redshift_outbound",
            "module.vpc.aws_redshift_subnet_group.redshift",
            "module.vpc.aws_route.database_internet_gateway",
            "module.vpc.aws_route.database_ipv6_egress",
            "module.vpc.aws_route.database_nat_gateway",
            "module.vpc.aws_route.private_ipv6_egress",
            "module.vpc.aws_route.private_nat_gateway",
            "module.vpc.aws_route.public_internet_gateway",
            "module.vpc.aws_route.public_internet_gateway_ipv6",
            "module.vpc.aws_route_table.database",
            "module.vpc.aws_route_table.elasticache",
            "module.vpc.aws_route_table.intra",
            "module.vpc.aws_route_table.private",
            "module.vpc.aws_route_table.public",
            "module.vpc.aws_route_table.redshift",
            "module.vpc.aws_route_table_association.database",
            "module.vpc.aws_route_table_association.elasticache",
            "module.vpc.aws_route_table_association.intra",
            "module.vpc.aws_route_table_association.outpost",
            "module.vpc.aws_route_table_association.private",
            "module.vpc.aws_route_table_association.public",
            "module.vpc.aws_route_table_association.redshift",
            "module.vpc.aws_route_table_association.redshift_public",
            "module.vpc.aws_subnet.database",
            "module.vpc.aws_subnet.elasticache",
            "module.vpc.aws_subnet.intra",
            "module.vpc.aws_subnet.outpost",
            "module.vpc.aws_subnet.private",
            "module.vpc.aws_subnet.public",
            "module.vpc.aws_subnet.redshift",
            "module.vpc.aws_vpc.this",
            "module.vpc.aws_vpc_dhcp_options.this",
            "module.vpc.aws_vpc_dhcp_options_association.this",
            "module.vpc.aws_vpc_ipv4_cidr_block_association.this",
            "module.vpc.aws_vpn_gateway.this",
            "module.vpc.aws_vpn_gateway_attachment.this",
            "module.vpc.aws_vpn_gateway_route_propagation.intra",
            "module.vpc.aws_vpn_gateway_route_propagation.private",
            "module.vpc.aws_vpn_gateway_route_propagation.public",
            "module.vpc.data.aws_iam_policy_document.flow_log_cloudwatch_assume_role",
            "module.vpc.data.aws_iam_policy_document.vpc_flow_log_cloudwatch"
          ],
          "create_before_destroy": true
        }
      ]
    },
    {
      "module": "module.project_eks_cluster.module.fargate",
      "mode": "data",
      "type": "aws_partition",
      "name": "current",
      "provider": "provider[\"registry.terraform.io/hashicorp/aws\"]",
      "instances": [
        {
          "schema_version": 0,
          "attributes": {
            "dns_suffix": "amazonaws.com",
            "id": "aws",
            "partition": "aws",
            "reverse_dns_prefix": "com.amazonaws"
          },
          "sensitive_attributes": []
        }
      ]
    },
    {
      "module": "module.vpc",
      "mode": "managed",
      "type": "aws_internet_gateway",
      "name": "this",
      "provider": "provider[\"registry.terraform.io/hashicorp/aws\"]",
      "instances": [
        {
          "index_key": 0,
          "schema_version": 0,
          "attributes": {
            "arn": "arn:aws:ec2:us-east-1:370365354210:internet-gateway/igw-0c68e12ef76e85f68",
            "id": "igw-0c68e12ef76e85f68",
            "owner_id": "370365354210",
            "tags": {
              "Environment": "dev",
              "Name": "project_eks_vpc-dev",
              "Owner": "Ginu",
              "Project": "xerris",
              "Terraform": "true"
            },
            "tags_all": {
              "Environment": "dev",
              "Name": "project_eks_vpc-dev",
              "Owner": "Ginu",
              "Project": "xerris",
              "Terraform": "true"
            },
            "timeouts": null,
            "vpc_id": "vpc-0efe14b6216100258"
          },
          "sensitive_attributes": [],
          "private": "eyJlMmJmYjczMC1lY2FhLTExZTYtOGY4OC0zNDM2M2JjN2M0YzAiOnsiY3JlYXRlIjoxMjAwMDAwMDAwMDAwLCJkZWxldGUiOjEyMDAwMDAwMDAwMDAsInVwZGF0ZSI6MTIwMDAwMDAwMDAwMH19",
          "dependencies": [
            "module.vpc.aws_vpc.this",
            "module.vpc.aws_vpc_ipv4_cidr_block_association.this"
          ],
          "create_before_destroy": true
        }
      ]
    },
    {
      "module": "module.vpc",
      "mode": "managed",
      "type": "aws_nat_gateway",
      "name": "this",
      "provider": "provider[\"registry.terraform.io/hashicorp/aws\"]",
      "instances": [
        {
          "index_key": 0,
          "schema_version": 0,
          "attributes": {
            "allocation_id": "eipalloc-022600ff9e8a09a4d",
            "connectivity_type": "public",
            "id": "nat-0b8ceb6a5d0b1a59d",
            "network_interface_id": "eni-03bf3e0fd1b63ac15",
            "private_ip": "10.1.3.105",
            "public_ip": "3.227.36.23",
            "subnet_id": "subnet-0890f37568320092a",
            "tags": {
              "Environment": "dev",
              "Name": "project_eks_vpc-dev-us-east-1a",
              "Owner": "Ginu",
              "Project": "xerris",
              "Terraform": "true"
            },
            "tags_all": {
              "Environment": "dev",
              "Name": "project_eks_vpc-dev-us-east-1a",
              "Owner": "Ginu",
              "Project": "xerris",
              "Terraform": "true"
            }
          },
          "sensitive_attributes": [],
          "private": "bnVsbA==",
          "dependencies": [
            "aws_eip.nat",
            "data.aws_availability_zones.available",
            "module.vpc.aws_eip.nat",
            "module.vpc.aws_internet_gateway.this",
            "module.vpc.aws_subnet.public",
            "module.vpc.aws_vpc.this",
            "module.vpc.aws_vpc_ipv4_cidr_block_association.this"
          ],
          "create_before_destroy": true
        }
      ]
    },
    {
      "module": "module.vpc",
      "mode": "managed",
      "type": "aws_route",
      "name": "private_nat_gateway",
      "provider": "provider[\"registry.terraform.io/hashicorp/aws\"]",
      "instances": [
        {
          "index_key": 0,
          "schema_version": 0,
          "attributes": {
            "carrier_gateway_id": "",
            "core_network_arn": "",
            "destination_cidr_block": "0.0.0.0/0",
            "destination_ipv6_cidr_block": "",
            "destination_prefix_list_id": "",
            "egress_only_gateway_id": "",
            "gateway_id": "",
            "id": "r-rtb-0d4efcdadb30bf8381080289494",
            "instance_id": "",
            "instance_owner_id": "",
            "local_gateway_id": "",
            "nat_gateway_id": "nat-0b8ceb6a5d0b1a59d",
            "network_interface_id": "",
            "origin": "CreateRoute",
            "route_table_id": "rtb-0d4efcdadb30bf838",
            "state": "active",
            "timeouts": {
              "create": "5m",
              "delete": null,
              "update": null
            },
            "transit_gateway_id": "",
            "vpc_endpoint_id": "",
            "vpc_peering_connection_id": ""
          },
          "sensitive_attributes": [],
          "private": "eyJlMmJmYjczMC1lY2FhLTExZTYtOGY4OC0zNDM2M2JjN2M0YzAiOnsiY3JlYXRlIjozMDAwMDAwMDAwMDAsImRlbGV0ZSI6MzAwMDAwMDAwMDAwLCJ1cGRhdGUiOjEyMDAwMDAwMDAwMH19",
          "dependencies": [
            "aws_eip.nat",
            "data.aws_availability_zones.available",
            "module.vpc.aws_eip.nat",
            "module.vpc.aws_internet_gateway.this",
            "module.vpc.aws_nat_gateway.this",
            "module.vpc.aws_route_table.private",
            "module.vpc.aws_subnet.public",
            "module.vpc.aws_vpc.this",
            "module.vpc.aws_vpc_ipv4_cidr_block_association.this"
          ],
          "create_before_destroy": true
        }
      ]
    },
    {
      "module": "module.vpc",
      "mode": "managed",
      "type": "aws_route",
      "name": "public_internet_gateway",
      "provider": "provider[\"registry.terraform.io/hashicorp/aws\"]",
      "instances": [
        {
          "index_key": 0,
          "schema_version": 0,
          "attributes": {
            "carrier_gateway_id": "",
            "core_network_arn": "",
            "destination_cidr_block": "0.0.0.0/0",
            "destination_ipv6_cidr_block": "",
            "destination_prefix_list_id": "",
            "egress_only_gateway_id": "",
            "gateway_id": "igw-0c68e12ef76e85f68",
            "id": "r-rtb-00ea7968080c5d27b1080289494",
            "instance_id": "",
            "instance_owner_id": "",
            "local_gateway_id": "",
            "nat_gateway_id": "",
            "network_interface_id": "",
            "origin": "CreateRoute",
            "route_table_id": "rtb-00ea7968080c5d27b",
            "state": "active",
            "timeouts": {
              "create": "5m",
              "delete": null,
              "update": null
            },
            "transit_gateway_id": "",
            "vpc_endpoint_id": "",
            "vpc_peering_connection_id": ""
          },
          "sensitive_attributes": [],
          "private": "eyJlMmJmYjczMC1lY2FhLTExZTYtOGY4OC0zNDM2M2JjN2M0YzAiOnsiY3JlYXRlIjozMDAwMDAwMDAwMDAsImRlbGV0ZSI6MzAwMDAwMDAwMDAwLCJ1cGRhdGUiOjEyMDAwMDAwMDAwMH19",
          "dependencies": [
            "module.vpc.aws_internet_gateway.this",
            "module.vpc.aws_route_table.public",
            "module.vpc.aws_vpc.this",
            "module.vpc.aws_vpc_ipv4_cidr_block_association.this"
          ],
          "create_before_destroy": true
        }
      ]
    },
    {
      "module": "module.vpc",
      "mode": "managed",
      "type": "aws_route_table",
      "name": "private",
      "provider": "provider[\"registry.terraform.io/hashicorp/aws\"]",
      "instances": [
        {
          "index_key": 0,
          "schema_version": 0,
          "attributes": {
            "arn": "arn:aws:ec2:us-east-1:370365354210:route-table/rtb-0d4efcdadb30bf838",
            "id": "rtb-0d4efcdadb30bf838",
            "owner_id": "370365354210",
            "propagating_vgws": [],
            "route": [],
            "tags": {
              "Environment": "dev",
              "Name": "project_eks_vpc-dev-private",
              "Owner": "Ginu",
              "Project": "xerris",
              "Terraform": "true"
            },
            "tags_all": {
              "Environment": "dev",
              "Name": "project_eks_vpc-dev-private",
              "Owner": "Ginu",
              "Project": "xerris",
              "Terraform": "true"
            },
            "timeouts": null,
            "vpc_id": "vpc-0efe14b6216100258"
          },
          "sensitive_attributes": [],
          "private": "eyJlMmJmYjczMC1lY2FhLTExZTYtOGY4OC0zNDM2M2JjN2M0YzAiOnsiY3JlYXRlIjozMDAwMDAwMDAwMDAsImRlbGV0ZSI6MzAwMDAwMDAwMDAwLCJ1cGRhdGUiOjEyMDAwMDAwMDAwMH19",
          "dependencies": [
            "data.aws_availability_zones.available",
            "module.vpc.aws_vpc.this",
            "module.vpc.aws_vpc_ipv4_cidr_block_association.this"
          ],
          "create_before_destroy": true
        }
      ]
    },
    {
      "module": "module.vpc",
      "mode": "managed",
      "type": "aws_route_table",
      "name": "public",
      "provider": "provider[\"registry.terraform.io/hashicorp/aws\"]",
      "instances": [
        {
          "index_key": 0,
          "schema_version": 0,
          "attributes": {
            "arn": "arn:aws:ec2:us-east-1:370365354210:route-table/rtb-00ea7968080c5d27b",
            "id": "rtb-00ea7968080c5d27b",
            "owner_id": "370365354210",
            "propagating_vgws": [],
            "route": [],
            "tags": {
              "Environment": "dev",
              "Name": "project_eks_vpc-dev-public",
              "Owner": "Ginu",
              "Project": "xerris",
              "Terraform": "true"
            },
            "tags_all": {
              "Environment": "dev",
              "Name": "project_eks_vpc-dev-public",
              "Owner": "Ginu",
              "Project": "xerris",
              "Terraform": "true"
            },
            "timeouts": null,
            "vpc_id": "vpc-0efe14b6216100258"
          },
          "sensitive_attributes": [],
          "private": "eyJlMmJmYjczMC1lY2FhLTExZTYtOGY4OC0zNDM2M2JjN2M0YzAiOnsiY3JlYXRlIjozMDAwMDAwMDAwMDAsImRlbGV0ZSI6MzAwMDAwMDAwMDAwLCJ1cGRhdGUiOjEyMDAwMDAwMDAwMH19",
          "dependencies": [
            "module.vpc.aws_vpc.this",
            "module.vpc.aws_vpc_ipv4_cidr_block_association.this"
          ],
          "create_before_destroy": true
        }
      ]
    },
    {
      "module": "module.vpc",
      "mode": "managed",
      "type": "aws_route_table_association",
      "name": "private",
      "provider": "provider[\"registry.terraform.io/hashicorp/aws\"]",
      "instances": [
        {
          "index_key": 0,
          "schema_version": 0,
          "attributes": {
            "gateway_id": "",
            "id": "rtbassoc-07733cd5f88acf67f",
            "route_table_id": "rtb-0d4efcdadb30bf838",
            "subnet_id": "subnet-0c2cbcee5fcc0b71c"
          },
          "sensitive_attributes": [],
          "private": "bnVsbA==",
          "dependencies": [
            "data.aws_availability_zones.available",
            "module.vpc.aws_route_table.private",
            "module.vpc.aws_subnet.private",
            "module.vpc.aws_vpc.this",
            "module.vpc.aws_vpc_ipv4_cidr_block_association.this"
          ],
          "create_before_destroy": true
        },
        {
          "index_key": 1,
          "schema_version": 0,
          "attributes": {
            "gateway_id": "",
            "id": "rtbassoc-020cb02e911f73e49",
            "route_table_id": "rtb-0d4efcdadb30bf838",
            "subnet_id": "subnet-01c09bcdee823354f"
          },
          "sensitive_attributes": [],
          "private": "bnVsbA==",
          "dependencies": [
            "data.aws_availability_zones.available",
            "module.vpc.aws_route_table.private",
            "module.vpc.aws_subnet.private",
            "module.vpc.aws_vpc.this",
            "module.vpc.aws_vpc_ipv4_cidr_block_association.this"
          ],
          "create_before_destroy": true
        }
      ]
    },
    {
      "module": "module.vpc",
      "mode": "managed",
      "type": "aws_route_table_association",
      "name": "public",
      "provider": "provider[\"registry.terraform.io/hashicorp/aws\"]",
      "instances": [
        {
          "index_key": 0,
          "schema_version": 0,
          "attributes": {
            "gateway_id": "",
            "id": "rtbassoc-094224c4458d9a8ca",
            "route_table_id": "rtb-00ea7968080c5d27b",
            "subnet_id": "subnet-0890f37568320092a"
          },
          "sensitive_attributes": [],
          "private": "bnVsbA==",
          "dependencies": [
            "data.aws_availability_zones.available",
            "module.vpc.aws_route_table.public",
            "module.vpc.aws_subnet.public",
            "module.vpc.aws_vpc.this",
            "module.vpc.aws_vpc_ipv4_cidr_block_association.this"
          ],
          "create_before_destroy": true
        },
        {
          "index_key": 1,
          "schema_version": 0,
          "attributes": {
            "gateway_id": "",
            "id": "rtbassoc-0de5e5d3cb441b7d6",
            "route_table_id": "rtb-00ea7968080c5d27b",
            "subnet_id": "subnet-01e71a859947c3ea2"
          },
          "sensitive_attributes": [],
          "private": "bnVsbA==",
          "dependencies": [
            "data.aws_availability_zones.available",
            "module.vpc.aws_route_table.public",
            "module.vpc.aws_subnet.public",
            "module.vpc.aws_vpc.this",
            "module.vpc.aws_vpc_ipv4_cidr_block_association.this"
          ],
          "create_before_destroy": true
        }
      ]
    },
    {
      "module": "module.vpc",
      "mode": "managed",
      "type": "aws_subnet",
      "name": "private",
      "provider": "provider[\"registry.terraform.io/hashicorp/aws\"]",
      "instances": [
        {
          "index_key": 0,
          "schema_version": 1,
          "attributes": {
            "arn": "arn:aws:ec2:us-east-1:370365354210:subnet/subnet-0c2cbcee5fcc0b71c",
            "assign_ipv6_address_on_creation": false,
            "availability_zone": "us-east-1a",
            "availability_zone_id": "use1-az4",
            "cidr_block": "10.1.1.0/24",
            "customer_owned_ipv4_pool": "",
            "enable_dns64": false,
            "enable_resource_name_dns_a_record_on_launch": false,
            "enable_resource_name_dns_aaaa_record_on_launch": false,
            "id": "subnet-0c2cbcee5fcc0b71c",
            "ipv6_cidr_block": "",
            "ipv6_cidr_block_association_id": "",
            "ipv6_native": false,
            "map_customer_owned_ip_on_launch": false,
            "map_public_ip_on_launch": false,
            "outpost_arn": "",
            "owner_id": "370365354210",
            "private_dns_hostname_type_on_launch": "ip-name",
            "tags": {
              "Environment": "dev",
              "Name": "project_eks_vpc-dev-private-us-east-1a",
              "Owner": "Ginu",
              "Project": "xerris",
              "Terraform": "true"
            },
            "tags_all": {
              "Environment": "dev",
              "Name": "project_eks_vpc-dev-private-us-east-1a",
              "Owner": "Ginu",
              "Project": "xerris",
              "Terraform": "true"
            },
            "timeouts": null,
            "vpc_id": "vpc-0efe14b6216100258"
          },
          "sensitive_attributes": [],
          "private": "eyJlMmJmYjczMC1lY2FhLTExZTYtOGY4OC0zNDM2M2JjN2M0YzAiOnsiY3JlYXRlIjo2MDAwMDAwMDAwMDAsImRlbGV0ZSI6MTIwMDAwMDAwMDAwMH0sInNjaGVtYV92ZXJzaW9uIjoiMSJ9",
          "dependencies": [
            "data.aws_availability_zones.available",
            "module.vpc.aws_vpc.this",
            "module.vpc.aws_vpc_ipv4_cidr_block_association.this"
          ],
          "create_before_destroy": true
        },
        {
          "index_key": 1,
          "schema_version": 1,
          "attributes": {
            "arn": "arn:aws:ec2:us-east-1:370365354210:subnet/subnet-01c09bcdee823354f",
            "assign_ipv6_address_on_creation": false,
            "availability_zone": "us-east-1b",
            "availability_zone_id": "use1-az6",
            "cidr_block": "10.1.2.0/24",
            "customer_owned_ipv4_pool": "",
            "enable_dns64": false,
            "enable_resource_name_dns_a_record_on_launch": false,
            "enable_resource_name_dns_aaaa_record_on_launch": false,
            "id": "subnet-01c09bcdee823354f",
            "ipv6_cidr_block": "",
            "ipv6_cidr_block_association_id": "",
            "ipv6_native": false,
            "map_customer_owned_ip_on_launch": false,
            "map_public_ip_on_launch": false,
            "outpost_arn": "",
            "owner_id": "370365354210",
            "private_dns_hostname_type_on_launch": "ip-name",
            "tags": {
              "Environment": "dev",
              "Name": "project_eks_vpc-dev-private-us-east-1b",
              "Owner": "Ginu",
              "Project": "xerris",
              "Terraform": "true"
            },
            "tags_all": {
              "Environment": "dev",
              "Name": "project_eks_vpc-dev-private-us-east-1b",
              "Owner": "Ginu",
              "Project": "xerris",
              "Terraform": "true"
            },
            "timeouts": null,
            "vpc_id": "vpc-0efe14b6216100258"
          },
          "sensitive_attributes": [],
          "private": "eyJlMmJmYjczMC1lY2FhLTExZTYtOGY4OC0zNDM2M2JjN2M0YzAiOnsiY3JlYXRlIjo2MDAwMDAwMDAwMDAsImRlbGV0ZSI6MTIwMDAwMDAwMDAwMH0sInNjaGVtYV92ZXJzaW9uIjoiMSJ9",
          "dependencies": [
            "data.aws_availability_zones.available",
            "module.vpc.aws_vpc.this",
            "module.vpc.aws_vpc_ipv4_cidr_block_association.this"
          ],
          "create_before_destroy": true
        }
      ]
    },
    {
      "module": "module.vpc",
      "mode": "managed",
      "type": "aws_subnet",
      "name": "public",
      "provider": "provider[\"registry.terraform.io/hashicorp/aws\"]",
      "instances": [
        {
          "index_key": 0,
          "schema_version": 1,
          "attributes": {
            "arn": "arn:aws:ec2:us-east-1:370365354210:subnet/subnet-0890f37568320092a",
            "assign_ipv6_address_on_creation": false,
            "availability_zone": "us-east-1a",
            "availability_zone_id": "use1-az4",
            "cidr_block": "10.1.3.0/24",
            "customer_owned_ipv4_pool": "",
            "enable_dns64": false,
            "enable_resource_name_dns_a_record_on_launch": false,
            "enable_resource_name_dns_aaaa_record_on_launch": false,
            "id": "subnet-0890f37568320092a",
            "ipv6_cidr_block": "",
            "ipv6_cidr_block_association_id": "",
            "ipv6_native": false,
            "map_customer_owned_ip_on_launch": false,
            "map_public_ip_on_launch": true,
            "outpost_arn": "",
            "owner_id": "370365354210",
            "private_dns_hostname_type_on_launch": "ip-name",
            "tags": {
              "Environment": "dev",
              "Name": "project_eks_vpc-dev-public-us-east-1a",
              "Owner": "Ginu",
              "Project": "xerris",
              "Terraform": "true"
            },
            "tags_all": {
              "Environment": "dev",
              "Name": "project_eks_vpc-dev-public-us-east-1a",
              "Owner": "Ginu",
              "Project": "xerris",
              "Terraform": "true"
            },
            "timeouts": null,
            "vpc_id": "vpc-0efe14b6216100258"
          },
          "sensitive_attributes": [],
          "private": "eyJlMmJmYjczMC1lY2FhLTExZTYtOGY4OC0zNDM2M2JjN2M0YzAiOnsiY3JlYXRlIjo2MDAwMDAwMDAwMDAsImRlbGV0ZSI6MTIwMDAwMDAwMDAwMH0sInNjaGVtYV92ZXJzaW9uIjoiMSJ9",
          "dependencies": [
            "data.aws_availability_zones.available",
            "module.vpc.aws_vpc.this",
            "module.vpc.aws_vpc_ipv4_cidr_block_association.this"
          ],
          "create_before_destroy": true
        },
        {
          "index_key": 1,
          "schema_version": 1,
          "attributes": {
            "arn": "arn:aws:ec2:us-east-1:370365354210:subnet/subnet-01e71a859947c3ea2",
            "assign_ipv6_address_on_creation": false,
            "availability_zone": "us-east-1b",
            "availability_zone_id": "use1-az6",
            "cidr_block": "10.1.4.0/24",
            "customer_owned_ipv4_pool": "",
            "enable_dns64": false,
            "enable_resource_name_dns_a_record_on_launch": false,
            "enable_resource_name_dns_aaaa_record_on_launch": false,
            "id": "subnet-01e71a859947c3ea2",
            "ipv6_cidr_block": "",
            "ipv6_cidr_block_association_id": "",
            "ipv6_native": false,
            "map_customer_owned_ip_on_launch": false,
            "map_public_ip_on_launch": true,
            "outpost_arn": "",
            "owner_id": "370365354210",
            "private_dns_hostname_type_on_launch": "ip-name",
            "tags": {
              "Environment": "dev",
              "Name": "project_eks_vpc-dev-public-us-east-1b",
              "Owner": "Ginu",
              "Project": "xerris",
              "Terraform": "true"
            },
            "tags_all": {
              "Environment": "dev",
              "Name": "project_eks_vpc-dev-public-us-east-1b",
              "Owner": "Ginu",
              "Project": "xerris",
              "Terraform": "true"
            },
            "timeouts": null,
            "vpc_id": "vpc-0efe14b6216100258"
          },
          "sensitive_attributes": [],
          "private": "eyJlMmJmYjczMC1lY2FhLTExZTYtOGY4OC0zNDM2M2JjN2M0YzAiOnsiY3JlYXRlIjo2MDAwMDAwMDAwMDAsImRlbGV0ZSI6MTIwMDAwMDAwMDAwMH0sInNjaGVtYV92ZXJzaW9uIjoiMSJ9",
          "dependencies": [
            "data.aws_availability_zones.available",
            "module.vpc.aws_vpc.this",
            "module.vpc.aws_vpc_ipv4_cidr_block_association.this"
          ],
          "create_before_destroy": true
        }
      ]
    },
    {
      "module": "module.vpc",
      "mode": "managed",
      "type": "aws_vpc",
      "name": "this",
      "provider": "provider[\"registry.terraform.io/hashicorp/aws\"]",
      "instances": [
        {
          "index_key": 0,
          "schema_version": 1,
          "attributes": {
            "arn": "arn:aws:ec2:us-east-1:370365354210:vpc/vpc-0efe14b6216100258",
            "assign_generated_ipv6_cidr_block": false,
            "cidr_block": "10.1.0.0/16",
            "default_network_acl_id": "acl-0af272f8cdaf155d5",
            "default_route_table_id": "rtb-06dc0cb10815b9070",
            "default_security_group_id": "sg-007eb4a670e07f37e",
            "dhcp_options_id": "dopt-d7c0faac",
            "enable_classiclink": false,
            "enable_classiclink_dns_support": false,
            "enable_dns_hostnames": true,
            "enable_dns_support": true,
            "enable_network_address_usage_metrics": false,
            "id": "vpc-0efe14b6216100258",
            "instance_tenancy": "default",
            "ipv4_ipam_pool_id": null,
            "ipv4_netmask_length": null,
            "ipv6_association_id": "",
            "ipv6_cidr_block": "",
            "ipv6_cidr_block_network_border_group": "",
            "ipv6_ipam_pool_id": "",
            "ipv6_netmask_length": 0,
            "main_route_table_id": "rtb-06dc0cb10815b9070",
            "owner_id": "370365354210",
            "tags": {
              "Environment": "dev",
              "Name": "project_eks_vpc-dev",
              "Owner": "Ginu",
              "Project": "xerris",
              "Terraform": "true"
            },
            "tags_all": {
              "Environment": "dev",
              "Name": "project_eks_vpc-dev",
              "Owner": "Ginu",
              "Project": "xerris",
              "Terraform": "true"
            }
          },
          "sensitive_attributes": [],
          "private": "eyJzY2hlbWFfdmVyc2lvbiI6IjEifQ==",
          "create_before_destroy": true
        }
      ]
    }
  ]
}
